{
  "version": 4,
  "terraform_version": "1.13.3",
  "serial": 141,
  "lineage": "3082e641-c2c4-3116-befa-106c539d8cf4",
  "outputs": {
    "ecs_cluster_name": {
      "value": "lirw-ecs-cluster-prod",
      "type": "string"
    },
    "frontend_alb_dns_name": {
      "value": "frontend-public-alb-prod-1820980427.us-east-2.elb.amazonaws.com",
      "type": "string"
    }
  },
  "resources": [
    {
      "mode": "data",
      "type": "aws_availability_zones",
      "name": "available_zones",
      "provider": "provider[\"registry.terraform.io/hashicorp/aws\"]",
      "instances": [
        {
          "schema_version": 0,
          "attributes": {
            "all_availability_zones": null,
            "exclude_names": null,
            "exclude_zone_ids": null,
            "filter": null,
            "group_names": [
              "us-east-2-zg-1"
            ],
            "id": "us-east-2",
            "names": [
              "us-east-2a",
              "us-east-2b",
              "us-east-2c"
            ],
            "region": "us-east-2",
            "state": null,
            "timeouts": null,
            "zone_ids": [
              "use2-az1",
              "use2-az2",
              "use2-az3"
            ]
          },
          "sensitive_attributes": [],
          "identity_schema_version": 0
        }
      ]
    },
    {
      "mode": "data",
      "type": "aws_caller_identity",
      "name": "current",
      "provider": "provider[\"registry.terraform.io/hashicorp/aws\"]",
      "instances": [
        {
          "schema_version": 0,
          "attributes": {
            "account_id": "750702272407",
            "arn": "arn:aws:iam::750702272407:user/maleka67IAM",
            "id": "750702272407",
            "user_id": "AIDA25SKXT6L6UWOSRBDB"
          },
          "sensitive_attributes": [],
          "identity_schema_version": 0
        }
      ]
    },
    {
      "mode": "data",
      "type": "aws_region",
      "name": "current",
      "provider": "provider[\"registry.terraform.io/hashicorp/aws\"]",
      "instances": [
        {
          "schema_version": 0,
          "attributes": {
            "description": "US East (Ohio)",
            "endpoint": "ec2.us-east-2.amazonaws.com",
            "id": "us-east-2",
            "name": "us-east-2",
            "region": "us-east-2"
          },
          "sensitive_attributes": [],
          "identity_schema_version": 0
        }
      ]
    },
    {
      "module": "module.acm",
      "mode": "data",
      "type": "aws_route53_zone",
      "name": "main",
      "provider": "provider[\"registry.terraform.io/hashicorp/aws\"]",
      "instances": [
        {
          "schema_version": 0,
          "attributes": {
            "arn": "arn:aws:route53:::hostedzone/Z03734561H6VSTITHNQXJ",
            "caller_reference": "24069738-bd71-4c15-a34c-706d67b5c281",
            "comment": "personal use",
            "enable_accelerated_recovery": false,
            "id": "Z03734561H6VSTITHNQXJ",
            "linked_service_description": null,
            "linked_service_principal": null,
            "name": "devsandbox.space",
            "name_servers": [
              "ns-187.awsdns-23.com",
              "ns-676.awsdns-20.net",
              "ns-1208.awsdns-23.org",
              "ns-2026.awsdns-61.co.uk"
            ],
            "primary_name_server": "ns-187.awsdns-23.com",
            "private_zone": false,
            "resource_record_set_count": 10,
            "tags": {},
            "vpc_id": null,
            "zone_id": "Z03734561H6VSTITHNQXJ"
          },
          "sensitive_attributes": [],
          "identity_schema_version": 0
        }
      ]
    },
    {
      "module": "module.acm",
      "mode": "managed",
      "type": "aws_acm_certificate",
      "name": "app_cert",
      "provider": "provider[\"registry.terraform.io/hashicorp/aws\"]",
      "instances": [
        {
          "schema_version": 0,
          "attributes": {
            "arn": "arn:aws:acm:us-east-2:750702272407:certificate/8b21764f-5f86-486d-929c-b2247aab9099",
            "certificate_authority_arn": "",
            "certificate_body": null,
            "certificate_chain": null,
            "domain_name": "devsandbox.space",
            "domain_validation_options": [
              {
                "domain_name": "api-prod.devsandbox.space",
                "resource_record_name": "_81e28b36774500d90cb07db98cc0baff.api-prod.devsandbox.space.",
                "resource_record_type": "CNAME",
                "resource_record_value": "_a04e2d887bb2366a3a4a72f80c10cab2.jkddzztszm.acm-validations.aws."
              },
              {
                "domain_name": "devsandbox.space",
                "resource_record_name": "_a29c0719dce4d606d5c9549380c3c941.devsandbox.space.",
                "resource_record_type": "CNAME",
                "resource_record_value": "_15e31295b433e74f2b86f3412a5570ec.jkddzztszm.acm-validations.aws."
              },
              {
                "domain_name": "prod.devsandbox.space",
                "resource_record_name": "_e9a75f9bc5f029b20287fe9591f04610.prod.devsandbox.space.",
                "resource_record_type": "CNAME",
                "resource_record_value": "_2a92b94db1a583be10dd6fe35d3c0617.jkddzztszm.acm-validations.aws."
              },
              {
                "domain_name": "www.devsandbox.space",
                "resource_record_name": "_28a241dcbc2231b7de8744c155c76457.www.devsandbox.space.",
                "resource_record_type": "CNAME",
                "resource_record_value": "_2e3f7e25dc0d0d42e46f1c6d3b5cd862.jkddzztszm.acm-validations.aws."
              }
            ],
            "early_renewal_duration": "",
            "id": "arn:aws:acm:us-east-2:750702272407:certificate/8b21764f-5f86-486d-929c-b2247aab9099",
            "key_algorithm": "RSA_2048",
            "not_after": "",
            "not_before": "",
            "options": [
              {
                "certificate_transparency_logging_preference": "ENABLED",
                "export": "DISABLED"
              }
            ],
            "pending_renewal": false,
            "private_key": null,
            "region": "us-east-2",
            "renewal_eligibility": "INELIGIBLE",
            "renewal_summary": [],
            "status": "PENDING_VALIDATION",
            "subject_alternative_names": [
              "api-prod.devsandbox.space",
              "devsandbox.space",
              "prod.devsandbox.space",
              "www.devsandbox.space"
            ],
            "tags": null,
            "tags_all": {},
            "type": "AMAZON_ISSUED",
            "validation_emails": [],
            "validation_method": "DNS",
            "validation_option": []
          },
          "sensitive_attributes": [
            [
              {
                "type": "get_attr",
                "value": "private_key"
              }
            ]
          ],
          "identity_schema_version": 0,
          "identity": {
            "arn": "arn:aws:acm:us-east-2:750702272407:certificate/8b21764f-5f86-486d-929c-b2247aab9099"
          },
          "private": "bnVsbA==",
          "create_before_destroy": true
        }
      ]
    },
    {
      "module": "module.acm",
      "mode": "managed",
      "type": "aws_acm_certificate_validation",
      "name": "app_cert_wait",
      "provider": "provider[\"registry.terraform.io/hashicorp/aws\"]",
      "instances": [
        {
          "schema_version": 0,
          "attributes": {
            "certificate_arn": "arn:aws:acm:us-east-2:750702272407:certificate/8b21764f-5f86-486d-929c-b2247aab9099",
            "id": "2026-04-05 20:51:48.159 +0000 UTC",
            "region": "us-east-2",
            "timeouts": null,
            "validation_record_fqdns": [
              "_28a241dcbc2231b7de8744c155c76457.www.devsandbox.space",
              "_81e28b36774500d90cb07db98cc0baff.api-prod.devsandbox.space",
              "_a29c0719dce4d606d5c9549380c3c941.devsandbox.space",
              "_e9a75f9bc5f029b20287fe9591f04610.prod.devsandbox.space"
            ]
          },
          "sensitive_attributes": [],
          "identity_schema_version": 0,
          "private": "eyJlMmJmYjczMC1lY2FhLTExZTYtOGY4OC0zNDM2M2JjN2M0YzAiOnsiY3JlYXRlIjo0NTAwMDAwMDAwMDAwfX0=",
          "dependencies": [
            "module.acm.aws_acm_certificate.app_cert",
            "module.acm.aws_route53_record.cert_validation",
            "module.acm.data.aws_route53_zone.main"
          ]
        }
      ]
    },
    {
      "module": "module.acm",
      "mode": "managed",
      "type": "aws_route53_record",
      "name": "cert_validation",
      "provider": "provider[\"registry.terraform.io/hashicorp/aws\"]",
      "instances": [
        {
          "index_key": "api-prod.devsandbox.space",
          "schema_version": 2,
          "attributes": {
            "alias": [],
            "allow_overwrite": true,
            "cidr_routing_policy": [],
            "failover_routing_policy": [],
            "fqdn": "_81e28b36774500d90cb07db98cc0baff.api-prod.devsandbox.space",
            "geolocation_routing_policy": [],
            "geoproximity_routing_policy": [],
            "health_check_id": "",
            "id": "Z03734561H6VSTITHNQXJ__81e28b36774500d90cb07db98cc0baff.api-prod.devsandbox.space._CNAME",
            "latency_routing_policy": [],
            "multivalue_answer_routing_policy": false,
            "name": "_81e28b36774500d90cb07db98cc0baff.api-prod.devsandbox.space",
            "records": [
              "_a04e2d887bb2366a3a4a72f80c10cab2.jkddzztszm.acm-validations.aws."
            ],
            "set_identifier": "",
            "timeouts": null,
            "ttl": 60,
            "type": "CNAME",
            "weighted_routing_policy": [],
            "zone_id": "Z03734561H6VSTITHNQXJ"
          },
          "sensitive_attributes": [],
          "identity_schema_version": 0,
          "identity": {
            "account_id": "750702272407",
            "name": "_81e28b36774500d90cb07db98cc0baff.api-prod.devsandbox.space.",
            "set_identifier": null,
            "type": "CNAME",
            "zone_id": "Z03734561H6VSTITHNQXJ"
          },
          "private": "eyJlMmJmYjczMC1lY2FhLTExZTYtOGY4OC0zNDM2M2JjN2M0YzAiOnsiY3JlYXRlIjoxODAwMDAwMDAwMDAwLCJkZWxldGUiOjE4MDAwMDAwMDAwMDAsInVwZGF0ZSI6MTgwMDAwMDAwMDAwMH0sInNjaGVtYV92ZXJzaW9uIjoiMiJ9",
          "dependencies": [
            "module.acm.aws_acm_certificate.app_cert",
            "module.acm.data.aws_route53_zone.main"
          ]
        },
        {
          "index_key": "devsandbox.space",
          "schema_version": 2,
          "attributes": {
            "alias": [],
            "allow_overwrite": true,
            "cidr_routing_policy": [],
            "failover_routing_policy": [],
            "fqdn": "_a29c0719dce4d606d5c9549380c3c941.devsandbox.space",
            "geolocation_routing_policy": [],
            "geoproximity_routing_policy": [],
            "health_check_id": "",
            "id": "Z03734561H6VSTITHNQXJ__a29c0719dce4d606d5c9549380c3c941.devsandbox.space._CNAME",
            "latency_routing_policy": [],
            "multivalue_answer_routing_policy": false,
            "name": "_a29c0719dce4d606d5c9549380c3c941.devsandbox.space",
            "records": [
              "_15e31295b433e74f2b86f3412a5570ec.jkddzztszm.acm-validations.aws."
            ],
            "set_identifier": "",
            "timeouts": null,
            "ttl": 60,
            "type": "CNAME",
            "weighted_routing_policy": [],
            "zone_id": "Z03734561H6VSTITHNQXJ"
          },
          "sensitive_attributes": [],
          "identity_schema_version": 0,
          "identity": {
            "account_id": "750702272407",
            "name": "_a29c0719dce4d606d5c9549380c3c941.devsandbox.space.",
            "set_identifier": null,
            "type": "CNAME",
            "zone_id": "Z03734561H6VSTITHNQXJ"
          },
          "private": "eyJlMmJmYjczMC1lY2FhLTExZTYtOGY4OC0zNDM2M2JjN2M0YzAiOnsiY3JlYXRlIjoxODAwMDAwMDAwMDAwLCJkZWxldGUiOjE4MDAwMDAwMDAwMDAsInVwZGF0ZSI6MTgwMDAwMDAwMDAwMH0sInNjaGVtYV92ZXJzaW9uIjoiMiJ9",
          "dependencies": [
            "module.acm.aws_acm_certificate.app_cert",
            "module.acm.data.aws_route53_zone.main"
          ]
        },
        {
          "index_key": "prod.devsandbox.space",
          "schema_version": 2,
          "attributes": {
            "alias": [],
            "allow_overwrite": true,
            "cidr_routing_policy": [],
            "failover_routing_policy": [],
            "fqdn": "_e9a75f9bc5f029b20287fe9591f04610.prod.devsandbox.space",
            "geolocation_routing_policy": [],
            "geoproximity_routing_policy": [],
            "health_check_id": "",
            "id": "Z03734561H6VSTITHNQXJ__e9a75f9bc5f029b20287fe9591f04610.prod.devsandbox.space._CNAME",
            "latency_routing_policy": [],
            "multivalue_answer_routing_policy": false,
            "name": "_e9a75f9bc5f029b20287fe9591f04610.prod.devsandbox.space",
            "records": [
              "_2a92b94db1a583be10dd6fe35d3c0617.jkddzztszm.acm-validations.aws."
            ],
            "set_identifier": "",
            "timeouts": null,
            "ttl": 60,
            "type": "CNAME",
            "weighted_routing_policy": [],
            "zone_id": "Z03734561H6VSTITHNQXJ"
          },
          "sensitive_attributes": [],
          "identity_schema_version": 0,
          "identity": {
            "account_id": "750702272407",
            "name": "_e9a75f9bc5f029b20287fe9591f04610.prod.devsandbox.space.",
            "set_identifier": null,
            "type": "CNAME",
            "zone_id": "Z03734561H6VSTITHNQXJ"
          },
          "private": "eyJlMmJmYjczMC1lY2FhLTExZTYtOGY4OC0zNDM2M2JjN2M0YzAiOnsiY3JlYXRlIjoxODAwMDAwMDAwMDAwLCJkZWxldGUiOjE4MDAwMDAwMDAwMDAsInVwZGF0ZSI6MTgwMDAwMDAwMDAwMH0sInNjaGVtYV92ZXJzaW9uIjoiMiJ9",
          "dependencies": [
            "module.acm.aws_acm_certificate.app_cert",
            "module.acm.data.aws_route53_zone.main"
          ]
        },
        {
          "index_key": "www.devsandbox.space",
          "schema_version": 2,
          "attributes": {
            "alias": [],
            "allow_overwrite": true,
            "cidr_routing_policy": [],
            "failover_routing_policy": [],
            "fqdn": "_28a241dcbc2231b7de8744c155c76457.www.devsandbox.space",
            "geolocation_routing_policy": [],
            "geoproximity_routing_policy": [],
            "health_check_id": "",
            "id": "Z03734561H6VSTITHNQXJ__28a241dcbc2231b7de8744c155c76457.www.devsandbox.space._CNAME",
            "latency_routing_policy": [],
            "multivalue_answer_routing_policy": false,
            "name": "_28a241dcbc2231b7de8744c155c76457.www.devsandbox.space",
            "records": [
              "_2e3f7e25dc0d0d42e46f1c6d3b5cd862.jkddzztszm.acm-validations.aws."
            ],
            "set_identifier": "",
            "timeouts": null,
            "ttl": 60,
            "type": "CNAME",
            "weighted_routing_policy": [],
            "zone_id": "Z03734561H6VSTITHNQXJ"
          },
          "sensitive_attributes": [],
          "identity_schema_version": 0,
          "identity": {
            "account_id": "750702272407",
            "name": "_28a241dcbc2231b7de8744c155c76457.www.devsandbox.space.",
            "set_identifier": null,
            "type": "CNAME",
            "zone_id": "Z03734561H6VSTITHNQXJ"
          },
          "private": "eyJlMmJmYjczMC1lY2FhLTExZTYtOGY4OC0zNDM2M2JjN2M0YzAiOnsiY3JlYXRlIjoxODAwMDAwMDAwMDAwLCJkZWxldGUiOjE4MDAwMDAwMDAwMDAsInVwZGF0ZSI6MTgwMDAwMDAwMDAwMH0sInNjaGVtYV92ZXJzaW9uIjoiMiJ9",
          "dependencies": [
            "module.acm.aws_acm_certificate.app_cert",
            "module.acm.data.aws_route53_zone.main"
          ]
        }
      ]
    },
    {
      "module": "module.asg",
      "mode": "data",
      "type": "aws_ssm_parameter",
      "name": "ecs_optimized_ami",
      "provider": "provider[\"registry.terraform.io/hashicorp/aws\"]",
      "instances": [
        {
          "schema_version": 0,
          "attributes": {
            "arn": "arn:aws:ssm:us-east-2::parameter/aws/service/ecs/optimized-ami/amazon-linux-2023/recommended/image_id",
            "id": "/aws/service/ecs/optimized-ami/amazon-linux-2023/recommended/image_id",
            "insecure_value": "ami-001f0795267f06333",
            "name": "/aws/service/ecs/optimized-ami/amazon-linux-2023/recommended/image_id",
            "region": "us-east-2",
            "type": "String",
            "value": "ami-001f0795267f06333",
            "version": 120,
            "with_decryption": true
          },
          "sensitive_attributes": [
            [
              {
                "type": "get_attr",
                "value": "value"
              }
            ]
          ],
          "identity_schema_version": 0
        }
      ]
    },
    {
      "module": "module.asg",
      "mode": "managed",
      "type": "aws_appautoscaling_policy",
      "name": "ecs_policy_cpu",
      "provider": "provider[\"registry.terraform.io/hashicorp/aws\"]",
      "instances": [
        {
          "index_key": "backend",
          "schema_version": 0,
          "attributes": {
            "alarm_arns": [
              "arn:aws:cloudwatch:us-east-2:750702272407:alarm:TargetTracking-service/lirw-ecs-cluster-prod/backend-service-AlarmHigh-d27bdd12-5496-4ada-9df3-e09e127f530f",
              "arn:aws:cloudwatch:us-east-2:750702272407:alarm:TargetTracking-service/lirw-ecs-cluster-prod/backend-service-AlarmLow-6f099bea-3c1b-48f2-9d95-0e9dc7166f61"
            ],
            "arn": "arn:aws:autoscaling:us-east-2:750702272407:scalingPolicy:a1dca45f-682f-4ce4-85d5-97806795ff25:resource/ecs/service/lirw-ecs-cluster-prod/backend-service:policyName/backend-cpu-autoscaling-prod",
            "id": "backend-cpu-autoscaling-prod",
            "name": "backend-cpu-autoscaling-prod",
            "policy_type": "TargetTrackingScaling",
            "predictive_scaling_policy_configuration": [],
            "region": "us-east-2",
            "resource_id": "service/lirw-ecs-cluster-prod/backend-service",
            "scalable_dimension": "ecs:service:DesiredCount",
            "service_namespace": "ecs",
            "step_scaling_policy_configuration": [],
            "target_tracking_scaling_policy_configuration": [
              {
                "customized_metric_specification": [],
                "disable_scale_in": false,
                "predefined_metric_specification": [
                  {
                    "predefined_metric_type": "ECSServiceAverageCPUUtilization",
                    "resource_label": ""
                  }
                ],
                "scale_in_cooldown": 300,
                "scale_out_cooldown": 60,
                "target_value": 75
              }
            ]
          },
          "sensitive_attributes": [],
          "identity_schema_version": 0,
          "private": "bnVsbA==",
          "dependencies": [
            "module.asg.aws_appautoscaling_target.ecs_target",
            "module.asg.aws_autoscaling_group.ecs_asg",
            "module.asg.aws_ecs_capacity_provider.ec2_provider",
            "module.asg.aws_launch_template.ecs_lt",
            "module.asg.data.aws_ssm_parameter.ecs_optimized_ami",
            "module.cw_logs.aws_cloudwatch_log_group.ecs_exec_logs",
            "module.ecs_ec2.aws_ecs_cluster.cluster",
            "module.ecs_ec2.aws_ecs_cluster_capacity_providers.cluster_attach",
            "module.ecs_ec2.aws_ecs_service.backend",
            "module.ecs_ec2.aws_ecs_service.frontend",
            "module.ecs_ec2.aws_ecs_task_definition.backend",
            "module.ecs_ec2.aws_ecs_task_definition.frontend",
            "module.iam.aws_iam_instance_profile.ecs_node_profile",
            "module.iam.aws_iam_role.ecs_node_role",
            "module.iam.aws_iam_role.ecs_task_execution_role",
            "module.iam.aws_iam_role.ecs_task_role",
            "module.iam.data.aws_iam_policy_document.ec2_assume_role",
            "module.iam.data.aws_iam_policy_document.ecs_assume_role",
            "module.lb.aws_lb_target_group.backend_tg",
            "module.lb.aws_lb_target_group.frontend_tg",
            "module.nat_instance.aws_subnet.pri_sub_3a",
            "module.nat_instance.aws_subnet.pri_sub_4b",
            "module.nat_instance.data.aws_availability_zones.available_zones",
            "module.rds.aws_db_instance.mysql_db",
            "module.rds.aws_db_subnet_group.main",
            "module.rds.random_password.db_password",
            "module.secrets.aws_secretsmanager_secret.rdsdb_root_password",
            "module.sg.aws_security_group.backend_alb_sg",
            "module.sg.aws_security_group.ecs_node_backend_sg",
            "module.sg.aws_security_group.ecs_node_frontend_sg",
            "module.sg.aws_security_group.ecs_node_rds_sg",
            "module.sg.aws_security_group.frontend_alb_sg",
            "module.ssm.aws_ssm_parameter.rds_db_address",
            "module.vpc.aws_subnet.pri_sub_5a",
            "module.vpc.aws_subnet.pri_sub_6b",
            "module.vpc.aws_vpc.vpc",
            "module.vpc.data.aws_availability_zones.available_zones"
          ]
        },
        {
          "index_key": "frontend",
          "schema_version": 0,
          "attributes": {
            "alarm_arns": [
              "arn:aws:cloudwatch:us-east-2:750702272407:alarm:TargetTracking-service/lirw-ecs-cluster-prod/frontend-service-AlarmHigh-d4bcfd5c-9ae1-4b9e-b4fe-1d26140e4149",
              "arn:aws:cloudwatch:us-east-2:750702272407:alarm:TargetTracking-service/lirw-ecs-cluster-prod/frontend-service-AlarmLow-be0b088a-3283-4e65-ac6e-9d912e8c0766"
            ],
            "arn": "arn:aws:autoscaling:us-east-2:750702272407:scalingPolicy:e49bbc43-a762-4285-84c1-0afb479a8def:resource/ecs/service/lirw-ecs-cluster-prod/frontend-service:policyName/frontend-cpu-autoscaling-prod",
            "id": "frontend-cpu-autoscaling-prod",
            "name": "frontend-cpu-autoscaling-prod",
            "policy_type": "TargetTrackingScaling",
            "predictive_scaling_policy_configuration": [],
            "region": "us-east-2",
            "resource_id": "service/lirw-ecs-cluster-prod/frontend-service",
            "scalable_dimension": "ecs:service:DesiredCount",
            "service_namespace": "ecs",
            "step_scaling_policy_configuration": [],
            "target_tracking_scaling_policy_configuration": [
              {
                "customized_metric_specification": [],
                "disable_scale_in": false,
                "predefined_metric_specification": [
                  {
                    "predefined_metric_type": "ECSServiceAverageCPUUtilization",
                    "resource_label": ""
                  }
                ],
                "scale_in_cooldown": 300,
                "scale_out_cooldown": 60,
                "target_value": 75
              }
            ]
          },
          "sensitive_attributes": [],
          "identity_schema_version": 0,
          "private": "bnVsbA==",
          "dependencies": [
            "module.asg.aws_appautoscaling_target.ecs_target",
            "module.asg.aws_autoscaling_group.ecs_asg",
            "module.asg.aws_ecs_capacity_provider.ec2_provider",
            "module.asg.aws_launch_template.ecs_lt",
            "module.asg.data.aws_ssm_parameter.ecs_optimized_ami",
            "module.cw_logs.aws_cloudwatch_log_group.ecs_exec_logs",
            "module.ecs_ec2.aws_ecs_cluster.cluster",
            "module.ecs_ec2.aws_ecs_cluster_capacity_providers.cluster_attach",
            "module.ecs_ec2.aws_ecs_service.backend",
            "module.ecs_ec2.aws_ecs_service.frontend",
            "module.ecs_ec2.aws_ecs_task_definition.backend",
            "module.ecs_ec2.aws_ecs_task_definition.frontend",
            "module.iam.aws_iam_instance_profile.ecs_node_profile",
            "module.iam.aws_iam_role.ecs_node_role",
            "module.iam.aws_iam_role.ecs_task_execution_role",
            "module.iam.aws_iam_role.ecs_task_role",
            "module.iam.data.aws_iam_policy_document.ec2_assume_role",
            "module.iam.data.aws_iam_policy_document.ecs_assume_role",
            "module.lb.aws_lb_target_group.backend_tg",
            "module.lb.aws_lb_target_group.frontend_tg",
            "module.nat_instance.aws_subnet.pri_sub_3a",
            "module.nat_instance.aws_subnet.pri_sub_4b",
            "module.nat_instance.data.aws_availability_zones.available_zones",
            "module.rds.aws_db_instance.mysql_db",
            "module.rds.aws_db_subnet_group.main",
            "module.rds.random_password.db_password",
            "module.secrets.aws_secretsmanager_secret.rdsdb_root_password",
            "module.sg.aws_security_group.backend_alb_sg",
            "module.sg.aws_security_group.ecs_node_backend_sg",
            "module.sg.aws_security_group.ecs_node_frontend_sg",
            "module.sg.aws_security_group.ecs_node_rds_sg",
            "module.sg.aws_security_group.frontend_alb_sg",
            "module.ssm.aws_ssm_parameter.rds_db_address",
            "module.vpc.aws_subnet.pri_sub_5a",
            "module.vpc.aws_subnet.pri_sub_6b",
            "module.vpc.aws_vpc.vpc",
            "module.vpc.data.aws_availability_zones.available_zones"
          ]
        }
      ]
    },
    {
      "module": "module.asg",
      "mode": "managed",
      "type": "aws_appautoscaling_target",
      "name": "ecs_target",
      "provider": "provider[\"registry.terraform.io/hashicorp/aws\"]",
      "instances": [
        {
          "index_key": "backend",
          "schema_version": 0,
          "attributes": {
            "arn": "arn:aws:application-autoscaling:us-east-2:750702272407:scalable-target/0ec5a1dca45f682f4ce485d597806795ff25",
            "id": "service/lirw-ecs-cluster-prod/backend-service",
            "max_capacity": 10,
            "min_capacity": 2,
            "region": "us-east-2",
            "resource_id": "service/lirw-ecs-cluster-prod/backend-service",
            "role_arn": "arn:aws:iam::750702272407:role/aws-service-role/ecs.application-autoscaling.amazonaws.com/AWSServiceRoleForApplicationAutoScaling_ECSService",
            "scalable_dimension": "ecs:service:DesiredCount",
            "service_namespace": "ecs",
            "suspended_state": [
              {
                "dynamic_scaling_in_suspended": false,
                "dynamic_scaling_out_suspended": false,
                "scheduled_scaling_suspended": false
              }
            ],
            "tags": null,
            "tags_all": {}
          },
          "sensitive_attributes": [],
          "identity_schema_version": 0,
          "private": "bnVsbA==",
          "dependencies": [
            "module.asg.aws_autoscaling_group.ecs_asg",
            "module.asg.aws_ecs_capacity_provider.ec2_provider",
            "module.asg.aws_launch_template.ecs_lt",
            "module.asg.data.aws_ssm_parameter.ecs_optimized_ami",
            "module.cw_logs.aws_cloudwatch_log_group.ecs_exec_logs",
            "module.ecs_ec2.aws_ecs_cluster.cluster",
            "module.ecs_ec2.aws_ecs_cluster_capacity_providers.cluster_attach",
            "module.ecs_ec2.aws_ecs_service.backend",
            "module.ecs_ec2.aws_ecs_service.frontend",
            "module.ecs_ec2.aws_ecs_task_definition.backend",
            "module.ecs_ec2.aws_ecs_task_definition.frontend",
            "module.iam.aws_iam_instance_profile.ecs_node_profile",
            "module.iam.aws_iam_role.ecs_node_role",
            "module.iam.aws_iam_role.ecs_task_execution_role",
            "module.iam.aws_iam_role.ecs_task_role",
            "module.iam.data.aws_iam_policy_document.ec2_assume_role",
            "module.iam.data.aws_iam_policy_document.ecs_assume_role",
            "module.lb.aws_lb_target_group.backend_tg",
            "module.lb.aws_lb_target_group.frontend_tg",
            "module.nat_instance.aws_subnet.pri_sub_3a",
            "module.nat_instance.aws_subnet.pri_sub_4b",
            "module.nat_instance.data.aws_availability_zones.available_zones",
            "module.rds.aws_db_instance.mysql_db",
            "module.rds.aws_db_subnet_group.main",
            "module.rds.random_password.db_password",
            "module.secrets.aws_secretsmanager_secret.rdsdb_root_password",
            "module.sg.aws_security_group.backend_alb_sg",
            "module.sg.aws_security_group.ecs_node_backend_sg",
            "module.sg.aws_security_group.ecs_node_frontend_sg",
            "module.sg.aws_security_group.ecs_node_rds_sg",
            "module.sg.aws_security_group.frontend_alb_sg",
            "module.ssm.aws_ssm_parameter.rds_db_address",
            "module.vpc.aws_subnet.pri_sub_5a",
            "module.vpc.aws_subnet.pri_sub_6b",
            "module.vpc.aws_vpc.vpc",
            "module.vpc.data.aws_availability_zones.available_zones"
          ]
        },
        {
          "index_key": "frontend",
          "schema_version": 0,
          "attributes": {
            "arn": "arn:aws:application-autoscaling:us-east-2:750702272407:scalable-target/0ec5e49bbc43a762428584c10afb479a8def",
            "id": "service/lirw-ecs-cluster-prod/frontend-service",
            "max_capacity": 10,
            "min_capacity": 2,
            "region": "us-east-2",
            "resource_id": "service/lirw-ecs-cluster-prod/frontend-service",
            "role_arn": "arn:aws:iam::750702272407:role/aws-service-role/ecs.application-autoscaling.amazonaws.com/AWSServiceRoleForApplicationAutoScaling_ECSService",
            "scalable_dimension": "ecs:service:DesiredCount",
            "service_namespace": "ecs",
            "suspended_state": [
              {
                "dynamic_scaling_in_suspended": false,
                "dynamic_scaling_out_suspended": false,
                "scheduled_scaling_suspended": false
              }
            ],
            "tags": null,
            "tags_all": {}
          },
          "sensitive_attributes": [],
          "identity_schema_version": 0,
          "private": "bnVsbA==",
          "dependencies": [
            "module.asg.aws_autoscaling_group.ecs_asg",
            "module.asg.aws_ecs_capacity_provider.ec2_provider",
            "module.asg.aws_launch_template.ecs_lt",
            "module.asg.data.aws_ssm_parameter.ecs_optimized_ami",
            "module.cw_logs.aws_cloudwatch_log_group.ecs_exec_logs",
            "module.ecs_ec2.aws_ecs_cluster.cluster",
            "module.ecs_ec2.aws_ecs_cluster_capacity_providers.cluster_attach",
            "module.ecs_ec2.aws_ecs_service.backend",
            "module.ecs_ec2.aws_ecs_service.frontend",
            "module.ecs_ec2.aws_ecs_task_definition.backend",
            "module.ecs_ec2.aws_ecs_task_definition.frontend",
            "module.iam.aws_iam_instance_profile.ecs_node_profile",
            "module.iam.aws_iam_role.ecs_node_role",
            "module.iam.aws_iam_role.ecs_task_execution_role",
            "module.iam.aws_iam_role.ecs_task_role",
            "module.iam.data.aws_iam_policy_document.ec2_assume_role",
            "module.iam.data.aws_iam_policy_document.ecs_assume_role",
            "module.lb.aws_lb_target_group.backend_tg",
            "module.lb.aws_lb_target_group.frontend_tg",
            "module.nat_instance.aws_subnet.pri_sub_3a",
            "module.nat_instance.aws_subnet.pri_sub_4b",
            "module.nat_instance.data.aws_availability_zones.available_zones",
            "module.rds.aws_db_instance.mysql_db",
            "module.rds.aws_db_subnet_group.main",
            "module.rds.random_password.db_password",
            "module.secrets.aws_secretsmanager_secret.rdsdb_root_password",
            "module.sg.aws_security_group.backend_alb_sg",
            "module.sg.aws_security_group.ecs_node_backend_sg",
            "module.sg.aws_security_group.ecs_node_frontend_sg",
            "module.sg.aws_security_group.ecs_node_rds_sg",
            "module.sg.aws_security_group.frontend_alb_sg",
            "module.ssm.aws_ssm_parameter.rds_db_address",
            "module.vpc.aws_subnet.pri_sub_5a",
            "module.vpc.aws_subnet.pri_sub_6b",
            "module.vpc.aws_vpc.vpc",
            "module.vpc.data.aws_availability_zones.available_zones"
          ]
        }
      ]
    },
    {
      "module": "module.asg",
      "mode": "managed",
      "type": "aws_autoscaling_group",
      "name": "ecs_asg",
      "provider": "provider[\"registry.terraform.io/hashicorp/aws\"]",
      "instances": [
        {
          "index_key": "backend",
          "schema_version": 1,
          "attributes": {
            "arn": "arn:aws:autoscaling:us-east-2:750702272407:autoScalingGroup:00419e40-a115-4960-8b3d-b44f45ca69cb:autoScalingGroupName/lirw-ecs-asg-backend-prod",
            "availability_zone_distribution": [
              {
                "capacity_distribution_strategy": "balanced-best-effort"
              }
            ],
            "availability_zones": [
              "us-east-2a",
              "us-east-2b"
            ],
            "capacity_rebalance": false,
            "capacity_reservation_specification": [
              {
                "capacity_reservation_preference": "default",
                "capacity_reservation_target": []
              }
            ],
            "context": "",
            "default_cooldown": 300,
            "default_instance_warmup": 0,
            "desired_capacity": 2,
            "desired_capacity_type": "",
            "enabled_metrics": [],
            "force_delete": false,
            "force_delete_warm_pool": false,
            "health_check_grace_period": 300,
            "health_check_type": "EC2",
            "id": "lirw-ecs-asg-backend-prod",
            "ignore_failed_scaling_activities": false,
            "initial_lifecycle_hook": [],
            "instance_maintenance_policy": [],
            "instance_refresh": [],
            "launch_configuration": "",
            "launch_template": [
              {
                "id": "lt-025e1f1d3fb41ba29",
                "name": "lirw-ecs-template-backend-prod20260405200649874400000004",
                "version": "$Latest"
              }
            ],
            "load_balancers": [],
            "max_instance_lifetime": 0,
            "max_size": 3,
            "metrics_granularity": "1Minute",
            "min_elb_capacity": null,
            "min_size": 2,
            "mixed_instances_policy": [],
            "name": "lirw-ecs-asg-backend-prod",
            "name_prefix": "",
            "placement_group": "",
            "predicted_capacity": 0,
            "protect_from_scale_in": false,
            "region": "us-east-2",
            "service_linked_role_arn": "arn:aws:iam::750702272407:role/aws-service-role/autoscaling.amazonaws.com/AWSServiceRoleForAutoScaling",
            "suspended_processes": [],
            "tag": [
              {
                "key": "AmazonECSManaged",
                "propagate_at_launch": true,
                "value": "true"
              },
              {
                "key": "Name",
                "propagate_at_launch": true,
                "value": "ecs-node-backend"
              }
            ],
            "target_group_arns": [],
            "termination_policies": [],
            "timeouts": null,
            "traffic_source": [],
            "vpc_zone_identifier": [
              "subnet-00c33c6cdd20960ac",
              "subnet-0a012c972b2919b1f"
            ],
            "wait_for_capacity_timeout": "10m",
            "wait_for_elb_capacity": null,
            "warm_pool": [],
            "warm_pool_size": 0
          },
          "sensitive_attributes": [],
          "identity_schema_version": 0,
          "private": "eyJlMmJmYjczMC1lY2FhLTExZTYtOGY4OC0zNDM2M2JjN2M0YzAiOnsiZGVsZXRlIjo2MDAwMDAwMDAwMDAsInVwZGF0ZSI6NjAwMDAwMDAwMDAwfSwic2NoZW1hX3ZlcnNpb24iOiIxIn0=",
          "dependencies": [
            "module.asg.aws_launch_template.ecs_lt",
            "module.asg.data.aws_ssm_parameter.ecs_optimized_ami",
            "module.iam.aws_iam_instance_profile.ecs_node_profile",
            "module.iam.aws_iam_role.ecs_node_role",
            "module.iam.data.aws_iam_policy_document.ec2_assume_role",
            "module.nat_instance.aws_subnet.pri_sub_3a",
            "module.nat_instance.aws_subnet.pri_sub_4b",
            "module.nat_instance.data.aws_availability_zones.available_zones",
            "module.sg.aws_security_group.backend_alb_sg",
            "module.sg.aws_security_group.ecs_node_backend_sg",
            "module.sg.aws_security_group.ecs_node_frontend_sg",
            "module.sg.aws_security_group.frontend_alb_sg",
            "module.vpc.aws_vpc.vpc"
          ]
        },
        {
          "index_key": "frontend",
          "schema_version": 1,
          "attributes": {
            "arn": "arn:aws:autoscaling:us-east-2:750702272407:autoScalingGroup:4104890c-4bf9-4387-8c9e-6af9d76b28a0:autoScalingGroupName/lirw-ecs-asg-frontend-prod",
            "availability_zone_distribution": [
              {
                "capacity_distribution_strategy": "balanced-best-effort"
              }
            ],
            "availability_zones": [
              "us-east-2a",
              "us-east-2b"
            ],
            "capacity_rebalance": false,
            "capacity_reservation_specification": [
              {
                "capacity_reservation_preference": "default",
                "capacity_reservation_target": []
              }
            ],
            "context": "",
            "default_cooldown": 300,
            "default_instance_warmup": 0,
            "desired_capacity": 3,
            "desired_capacity_type": "",
            "enabled_metrics": [],
            "force_delete": false,
            "force_delete_warm_pool": false,
            "health_check_grace_period": 300,
            "health_check_type": "EC2",
            "id": "lirw-ecs-asg-frontend-prod",
            "ignore_failed_scaling_activities": false,
            "initial_lifecycle_hook": [],
            "instance_maintenance_policy": [],
            "instance_refresh": [],
            "launch_configuration": "",
            "launch_template": [
              {
                "id": "lt-00463fda497d3a72d",
                "name": "lirw-ecs-template-frontend-prod20260405200649875200000006",
                "version": "$Latest"
              }
            ],
            "load_balancers": [],
            "max_instance_lifetime": 0,
            "max_size": 3,
            "metrics_granularity": "1Minute",
            "min_elb_capacity": null,
            "min_size": 2,
            "mixed_instances_policy": [],
            "name": "lirw-ecs-asg-frontend-prod",
            "name_prefix": "",
            "placement_group": "",
            "predicted_capacity": 0,
            "protect_from_scale_in": false,
            "region": "us-east-2",
            "service_linked_role_arn": "arn:aws:iam::750702272407:role/aws-service-role/autoscaling.amazonaws.com/AWSServiceRoleForAutoScaling",
            "suspended_processes": [],
            "tag": [
              {
                "key": "AmazonECSManaged",
                "propagate_at_launch": true,
                "value": "true"
              },
              {
                "key": "Name",
                "propagate_at_launch": true,
                "value": "ecs-node-frontend"
              }
            ],
            "target_group_arns": [],
            "termination_policies": [],
            "timeouts": null,
            "traffic_source": [],
            "vpc_zone_identifier": [
              "subnet-00c33c6cdd20960ac",
              "subnet-0a012c972b2919b1f"
            ],
            "wait_for_capacity_timeout": "10m",
            "wait_for_elb_capacity": null,
            "warm_pool": [],
            "warm_pool_size": 0
          },
          "sensitive_attributes": [],
          "identity_schema_version": 0,
          "private": "eyJlMmJmYjczMC1lY2FhLTExZTYtOGY4OC0zNDM2M2JjN2M0YzAiOnsiZGVsZXRlIjo2MDAwMDAwMDAwMDAsInVwZGF0ZSI6NjAwMDAwMDAwMDAwfSwic2NoZW1hX3ZlcnNpb24iOiIxIn0=",
          "dependencies": [
            "module.asg.aws_launch_template.ecs_lt",
            "module.asg.data.aws_ssm_parameter.ecs_optimized_ami",
            "module.iam.aws_iam_instance_profile.ecs_node_profile",
            "module.iam.aws_iam_role.ecs_node_role",
            "module.iam.data.aws_iam_policy_document.ec2_assume_role",
            "module.nat_instance.aws_subnet.pri_sub_3a",
            "module.nat_instance.aws_subnet.pri_sub_4b",
            "module.nat_instance.data.aws_availability_zones.available_zones",
            "module.sg.aws_security_group.backend_alb_sg",
            "module.sg.aws_security_group.ecs_node_backend_sg",
            "module.sg.aws_security_group.ecs_node_frontend_sg",
            "module.sg.aws_security_group.frontend_alb_sg",
            "module.vpc.aws_vpc.vpc"
          ]
        }
      ]
    },
    {
      "module": "module.asg",
      "mode": "managed",
      "type": "aws_ecs_capacity_provider",
      "name": "ec2_provider",
      "provider": "provider[\"registry.terraform.io/hashicorp/aws\"]",
      "instances": [
        {
          "index_key": "backend",
          "schema_version": 0,
          "attributes": {
            "arn": "arn:aws:ecs:us-east-2:750702272407:capacity-provider/ec2-capacity-provider-backend-prod",
            "auto_scaling_group_provider": [
              {
                "auto_scaling_group_arn": "arn:aws:autoscaling:us-east-2:750702272407:autoScalingGroup:00419e40-a115-4960-8b3d-b44f45ca69cb:autoScalingGroupName/lirw-ecs-asg-backend-prod",
                "managed_draining": "ENABLED",
                "managed_scaling": [
                  {
                    "instance_warmup_period": 0,
                    "maximum_scaling_step_size": 10000,
                    "minimum_scaling_step_size": 1,
                    "status": "ENABLED",
                    "target_capacity": 100
                  }
                ],
                "managed_termination_protection": "DISABLED"
              }
            ],
            "cluster": "",
            "id": "arn:aws:ecs:us-east-2:750702272407:capacity-provider/ec2-capacity-provider-backend-prod",
            "managed_instances_provider": [],
            "name": "ec2-capacity-provider-backend-prod",
            "region": "us-east-2",
            "tags": {},
            "tags_all": {}
          },
          "sensitive_attributes": [],
          "identity_schema_version": 0,
          "identity": {
            "arn": "arn:aws:ecs:us-east-2:750702272407:capacity-provider/ec2-capacity-provider-backend-prod"
          },
          "private": "bnVsbA==",
          "dependencies": [
            "module.asg.aws_autoscaling_group.ecs_asg",
            "module.asg.aws_launch_template.ecs_lt",
            "module.asg.data.aws_ssm_parameter.ecs_optimized_ami",
            "module.iam.aws_iam_instance_profile.ecs_node_profile",
            "module.iam.aws_iam_role.ecs_node_role",
            "module.iam.data.aws_iam_policy_document.ec2_assume_role",
            "module.nat_instance.aws_subnet.pri_sub_3a",
            "module.nat_instance.aws_subnet.pri_sub_4b",
            "module.nat_instance.data.aws_availability_zones.available_zones",
            "module.sg.aws_security_group.backend_alb_sg",
            "module.sg.aws_security_group.ecs_node_backend_sg",
            "module.sg.aws_security_group.ecs_node_frontend_sg",
            "module.sg.aws_security_group.frontend_alb_sg",
            "module.vpc.aws_vpc.vpc"
          ]
        },
        {
          "index_key": "frontend",
          "schema_version": 0,
          "attributes": {
            "arn": "arn:aws:ecs:us-east-2:750702272407:capacity-provider/ec2-capacity-provider-frontend-prod",
            "auto_scaling_group_provider": [
              {
                "auto_scaling_group_arn": "arn:aws:autoscaling:us-east-2:750702272407:autoScalingGroup:4104890c-4bf9-4387-8c9e-6af9d76b28a0:autoScalingGroupName/lirw-ecs-asg-frontend-prod",
                "managed_draining": "ENABLED",
                "managed_scaling": [
                  {
                    "instance_warmup_period": 0,
                    "maximum_scaling_step_size": 10000,
                    "minimum_scaling_step_size": 1,
                    "status": "ENABLED",
                    "target_capacity": 100
                  }
                ],
                "managed_termination_protection": "DISABLED"
              }
            ],
            "cluster": "",
            "id": "arn:aws:ecs:us-east-2:750702272407:capacity-provider/ec2-capacity-provider-frontend-prod",
            "managed_instances_provider": [],
            "name": "ec2-capacity-provider-frontend-prod",
            "region": "us-east-2",
            "tags": {},
            "tags_all": {}
          },
          "sensitive_attributes": [],
          "identity_schema_version": 0,
          "identity": {
            "arn": "arn:aws:ecs:us-east-2:750702272407:capacity-provider/ec2-capacity-provider-frontend-prod"
          },
          "private": "bnVsbA==",
          "dependencies": [
            "module.asg.aws_autoscaling_group.ecs_asg",
            "module.asg.aws_launch_template.ecs_lt",
            "module.asg.data.aws_ssm_parameter.ecs_optimized_ami",
            "module.iam.aws_iam_instance_profile.ecs_node_profile",
            "module.iam.aws_iam_role.ecs_node_role",
            "module.iam.data.aws_iam_policy_document.ec2_assume_role",
            "module.nat_instance.aws_subnet.pri_sub_3a",
            "module.nat_instance.aws_subnet.pri_sub_4b",
            "module.nat_instance.data.aws_availability_zones.available_zones",
            "module.sg.aws_security_group.backend_alb_sg",
            "module.sg.aws_security_group.ecs_node_backend_sg",
            "module.sg.aws_security_group.ecs_node_frontend_sg",
            "module.sg.aws_security_group.frontend_alb_sg",
            "module.vpc.aws_vpc.vpc"
          ]
        }
      ]
    },
    {
      "module": "module.asg",
      "mode": "managed",
      "type": "aws_launch_template",
      "name": "ecs_lt",
      "provider": "provider[\"registry.terraform.io/hashicorp/aws\"]",
      "instances": [
        {
          "index_key": "backend",
          "schema_version": 1,
          "attributes": {
            "arn": "arn:aws:ec2:us-east-2:750702272407:launch-template/lt-025e1f1d3fb41ba29",
            "block_device_mappings": [],
            "capacity_reservation_specification": [],
            "cpu_options": [],
            "credit_specification": [],
            "default_version": 1,
            "description": "",
            "disable_api_stop": false,
            "disable_api_termination": false,
            "ebs_optimized": "",
            "enclave_options": [],
            "hibernation_options": [],
            "iam_instance_profile": [
              {
                "arn": "",
                "name": "ecsNodeProfile-prod"
              }
            ],
            "id": "lt-025e1f1d3fb41ba29",
            "image_id": "ami-001f0795267f06333",
            "instance_initiated_shutdown_behavior": "",
            "instance_market_options": [],
            "instance_requirements": [],
            "instance_type": "c7i-flex.large",
            "kernel_id": "",
            "key_name": "",
            "latest_version": 1,
            "license_specification": [],
            "maintenance_options": [],
            "metadata_options": [],
            "monitoring": [],
            "name": "lirw-ecs-template-backend-prod20260405200649874400000004",
            "name_prefix": "lirw-ecs-template-backend-prod",
            "network_interfaces": [],
            "network_performance_options": [],
            "placement": [],
            "private_dns_name_options": [],
            "ram_disk_id": "",
            "region": "us-east-2",
            "secondary_interfaces": [],
            "security_group_names": [],
            "tag_specifications": [],
            "tags": {},
            "tags_all": {},
            "update_default_version": null,
            "user_data": "IyEvYmluL2Jhc2gKZWNobyBFQ1NfQ0xVU1RFUj1saXJ3LWVjcy1jbHVzdGVyLXByb2QgPj4gL2V0Yy9lY3MvZWNzLmNvbmZpZwo=",
            "vpc_security_group_ids": [
              "sg-0bba2c0958ed3c913"
            ]
          },
          "sensitive_attributes": [
            [
              {
                "type": "get_attr",
                "value": "image_id"
              }
            ]
          ],
          "identity_schema_version": 0,
          "private": "eyJzY2hlbWFfdmVyc2lvbiI6IjEifQ==",
          "dependencies": [
            "module.asg.data.aws_ssm_parameter.ecs_optimized_ami",
            "module.iam.aws_iam_instance_profile.ecs_node_profile",
            "module.iam.aws_iam_role.ecs_node_role",
            "module.iam.data.aws_iam_policy_document.ec2_assume_role",
            "module.nat_instance.aws_subnet.pri_sub_3a",
            "module.nat_instance.aws_subnet.pri_sub_4b",
            "module.nat_instance.data.aws_availability_zones.available_zones",
            "module.sg.aws_security_group.backend_alb_sg",
            "module.sg.aws_security_group.ecs_node_backend_sg",
            "module.sg.aws_security_group.ecs_node_frontend_sg",
            "module.sg.aws_security_group.frontend_alb_sg",
            "module.vpc.aws_vpc.vpc"
          ]
        },
        {
          "index_key": "frontend",
          "schema_version": 1,
          "attributes": {
            "arn": "arn:aws:ec2:us-east-2:750702272407:launch-template/lt-00463fda497d3a72d",
            "block_device_mappings": [],
            "capacity_reservation_specification": [],
            "cpu_options": [],
            "credit_specification": [],
            "default_version": 1,
            "description": "",
            "disable_api_stop": false,
            "disable_api_termination": false,
            "ebs_optimized": "",
            "enclave_options": [],
            "hibernation_options": [],
            "iam_instance_profile": [
              {
                "arn": "",
                "name": "ecsNodeProfile-prod"
              }
            ],
            "id": "lt-00463fda497d3a72d",
            "image_id": "ami-001f0795267f06333",
            "instance_initiated_shutdown_behavior": "",
            "instance_market_options": [],
            "instance_requirements": [],
            "instance_type": "c7i-flex.large",
            "kernel_id": "",
            "key_name": "",
            "latest_version": 1,
            "license_specification": [],
            "maintenance_options": [],
            "metadata_options": [],
            "monitoring": [],
            "name": "lirw-ecs-template-frontend-prod20260405200649875200000006",
            "name_prefix": "lirw-ecs-template-frontend-prod",
            "network_interfaces": [],
            "network_performance_options": [],
            "placement": [],
            "private_dns_name_options": [],
            "ram_disk_id": "",
            "region": "us-east-2",
            "secondary_interfaces": [],
            "security_group_names": [],
            "tag_specifications": [],
            "tags": {},
            "tags_all": {},
            "update_default_version": null,
            "user_data": "IyEvYmluL2Jhc2gKZWNobyBFQ1NfQ0xVU1RFUj1saXJ3LWVjcy1jbHVzdGVyLXByb2QgPj4gL2V0Yy9lY3MvZWNzLmNvbmZpZwo=",
            "vpc_security_group_ids": [
              "sg-0c8b30c92e02deade"
            ]
          },
          "sensitive_attributes": [
            [
              {
                "type": "get_attr",
                "value": "image_id"
              }
            ]
          ],
          "identity_schema_version": 0,
          "private": "eyJzY2hlbWFfdmVyc2lvbiI6IjEifQ==",
          "dependencies": [
            "module.asg.data.aws_ssm_parameter.ecs_optimized_ami",
            "module.iam.aws_iam_instance_profile.ecs_node_profile",
            "module.iam.aws_iam_role.ecs_node_role",
            "module.iam.data.aws_iam_policy_document.ec2_assume_role",
            "module.nat_instance.aws_subnet.pri_sub_3a",
            "module.nat_instance.aws_subnet.pri_sub_4b",
            "module.nat_instance.data.aws_availability_zones.available_zones",
            "module.sg.aws_security_group.backend_alb_sg",
            "module.sg.aws_security_group.ecs_node_backend_sg",
            "module.sg.aws_security_group.ecs_node_frontend_sg",
            "module.sg.aws_security_group.frontend_alb_sg",
            "module.vpc.aws_vpc.vpc"
          ]
        }
      ]
    },
    {
      "module": "module.cw_logs",
      "mode": "managed",
      "type": "aws_cloudwatch_log_group",
      "name": "ecs_exec_logs",
      "provider": "provider[\"registry.terraform.io/hashicorp/aws\"]",
      "instances": [
        {
          "schema_version": 0,
          "attributes": {
            "arn": "arn:aws:logs:us-east-2:750702272407:log-group:/ecs/execute-command/lirw-ecs-cluster-prod",
            "deletion_protection_enabled": false,
            "id": "/ecs/execute-command/lirw-ecs-cluster-prod",
            "kms_key_id": "",
            "log_group_class": "STANDARD",
            "name": "/ecs/execute-command/lirw-ecs-cluster-prod",
            "name_prefix": "",
            "region": "us-east-2",
            "retention_in_days": 7,
            "skip_destroy": false,
            "tags": {
              "Environment": "prod",
              "ManagedBy": "Terraform",
              "Name": "lirw-ecs-ecs-execute-command",
              "Project": "lirw-ecs"
            },
            "tags_all": {
              "Environment": "prod",
              "ManagedBy": "Terraform",
              "Name": "lirw-ecs-ecs-execute-command",
              "Project": "lirw-ecs"
            }
          },
          "sensitive_attributes": [],
          "identity_schema_version": 0,
          "identity": {
            "account_id": "750702272407",
            "name": "/ecs/execute-command/lirw-ecs-cluster-prod",
            "region": "us-east-2"
          },
          "private": "bnVsbA=="
        }
      ]
    },
    {
      "module": "module.cw_logs",
      "mode": "managed",
      "type": "aws_cloudwatch_log_group",
      "name": "ecs_log_group",
      "provider": "provider[\"registry.terraform.io/hashicorp/aws\"]",
      "instances": [
        {
          "index_key": "backend",
          "schema_version": 0,
          "attributes": {
            "arn": "arn:aws:logs:us-east-2:750702272407:log-group:/ecs/lirw-ecs-backend-prod",
            "deletion_protection_enabled": false,
            "id": "/ecs/lirw-ecs-backend-prod",
            "kms_key_id": "",
            "log_group_class": "STANDARD",
            "name": "/ecs/lirw-ecs-backend-prod",
            "name_prefix": "",
            "region": "us-east-2",
            "retention_in_days": 30,
            "skip_destroy": false,
            "tags": {
              "Environment": "prod",
              "ManagedBy": "Terraform",
              "Name": "lirw-ecs-backend-logs-prod",
              "Project": "lirw-ecs"
            },
            "tags_all": {
              "Environment": "prod",
              "ManagedBy": "Terraform",
              "Name": "lirw-ecs-backend-logs-prod",
              "Project": "lirw-ecs"
            }
          },
          "sensitive_attributes": [],
          "identity_schema_version": 0,
          "identity": {
            "account_id": "750702272407",
            "name": "/ecs/lirw-ecs-backend-prod",
            "region": "us-east-2"
          },
          "private": "bnVsbA=="
        },
        {
          "index_key": "database-seeder",
          "schema_version": 0,
          "attributes": {
            "arn": "arn:aws:logs:us-east-2:750702272407:log-group:/ecs/lirw-ecs-database-seeder-prod",
            "deletion_protection_enabled": false,
            "id": "/ecs/lirw-ecs-database-seeder-prod",
            "kms_key_id": "",
            "log_group_class": "STANDARD",
            "name": "/ecs/lirw-ecs-database-seeder-prod",
            "name_prefix": "",
            "region": "us-east-2",
            "retention_in_days": 30,
            "skip_destroy": false,
            "tags": {
              "Environment": "prod",
              "ManagedBy": "Terraform",
              "Name": "lirw-ecs-database-seeder-logs-prod",
              "Project": "lirw-ecs"
            },
            "tags_all": {
              "Environment": "prod",
              "ManagedBy": "Terraform",
              "Name": "lirw-ecs-database-seeder-logs-prod",
              "Project": "lirw-ecs"
            }
          },
          "sensitive_attributes": [],
          "identity_schema_version": 0,
          "identity": {
            "account_id": "750702272407",
            "name": "/ecs/lirw-ecs-database-seeder-prod",
            "region": "us-east-2"
          },
          "private": "bnVsbA=="
        },
        {
          "index_key": "frontend",
          "schema_version": 0,
          "attributes": {
            "arn": "arn:aws:logs:us-east-2:750702272407:log-group:/ecs/lirw-ecs-frontend-prod",
            "deletion_protection_enabled": false,
            "id": "/ecs/lirw-ecs-frontend-prod",
            "kms_key_id": "",
            "log_group_class": "STANDARD",
            "name": "/ecs/lirw-ecs-frontend-prod",
            "name_prefix": "",
            "region": "us-east-2",
            "retention_in_days": 30,
            "skip_destroy": false,
            "tags": {
              "Environment": "prod",
              "ManagedBy": "Terraform",
              "Name": "lirw-ecs-frontend-logs-prod",
              "Project": "lirw-ecs"
            },
            "tags_all": {
              "Environment": "prod",
              "ManagedBy": "Terraform",
              "Name": "lirw-ecs-frontend-logs-prod",
              "Project": "lirw-ecs"
            }
          },
          "sensitive_attributes": [],
          "identity_schema_version": 0,
          "identity": {
            "account_id": "750702272407",
            "name": "/ecs/lirw-ecs-frontend-prod",
            "region": "us-east-2"
          },
          "private": "bnVsbA=="
        },
        {
          "index_key": "probe",
          "schema_version": 0,
          "attributes": {
            "arn": "arn:aws:logs:us-east-2:750702272407:log-group:/ecs/lirw-ecs-probe-prod",
            "deletion_protection_enabled": false,
            "id": "/ecs/lirw-ecs-probe-prod",
            "kms_key_id": "",
            "log_group_class": "STANDARD",
            "name": "/ecs/lirw-ecs-probe-prod",
            "name_prefix": "",
            "region": "us-east-2",
            "retention_in_days": 30,
            "skip_destroy": false,
            "tags": {
              "Environment": "prod",
              "ManagedBy": "Terraform",
              "Name": "lirw-ecs-probe-logs-prod",
              "Project": "lirw-ecs"
            },
            "tags_all": {
              "Environment": "prod",
              "ManagedBy": "Terraform",
              "Name": "lirw-ecs-probe-logs-prod",
              "Project": "lirw-ecs"
            }
          },
          "sensitive_attributes": [],
          "identity_schema_version": 0,
          "identity": {
            "account_id": "750702272407",
            "name": "/ecs/lirw-ecs-probe-prod",
            "region": "us-east-2"
          },
          "private": "bnVsbA=="
        }
      ]
    },
    {
      "module": "module.ecr",
      "mode": "managed",
      "type": "aws_ecr_lifecycle_policy",
      "name": "app_repo_lifecycle",
      "provider": "provider[\"registry.terraform.io/hashicorp/aws\"]",
      "instances": [
        {
          "index_key": "backend",
          "schema_version": 0,
          "attributes": {
            "id": "lirw-ecs-backend-repo-prod",
            "policy": "{\"rules\":[{\"action\":{\"type\":\"expire\"},\"description\":\"Keep last 30 images\",\"rulePriority\":1,\"selection\":{\"countNumber\":30,\"countType\":\"imageCountMoreThan\",\"tagStatus\":\"any\"}}]}",
            "region": "us-east-2",
            "registry_id": "750702272407",
            "repository": "lirw-ecs-backend-repo-prod"
          },
          "sensitive_attributes": [],
          "identity_schema_version": 0,
          "identity": {
            "account_id": "750702272407",
            "region": "us-east-2",
            "repository": "lirw-ecs-backend-repo-prod"
          },
          "private": "bnVsbA==",
          "dependencies": [
            "module.ecr.aws_ecr_repository.app_repos"
          ]
        },
        {
          "index_key": "database-seeder",
          "schema_version": 0,
          "attributes": {
            "id": "lirw-ecs-database-seeder-repo-prod",
            "policy": "{\"rules\":[{\"action\":{\"type\":\"expire\"},\"description\":\"Keep last 30 images\",\"rulePriority\":1,\"selection\":{\"countNumber\":30,\"countType\":\"imageCountMoreThan\",\"tagStatus\":\"any\"}}]}",
            "region": "us-east-2",
            "registry_id": "750702272407",
            "repository": "lirw-ecs-database-seeder-repo-prod"
          },
          "sensitive_attributes": [],
          "identity_schema_version": 0,
          "identity": {
            "account_id": "750702272407",
            "region": "us-east-2",
            "repository": "lirw-ecs-database-seeder-repo-prod"
          },
          "private": "bnVsbA==",
          "dependencies": [
            "module.ecr.aws_ecr_repository.app_repos"
          ]
        },
        {
          "index_key": "frontend",
          "schema_version": 0,
          "attributes": {
            "id": "lirw-ecs-frontend-repo-prod",
            "policy": "{\"rules\":[{\"action\":{\"type\":\"expire\"},\"description\":\"Keep last 30 images\",\"rulePriority\":1,\"selection\":{\"countNumber\":30,\"countType\":\"imageCountMoreThan\",\"tagStatus\":\"any\"}}]}",
            "region": "us-east-2",
            "registry_id": "750702272407",
            "repository": "lirw-ecs-frontend-repo-prod"
          },
          "sensitive_attributes": [],
          "identity_schema_version": 0,
          "identity": {
            "account_id": "750702272407",
            "region": "us-east-2",
            "repository": "lirw-ecs-frontend-repo-prod"
          },
          "private": "bnVsbA==",
          "dependencies": [
            "module.ecr.aws_ecr_repository.app_repos"
          ]
        },
        {
          "index_key": "probe",
          "schema_version": 0,
          "attributes": {
            "id": "lirw-ecs-probe-repo-prod",
            "policy": "{\"rules\":[{\"action\":{\"type\":\"expire\"},\"description\":\"Keep last 30 images\",\"rulePriority\":1,\"selection\":{\"countNumber\":30,\"countType\":\"imageCountMoreThan\",\"tagStatus\":\"any\"}}]}",
            "region": "us-east-2",
            "registry_id": "750702272407",
            "repository": "lirw-ecs-probe-repo-prod"
          },
          "sensitive_attributes": [],
          "identity_schema_version": 0,
          "identity": {
            "account_id": "750702272407",
            "region": "us-east-2",
            "repository": "lirw-ecs-probe-repo-prod"
          },
          "private": "bnVsbA==",
          "dependencies": [
            "module.ecr.aws_ecr_repository.app_repos"
          ]
        }
      ]
    },
    {
      "module": "module.ecr",
      "mode": "managed",
      "type": "aws_ecr_repository",
      "name": "app_repos",
      "provider": "provider[\"registry.terraform.io/hashicorp/aws\"]",
      "instances": [
        {
          "index_key": "backend",
          "schema_version": 0,
          "attributes": {
            "arn": "arn:aws:ecr:us-east-2:750702272407:repository/lirw-ecs-backend-repo-prod",
            "encryption_configuration": [
              {
                "encryption_type": "AES256",
                "kms_key": ""
              }
            ],
            "force_delete": true,
            "id": "lirw-ecs-backend-repo-prod",
            "image_scanning_configuration": [
              {
                "scan_on_push": true
              }
            ],
            "image_tag_mutability": "IMMUTABLE",
            "image_tag_mutability_exclusion_filter": [],
            "name": "lirw-ecs-backend-repo-prod",
            "region": "us-east-2",
            "registry_id": "750702272407",
            "repository_url": "750702272407.dkr.ecr.us-east-2.amazonaws.com/lirw-ecs-backend-repo-prod",
            "tags": {
              "Environment": "prod",
              "ManagedBy": "Terraform",
              "Name": "ecr-lirwEcr-backend-repo-prod",
              "Project": "lirw-ecs"
            },
            "tags_all": {
              "Environment": "prod",
              "ManagedBy": "Terraform",
              "Name": "ecr-lirwEcr-backend-repo-prod",
              "Project": "lirw-ecs"
            },
            "timeouts": null
          },
          "sensitive_attributes": [],
          "identity_schema_version": 0,
          "identity": {
            "account_id": "750702272407",
            "name": "lirw-ecs-backend-repo-prod",
            "region": "us-east-2"
          },
          "private": "eyJlMmJmYjczMC1lY2FhLTExZTYtOGY4OC0zNDM2M2JjN2M0YzAiOnsiZGVsZXRlIjoxMjAwMDAwMDAwMDAwfX0="
        },
        {
          "index_key": "database-seeder",
          "schema_version": 0,
          "attributes": {
            "arn": "arn:aws:ecr:us-east-2:750702272407:repository/lirw-ecs-database-seeder-repo-prod",
            "encryption_configuration": [
              {
                "encryption_type": "AES256",
                "kms_key": ""
              }
            ],
            "force_delete": true,
            "id": "lirw-ecs-database-seeder-repo-prod",
            "image_scanning_configuration": [
              {
                "scan_on_push": true
              }
            ],
            "image_tag_mutability": "IMMUTABLE",
            "image_tag_mutability_exclusion_filter": [],
            "name": "lirw-ecs-database-seeder-repo-prod",
            "region": "us-east-2",
            "registry_id": "750702272407",
            "repository_url": "750702272407.dkr.ecr.us-east-2.amazonaws.com/lirw-ecs-database-seeder-repo-prod",
            "tags": {
              "Environment": "prod",
              "ManagedBy": "Terraform",
              "Name": "ecr-lirwEcr-database-seeder-repo-prod",
              "Project": "lirw-ecs"
            },
            "tags_all": {
              "Environment": "prod",
              "ManagedBy": "Terraform",
              "Name": "ecr-lirwEcr-database-seeder-repo-prod",
              "Project": "lirw-ecs"
            },
            "timeouts": null
          },
          "sensitive_attributes": [],
          "identity_schema_version": 0,
          "identity": {
            "account_id": "750702272407",
            "name": "lirw-ecs-database-seeder-repo-prod",
            "region": "us-east-2"
          },
          "private": "eyJlMmJmYjczMC1lY2FhLTExZTYtOGY4OC0zNDM2M2JjN2M0YzAiOnsiZGVsZXRlIjoxMjAwMDAwMDAwMDAwfX0="
        },
        {
          "index_key": "frontend",
          "schema_version": 0,
          "attributes": {
            "arn": "arn:aws:ecr:us-east-2:750702272407:repository/lirw-ecs-frontend-repo-prod",
            "encryption_configuration": [
              {
                "encryption_type": "AES256",
                "kms_key": ""
              }
            ],
            "force_delete": true,
            "id": "lirw-ecs-frontend-repo-prod",
            "image_scanning_configuration": [
              {
                "scan_on_push": true
              }
            ],
            "image_tag_mutability": "IMMUTABLE",
            "image_tag_mutability_exclusion_filter": [],
            "name": "lirw-ecs-frontend-repo-prod",
            "region": "us-east-2",
            "registry_id": "750702272407",
            "repository_url": "750702272407.dkr.ecr.us-east-2.amazonaws.com/lirw-ecs-frontend-repo-prod",
            "tags": {
              "Environment": "prod",
              "ManagedBy": "Terraform",
              "Name": "ecr-lirwEcr-frontend-repo-prod",
              "Project": "lirw-ecs"
            },
            "tags_all": {
              "Environment": "prod",
              "ManagedBy": "Terraform",
              "Name": "ecr-lirwEcr-frontend-repo-prod",
              "Project": "lirw-ecs"
            },
            "timeouts": null
          },
          "sensitive_attributes": [],
          "identity_schema_version": 0,
          "identity": {
            "account_id": "750702272407",
            "name": "lirw-ecs-frontend-repo-prod",
            "region": "us-east-2"
          },
          "private": "eyJlMmJmYjczMC1lY2FhLTExZTYtOGY4OC0zNDM2M2JjN2M0YzAiOnsiZGVsZXRlIjoxMjAwMDAwMDAwMDAwfX0="
        },
        {
          "index_key": "probe",
          "schema_version": 0,
          "attributes": {
            "arn": "arn:aws:ecr:us-east-2:750702272407:repository/lirw-ecs-probe-repo-prod",
            "encryption_configuration": [
              {
                "encryption_type": "AES256",
                "kms_key": ""
              }
            ],
            "force_delete": true,
            "id": "lirw-ecs-probe-repo-prod",
            "image_scanning_configuration": [
              {
                "scan_on_push": true
              }
            ],
            "image_tag_mutability": "IMMUTABLE",
            "image_tag_mutability_exclusion_filter": [],
            "name": "lirw-ecs-probe-repo-prod",
            "region": "us-east-2",
            "registry_id": "750702272407",
            "repository_url": "750702272407.dkr.ecr.us-east-2.amazonaws.com/lirw-ecs-probe-repo-prod",
            "tags": {
              "Environment": "prod",
              "ManagedBy": "Terraform",
              "Name": "ecr-lirwEcr-probe-repo-prod",
              "Project": "lirw-ecs"
            },
            "tags_all": {
              "Environment": "prod",
              "ManagedBy": "Terraform",
              "Name": "ecr-lirwEcr-probe-repo-prod",
              "Project": "lirw-ecs"
            },
            "timeouts": null
          },
          "sensitive_attributes": [],
          "identity_schema_version": 0,
          "identity": {
            "account_id": "750702272407",
            "name": "lirw-ecs-probe-repo-prod",
            "region": "us-east-2"
          },
          "private": "eyJlMmJmYjczMC1lY2FhLTExZTYtOGY4OC0zNDM2M2JjN2M0YzAiOnsiZGVsZXRlIjoxMjAwMDAwMDAwMDAwfX0="
        }
      ]
    },
    {
      "module": "module.ecs_ec2",
      "mode": "managed",
      "type": "aws_ecs_cluster",
      "name": "cluster",
      "provider": "provider[\"registry.terraform.io/hashicorp/aws\"]",
      "instances": [
        {
          "schema_version": 0,
          "attributes": {
            "arn": "arn:aws:ecs:us-east-2:750702272407:cluster/lirw-ecs-cluster-prod",
            "configuration": [
              {
                "execute_command_configuration": [
                  {
                    "kms_key_id": "",
                    "log_configuration": [
                      {
                        "cloud_watch_encryption_enabled": false,
                        "cloud_watch_log_group_name": "/ecs/execute-command/lirw-ecs-cluster-prod",
                        "s3_bucket_encryption_enabled": false,
                        "s3_bucket_name": "",
                        "s3_key_prefix": ""
                      }
                    ],
                    "logging": "OVERRIDE"
                  }
                ],
                "managed_storage_configuration": []
              }
            ],
            "id": "arn:aws:ecs:us-east-2:750702272407:cluster/lirw-ecs-cluster-prod",
            "name": "lirw-ecs-cluster-prod",
            "region": "us-east-2",
            "service_connect_defaults": [],
            "setting": [
              {
                "name": "containerInsights",
                "value": "enabled"
              }
            ],
            "tags": {
              "Environment": "prod",
              "ManagedBy": "Terraform",
              "Name": "lirw-ecs-cluster-prod",
              "Project": "lirw-ecs"
            },
            "tags_all": {
              "Environment": "prod",
              "ManagedBy": "Terraform",
              "Name": "lirw-ecs-cluster-prod",
              "Project": "lirw-ecs"
            }
          },
          "sensitive_attributes": [],
          "identity_schema_version": 0,
          "private": "bnVsbA==",
          "dependencies": [
            "module.cw_logs.aws_cloudwatch_log_group.ecs_exec_logs"
          ]
        }
      ]
    },
    {
      "module": "module.ecs_ec2",
      "mode": "managed",
      "type": "aws_ecs_cluster_capacity_providers",
      "name": "cluster_attach",
      "provider": "provider[\"registry.terraform.io/hashicorp/aws\"]",
      "instances": [
        {
          "schema_version": 0,
          "attributes": {
            "capacity_providers": [
              "ec2-capacity-provider-backend-prod",
              "ec2-capacity-provider-frontend-prod"
            ],
            "cluster_name": "lirw-ecs-cluster-prod",
            "default_capacity_provider_strategy": [
              {
                "base": 1,
                "capacity_provider": "ec2-capacity-provider-backend-prod",
                "weight": 100
              }
            ],
            "id": "lirw-ecs-cluster-prod",
            "region": "us-east-2"
          },
          "sensitive_attributes": [],
          "identity_schema_version": 0,
          "private": "bnVsbA==",
          "dependencies": [
            "module.asg.aws_autoscaling_group.ecs_asg",
            "module.asg.aws_ecs_capacity_provider.ec2_provider",
            "module.asg.aws_launch_template.ecs_lt",
            "module.asg.data.aws_ssm_parameter.ecs_optimized_ami",
            "module.cw_logs.aws_cloudwatch_log_group.ecs_exec_logs",
            "module.ecs_ec2.aws_ecs_cluster.cluster",
            "module.iam.aws_iam_instance_profile.ecs_node_profile",
            "module.iam.aws_iam_role.ecs_node_role",
            "module.iam.data.aws_iam_policy_document.ec2_assume_role",
            "module.nat_instance.aws_subnet.pri_sub_3a",
            "module.nat_instance.aws_subnet.pri_sub_4b",
            "module.nat_instance.data.aws_availability_zones.available_zones",
            "module.sg.aws_security_group.backend_alb_sg",
            "module.sg.aws_security_group.ecs_node_backend_sg",
            "module.sg.aws_security_group.ecs_node_frontend_sg",
            "module.sg.aws_security_group.frontend_alb_sg",
            "module.vpc.aws_vpc.vpc"
          ]
        }
      ]
    },
    {
      "module": "module.ecs_ec2",
      "mode": "managed",
      "type": "aws_ecs_service",
      "name": "backend",
      "provider": "provider[\"registry.terraform.io/hashicorp/aws\"]",
      "instances": [
        {
          "schema_version": 1,
          "attributes": {
            "alarms": [],
            "arn": "arn:aws:ecs:us-east-2:750702272407:service/lirw-ecs-cluster-prod/backend-service",
            "availability_zone_rebalancing": "ENABLED",
            "capacity_provider_strategy": [
              {
                "base": 1,
                "capacity_provider": "ec2-capacity-provider-backend-prod",
                "weight": 100
              }
            ],
            "cluster": "arn:aws:ecs:us-east-2:750702272407:cluster/lirw-ecs-cluster-prod",
            "deployment_circuit_breaker": [
              {
                "enable": false,
                "rollback": false
              }
            ],
            "deployment_configuration": [
              {
                "bake_time_in_minutes": "0",
                "canary_configuration": [],
                "lifecycle_hook": [],
                "linear_configuration": [],
                "strategy": "ROLLING"
              }
            ],
            "deployment_controller": [
              {
                "type": "ECS"
              }
            ],
            "deployment_maximum_percent": 200,
            "deployment_minimum_healthy_percent": 100,
            "desired_count": 3,
            "enable_ecs_managed_tags": false,
            "enable_execute_command": true,
            "force_delete": null,
            "force_new_deployment": null,
            "health_check_grace_period_seconds": 60,
            "iam_role": "/aws-service-role/ecs.amazonaws.com/AWSServiceRoleForECS",
            "id": "arn:aws:ecs:us-east-2:750702272407:service/lirw-ecs-cluster-prod/backend-service",
            "launch_type": "",
            "load_balancer": [
              {
                "advanced_configuration": [],
                "container_name": "lirw-ecs_backend",
                "container_port": 3200,
                "elb_name": "",
                "target_group_arn": "arn:aws:elasticloadbalancing:us-east-2:750702272407:targetgroup/backend-internal-tg/cc8027749f3d98f8"
              }
            ],
            "name": "backend-service",
            "network_configuration": [],
            "ordered_placement_strategy": [],
            "placement_constraints": [
              {
                "expression": "",
                "type": "distinctInstance"
              }
            ],
            "platform_version": "",
            "propagate_tags": "NONE",
            "region": "us-east-2",
            "scheduling_strategy": "REPLICA",
            "service_connect_configuration": [],
            "service_registries": [],
            "sigint_rollback": null,
            "tags": null,
            "tags_all": {},
            "task_definition": "arn:aws:ecs:us-east-2:750702272407:task-definition/lirw-ecs-backend:3",
            "timeouts": {
              "create": null,
              "delete": "5m",
              "update": null
            },
            "triggers": {},
            "volume_configuration": [],
            "vpc_lattice_configurations": [],
            "wait_for_steady_state": false
          },
          "sensitive_attributes": [],
          "identity_schema_version": 0,
          "identity": {
            "account_id": "750702272407",
            "cluster": "arn:aws:ecs:us-east-2:750702272407:cluster/lirw-ecs-cluster-prod",
            "name": "backend-service",
            "region": "us-east-2"
          },
          "private": "eyJlMmJmYjczMC1lY2FhLTExZTYtOGY4OC0zNDM2M2JjN2M0YzAiOnsiY3JlYXRlIjoxMjAwMDAwMDAwMDAwLCJkZWxldGUiOjMwMDAwMDAwMDAwMCwidXBkYXRlIjoxMjAwMDAwMDAwMDAwfSwic2NoZW1hX3ZlcnNpb24iOiIxIn0=",
          "dependencies": [
            "module.asg.aws_autoscaling_group.ecs_asg",
            "module.asg.aws_ecs_capacity_provider.ec2_provider",
            "module.asg.aws_launch_template.ecs_lt",
            "module.asg.data.aws_ssm_parameter.ecs_optimized_ami",
            "module.cw_logs.aws_cloudwatch_log_group.ecs_exec_logs",
            "module.ecs_ec2.aws_ecs_cluster.cluster",
            "module.ecs_ec2.aws_ecs_cluster_capacity_providers.cluster_attach",
            "module.ecs_ec2.aws_ecs_task_definition.backend",
            "module.iam.aws_iam_instance_profile.ecs_node_profile",
            "module.iam.aws_iam_role.ecs_node_role",
            "module.iam.aws_iam_role.ecs_task_execution_role",
            "module.iam.aws_iam_role.ecs_task_role",
            "module.iam.data.aws_iam_policy_document.ec2_assume_role",
            "module.iam.data.aws_iam_policy_document.ecs_assume_role",
            "module.lb.aws_lb_target_group.backend_tg",
            "module.nat_instance.aws_subnet.pri_sub_3a",
            "module.nat_instance.aws_subnet.pri_sub_4b",
            "module.nat_instance.data.aws_availability_zones.available_zones",
            "module.rds.aws_db_instance.mysql_db",
            "module.rds.aws_db_subnet_group.main",
            "module.rds.random_password.db_password",
            "module.secrets.aws_secretsmanager_secret.rdsdb_root_password",
            "module.sg.aws_security_group.backend_alb_sg",
            "module.sg.aws_security_group.ecs_node_backend_sg",
            "module.sg.aws_security_group.ecs_node_frontend_sg",
            "module.sg.aws_security_group.ecs_node_rds_sg",
            "module.sg.aws_security_group.frontend_alb_sg",
            "module.ssm.aws_ssm_parameter.rds_db_address",
            "module.vpc.aws_subnet.pri_sub_5a",
            "module.vpc.aws_subnet.pri_sub_6b",
            "module.vpc.aws_vpc.vpc",
            "module.vpc.data.aws_availability_zones.available_zones"
          ]
        }
      ]
    },
    {
      "module": "module.ecs_ec2",
      "mode": "managed",
      "type": "aws_ecs_service",
      "name": "frontend",
      "provider": "provider[\"registry.terraform.io/hashicorp/aws\"]",
      "instances": [
        {
          "schema_version": 1,
          "attributes": {
            "alarms": [],
            "arn": "arn:aws:ecs:us-east-2:750702272407:service/lirw-ecs-cluster-prod/frontend-service",
            "availability_zone_rebalancing": "ENABLED",
            "capacity_provider_strategy": [
              {
                "base": 1,
                "capacity_provider": "ec2-capacity-provider-frontend-prod",
                "weight": 100
              }
            ],
            "cluster": "arn:aws:ecs:us-east-2:750702272407:cluster/lirw-ecs-cluster-prod",
            "deployment_circuit_breaker": [
              {
                "enable": false,
                "rollback": false
              }
            ],
            "deployment_configuration": [
              {
                "bake_time_in_minutes": "0",
                "canary_configuration": [],
                "lifecycle_hook": [],
                "linear_configuration": [],
                "strategy": "ROLLING"
              }
            ],
            "deployment_controller": [
              {
                "type": "ECS"
              }
            ],
            "deployment_maximum_percent": 200,
            "deployment_minimum_healthy_percent": 100,
            "desired_count": 3,
            "enable_ecs_managed_tags": false,
            "enable_execute_command": true,
            "force_delete": null,
            "force_new_deployment": null,
            "health_check_grace_period_seconds": 60,
            "iam_role": "/aws-service-role/ecs.amazonaws.com/AWSServiceRoleForECS",
            "id": "arn:aws:ecs:us-east-2:750702272407:service/lirw-ecs-cluster-prod/frontend-service",
            "launch_type": "",
            "load_balancer": [
              {
                "advanced_configuration": [],
                "container_name": "lirw-ecs_frontend",
                "container_port": 80,
                "elb_name": "",
                "target_group_arn": "arn:aws:elasticloadbalancing:us-east-2:750702272407:targetgroup/frontend-public-tg/7cd686bfa2a39a1c"
              }
            ],
            "name": "frontend-service",
            "network_configuration": [],
            "ordered_placement_strategy": [
              {
                "field": "attribute:ecs.availability-zone",
                "type": "spread"
              }
            ],
            "placement_constraints": [],
            "platform_version": "",
            "propagate_tags": "NONE",
            "region": "us-east-2",
            "scheduling_strategy": "REPLICA",
            "service_connect_configuration": [],
            "service_registries": [],
            "sigint_rollback": null,
            "tags": {},
            "tags_all": {},
            "task_definition": "arn:aws:ecs:us-east-2:750702272407:task-definition/lirw-ecs-frontend:4",
            "timeouts": {
              "create": null,
              "delete": "5m",
              "update": null
            },
            "triggers": {},
            "volume_configuration": [],
            "vpc_lattice_configurations": [],
            "wait_for_steady_state": false
          },
          "sensitive_attributes": [],
          "identity_schema_version": 0,
          "identity": {
            "account_id": "750702272407",
            "cluster": "arn:aws:ecs:us-east-2:750702272407:cluster/lirw-ecs-cluster-prod",
            "name": "frontend-service",
            "region": "us-east-2"
          },
          "private": "eyJlMmJmYjczMC1lY2FhLTExZTYtOGY4OC0zNDM2M2JjN2M0YzAiOnsiY3JlYXRlIjoxMjAwMDAwMDAwMDAwLCJkZWxldGUiOjMwMDAwMDAwMDAwMCwidXBkYXRlIjoxMjAwMDAwMDAwMDAwfSwic2NoZW1hX3ZlcnNpb24iOiIxIn0=",
          "dependencies": [
            "module.asg.aws_autoscaling_group.ecs_asg",
            "module.asg.aws_ecs_capacity_provider.ec2_provider",
            "module.asg.aws_launch_template.ecs_lt",
            "module.asg.data.aws_ssm_parameter.ecs_optimized_ami",
            "module.cw_logs.aws_cloudwatch_log_group.ecs_exec_logs",
            "module.ecs_ec2.aws_ecs_cluster.cluster",
            "module.ecs_ec2.aws_ecs_cluster_capacity_providers.cluster_attach",
            "module.ecs_ec2.aws_ecs_task_definition.frontend",
            "module.iam.aws_iam_instance_profile.ecs_node_profile",
            "module.iam.aws_iam_role.ecs_node_role",
            "module.iam.aws_iam_role.ecs_task_execution_role",
            "module.iam.aws_iam_role.ecs_task_role",
            "module.iam.data.aws_iam_policy_document.ec2_assume_role",
            "module.iam.data.aws_iam_policy_document.ecs_assume_role",
            "module.lb.aws_lb_target_group.frontend_tg",
            "module.nat_instance.aws_subnet.pri_sub_3a",
            "module.nat_instance.aws_subnet.pri_sub_4b",
            "module.nat_instance.data.aws_availability_zones.available_zones",
            "module.sg.aws_security_group.backend_alb_sg",
            "module.sg.aws_security_group.ecs_node_backend_sg",
            "module.sg.aws_security_group.ecs_node_frontend_sg",
            "module.sg.aws_security_group.frontend_alb_sg",
            "module.vpc.aws_vpc.vpc"
          ]
        }
      ]
    },
    {
      "module": "module.ecs_ec2",
      "mode": "managed",
      "type": "aws_ecs_task_definition",
      "name": "backend",
      "provider": "provider[\"registry.terraform.io/hashicorp/aws\"]",
      "instances": [
        {
          "schema_version": 1,
          "attributes": {
            "arn": "arn:aws:ecs:us-east-2:750702272407:task-definition/lirw-ecs-backend:3",
            "arn_without_revision": "arn:aws:ecs:us-east-2:750702272407:task-definition/lirw-ecs-backend",
            "container_definitions": "[{\"cpu\":1024,\"environment\":[{\"name\":\"DB_DATABASE\",\"value\":\"lirwECSDB\"},{\"name\":\"DB_PORT\",\"value\":\"3306\"},{\"name\":\"DB_USER\",\"value\":\"admin123\"}],\"essential\":true,\"healthCheck\":{\"command\":[\"CMD-SHELL\",\"wget --no-verbose --tries=3 --spider http://127.0.0.1:3200/health || exit 1\"],\"interval\":10,\"retries\":5,\"timeout\":5},\"image\":\"node:20-alpine\",\"logConfiguration\":{\"logDriver\":\"awslogs\",\"options\":{\"awslogs-stream-prefix\":\"ecs\",\"awslogs-group\":\"/ecs/lirw-ecs-backend-prod\",\"awslogs-create-group\":\"true\",\"awslogs-region\":\"us-east-2\"}},\"memory\":2048,\"mountPoints\":[{\"containerPath\":\"/data/db\",\"readOnly\":false,\"sourceVolume\":\"backend_data_prod\"}],\"name\":\"lirw-ecs_backend\",\"portMappings\":[{\"containerPort\":3200,\"hostPort\":3200,\"protocol\":\"tcp\"}],\"secrets\":[{\"name\":\"DB_HOST\",\"valueFrom\":\"arn:aws:ssm:us-east-2:750702272407:parameter/lirw-ecs/prod/rds_db_address\"},{\"name\":\"DB_PASSWORD\",\"valueFrom\":\"arn:aws:secretsmanager:us-east-2:750702272407:secret:/lirw-ecs/prod/rds-root-password-zs07Xf\"}],\"systemControls\":[],\"volumesFrom\":[]}]",
            "cpu": "1024",
            "enable_fault_injection": false,
            "ephemeral_storage": [],
            "execution_role_arn": "arn:aws:iam::750702272407:role/ecsTaskExecutionRole-prod",
            "family": "lirw-ecs-backend",
            "id": "lirw-ecs-backend",
            "ipc_mode": "",
            "memory": "2048",
            "network_mode": "host",
            "pid_mode": "",
            "placement_constraints": [],
            "proxy_configuration": [],
            "region": "us-east-2",
            "requires_compatibilities": [
              "EC2"
            ],
            "revision": 3,
            "runtime_platform": [],
            "skip_destroy": false,
            "tags": null,
            "tags_all": {},
            "task_role_arn": "arn:aws:iam::750702272407:role/ecsTaskRole-prod",
            "track_latest": false,
            "volume": [
              {
                "configure_at_launch": false,
                "docker_volume_configuration": [
                  {
                    "autoprovision": true,
                    "driver": "local",
                    "driver_opts": {},
                    "labels": {},
                    "scope": "shared"
                  }
                ],
                "efs_volume_configuration": [],
                "fsx_windows_file_server_volume_configuration": [],
                "host_path": "",
                "name": "backend_config_prod"
              },
              {
                "configure_at_launch": false,
                "docker_volume_configuration": [
                  {
                    "autoprovision": true,
                    "driver": "local",
                    "driver_opts": {},
                    "labels": {},
                    "scope": "shared"
                  }
                ],
                "efs_volume_configuration": [],
                "fsx_windows_file_server_volume_configuration": [],
                "host_path": "",
                "name": "backend_data_prod"
              }
            ]
          },
          "sensitive_attributes": [],
          "identity_schema_version": 0,
          "identity": {
            "account_id": "750702272407",
            "family": "lirw-ecs-backend",
            "region": "us-east-2",
            "revision": 3
          },
          "private": "eyJzY2hlbWFfdmVyc2lvbiI6IjEifQ==",
          "dependencies": [
            "module.iam.aws_iam_role.ecs_task_execution_role",
            "module.iam.aws_iam_role.ecs_task_role",
            "module.iam.data.aws_iam_policy_document.ecs_assume_role",
            "module.rds.aws_db_instance.mysql_db",
            "module.rds.aws_db_subnet_group.main",
            "module.rds.random_password.db_password",
            "module.secrets.aws_secretsmanager_secret.rdsdb_root_password",
            "module.sg.aws_security_group.backend_alb_sg",
            "module.sg.aws_security_group.ecs_node_backend_sg",
            "module.sg.aws_security_group.ecs_node_frontend_sg",
            "module.sg.aws_security_group.ecs_node_rds_sg",
            "module.sg.aws_security_group.frontend_alb_sg",
            "module.ssm.aws_ssm_parameter.rds_db_address",
            "module.vpc.aws_subnet.pri_sub_5a",
            "module.vpc.aws_subnet.pri_sub_6b",
            "module.vpc.aws_vpc.vpc",
            "module.vpc.data.aws_availability_zones.available_zones"
          ]
        }
      ]
    },
    {
      "module": "module.ecs_ec2",
      "mode": "managed",
      "type": "aws_ecs_task_definition",
      "name": "db_seeder",
      "provider": "provider[\"registry.terraform.io/hashicorp/aws\"]",
      "instances": [
        {
          "schema_version": 1,
          "attributes": {
            "arn": "arn:aws:ecs:us-east-2:750702272407:task-definition/lirw-ecs-db-seeder-prod:1",
            "arn_without_revision": "arn:aws:ecs:us-east-2:750702272407:task-definition/lirw-ecs-db-seeder-prod",
            "container_definitions": "[{\"environment\":[{\"name\":\"DB_DATABASE\",\"value\":\"lirwECSDB\"},{\"name\":\"DB_USER\",\"value\":\"admin123\"}],\"essential\":true,\"image\":\"alpine/mysql:seeder-latest\",\"logConfiguration\":{\"logDriver\":\"awslogs\",\"options\":{\"awslogs-create-group\":\"true\",\"awslogs-region\":\"us-east-2\",\"awslogs-stream-prefix\":\"seeder\",\"awslogs-group\":\"/ecs/lirw-ecs-database-seeder-prod\"}},\"mountPoints\":[],\"name\":\"lirw-ecs-db-seeder-prod\",\"portMappings\":[],\"secrets\":[{\"name\":\"DB_HOST\",\"valueFrom\":\"arn:aws:ssm:us-east-2:750702272407:parameter/lirw-ecs/prod/rds_db_address\"},{\"name\":\"DB_PASSWORD\",\"valueFrom\":\"arn:aws:secretsmanager:us-east-2:750702272407:secret:/lirw-ecs/prod/rds-root-password-zs07Xf\"}],\"systemControls\":[],\"volumesFrom\":[]}]",
            "cpu": "1024",
            "enable_fault_injection": false,
            "ephemeral_storage": [],
            "execution_role_arn": "arn:aws:iam::750702272407:role/ecsTaskExecutionRole-prod",
            "family": "lirw-ecs-db-seeder-prod",
            "id": "lirw-ecs-db-seeder-prod",
            "ipc_mode": "",
            "memory": "2048",
            "network_mode": "host",
            "pid_mode": "",
            "placement_constraints": [],
            "proxy_configuration": [],
            "region": "us-east-2",
            "requires_compatibilities": [
              "EC2"
            ],
            "revision": 1,
            "runtime_platform": [],
            "skip_destroy": false,
            "tags": {},
            "tags_all": {},
            "task_role_arn": "arn:aws:iam::750702272407:role/ecsTaskRole-prod",
            "track_latest": false,
            "volume": []
          },
          "sensitive_attributes": [],
          "identity_schema_version": 0,
          "identity": {
            "account_id": "750702272407",
            "family": "lirw-ecs-db-seeder-prod",
            "region": "us-east-2",
            "revision": 1
          },
          "private": "eyJzY2hlbWFfdmVyc2lvbiI6IjEifQ==",
          "dependencies": [
            "module.iam.aws_iam_role.ecs_task_execution_role",
            "module.iam.aws_iam_role.ecs_task_role",
            "module.iam.data.aws_iam_policy_document.ecs_assume_role",
            "module.rds.aws_db_instance.mysql_db",
            "module.rds.aws_db_subnet_group.main",
            "module.rds.random_password.db_password",
            "module.secrets.aws_secretsmanager_secret.rdsdb_root_password",
            "module.sg.aws_security_group.backend_alb_sg",
            "module.sg.aws_security_group.ecs_node_backend_sg",
            "module.sg.aws_security_group.ecs_node_frontend_sg",
            "module.sg.aws_security_group.ecs_node_rds_sg",
            "module.sg.aws_security_group.frontend_alb_sg",
            "module.ssm.aws_ssm_parameter.rds_db_address",
            "module.vpc.aws_subnet.pri_sub_5a",
            "module.vpc.aws_subnet.pri_sub_6b",
            "module.vpc.aws_vpc.vpc",
            "module.vpc.data.aws_availability_zones.available_zones"
          ]
        }
      ]
    },
    {
      "module": "module.ecs_ec2",
      "mode": "managed",
      "type": "aws_ecs_task_definition",
      "name": "frontend",
      "provider": "provider[\"registry.terraform.io/hashicorp/aws\"]",
      "instances": [
        {
          "schema_version": 1,
          "attributes": {
            "arn": "arn:aws:ecs:us-east-2:750702272407:task-definition/lirw-ecs-frontend:4",
            "arn_without_revision": "arn:aws:ecs:us-east-2:750702272407:task-definition/lirw-ecs-frontend",
            "container_definitions": "[{\"cpu\":512,\"environment\":[{\"name\":\"BACKEND_ALB_URL\",\"value\":\"api-prod.devsandbox.space\"},{\"name\":\"VITE_API_URL\",\"value\":\"/api\"}],\"essential\":true,\"healthCheck\":{\"command\":[\"CMD-SHELL\",\"wget --no-verbose --tries=3 --spider http://127.0.0.1:80/health || exit 1\"],\"interval\":30,\"retries\":3,\"startPeriod\":75,\"timeout\":10},\"image\":\"nginx:alpine\",\"logConfiguration\":{\"logDriver\":\"awslogs\",\"options\":{\"awslogs-create-group\":\"true\",\"awslogs-region\":\"us-east-2\",\"awslogs-stream-prefix\":\"ecs\",\"awslogs-group\":\"/ecs/lirw-ecs-frontend-prod\"}},\"memory\":1024,\"mountPoints\":[],\"name\":\"lirw-ecs_frontend\",\"portMappings\":[{\"containerPort\":80,\"hostPort\":80,\"protocol\":\"tcp\"}],\"systemControls\":[],\"volumesFrom\":[]}]",
            "cpu": "512",
            "enable_fault_injection": false,
            "ephemeral_storage": [],
            "execution_role_arn": "arn:aws:iam::750702272407:role/ecsTaskExecutionRole-prod",
            "family": "lirw-ecs-frontend",
            "id": "lirw-ecs-frontend",
            "ipc_mode": "",
            "memory": "1024",
            "network_mode": "host",
            "pid_mode": "",
            "placement_constraints": [],
            "proxy_configuration": [],
            "region": "us-east-2",
            "requires_compatibilities": [
              "EC2"
            ],
            "revision": 4,
            "runtime_platform": [],
            "skip_destroy": false,
            "tags": null,
            "tags_all": {},
            "task_role_arn": "arn:aws:iam::750702272407:role/ecsTaskRole-prod",
            "track_latest": false,
            "volume": []
          },
          "sensitive_attributes": [],
          "identity_schema_version": 0,
          "identity": {
            "account_id": "750702272407",
            "family": "lirw-ecs-frontend",
            "region": "us-east-2",
            "revision": 4
          },
          "private": "eyJzY2hlbWFfdmVyc2lvbiI6IjEifQ==",
          "dependencies": [
            "module.iam.aws_iam_role.ecs_task_execution_role",
            "module.iam.aws_iam_role.ecs_task_role",
            "module.iam.data.aws_iam_policy_document.ecs_assume_role"
          ]
        }
      ]
    },
    {
      "module": "module.ecs_ec2",
      "mode": "managed",
      "type": "aws_ecs_task_definition",
      "name": "probe",
      "provider": "provider[\"registry.terraform.io/hashicorp/aws\"]",
      "instances": [
        {
          "schema_version": 1,
          "attributes": {
            "arn": "arn:aws:ecs:us-east-2:750702272407:task-definition/lirw-ecs-probe-prod:1",
            "arn_without_revision": "arn:aws:ecs:us-east-2:750702272407:task-definition/lirw-ecs-probe-prod",
            "container_definitions": "[{\"environment\":[{\"name\":\"BACKEND_URL\",\"value\":\"api-prod.devsandbox.space\"},{\"name\":\"FRONTEND_URL\",\"value\":\"prod.devsandbox.space\"}],\"essential\":true,\"image\":\"alpine:3.20\",\"logConfiguration\":{\"logDriver\":\"awslogs\",\"options\":{\"awslogs-create-group\":\"true\",\"awslogs-region\":\"us-east-2\",\"awslogs-stream-prefix\":\"seeder\",\"awslogs-group\":\"/ecs/lirw-ecs-probe-prod\"}},\"mountPoints\":[],\"name\":\"lirw-ecs-probe-prod\",\"portMappings\":[],\"systemControls\":[],\"volumesFrom\":[]}]",
            "cpu": "256",
            "enable_fault_injection": false,
            "ephemeral_storage": [],
            "execution_role_arn": "arn:aws:iam::750702272407:role/ecsTaskExecutionRole-prod",
            "family": "lirw-ecs-probe-prod",
            "id": "lirw-ecs-probe-prod",
            "ipc_mode": "",
            "memory": "512",
            "network_mode": "awsvpc",
            "pid_mode": "",
            "placement_constraints": [],
            "proxy_configuration": [],
            "region": "us-east-2",
            "requires_compatibilities": [
              "FARGATE"
            ],
            "revision": 1,
            "runtime_platform": [],
            "skip_destroy": false,
            "tags": {},
            "tags_all": {},
            "task_role_arn": "arn:aws:iam::750702272407:role/ecsTaskRole-prod",
            "track_latest": false,
            "volume": []
          },
          "sensitive_attributes": [],
          "identity_schema_version": 0,
          "identity": {
            "account_id": "750702272407",
            "family": "lirw-ecs-probe-prod",
            "region": "us-east-2",
            "revision": 1
          },
          "private": "eyJzY2hlbWFfdmVyc2lvbiI6IjEifQ==",
          "dependencies": [
            "module.iam.aws_iam_role.ecs_task_execution_role",
            "module.iam.aws_iam_role.ecs_task_role",
            "module.iam.data.aws_iam_policy_document.ecs_assume_role"
          ]
        }
      ]
    },
    {
      "module": "module.iam",
      "mode": "data",
      "type": "aws_iam_policy_document",
      "name": "ec2_assume_role",
      "provider": "provider[\"registry.terraform.io/hashicorp/aws\"]",
      "instances": [
        {
          "schema_version": 0,
          "attributes": {
            "id": "2851119427",
            "json": "{\n  \"Version\": \"2012-10-17\",\n  \"Statement\": [\n    {\n      \"Effect\": \"Allow\",\n      \"Action\": \"sts:AssumeRole\",\n      \"Principal\": {\n        \"Service\": \"ec2.amazonaws.com\"\n      }\n    }\n  ]\n}",
            "minified_json": "{\"Version\":\"2012-10-17\",\"Statement\":[{\"Effect\":\"Allow\",\"Action\":\"sts:AssumeRole\",\"Principal\":{\"Service\":\"ec2.amazonaws.com\"}}]}",
            "override_json": null,
            "override_policy_documents": null,
            "policy_id": null,
            "source_json": null,
            "source_policy_documents": null,
            "statement": [
              {
                "actions": [
                  "sts:AssumeRole"
                ],
                "condition": [],
                "effect": "Allow",
                "not_actions": [],
                "not_principals": [],
                "not_resources": [],
                "principals": [
                  {
                    "identifiers": [
                      "ec2.amazonaws.com"
                    ],
                    "type": "Service"
                  }
                ],
                "resources": [],
                "sid": ""
              }
            ],
            "version": "2012-10-17"
          },
          "sensitive_attributes": [],
          "identity_schema_version": 0
        }
      ]
    },
    {
      "module": "module.iam",
      "mode": "data",
      "type": "aws_iam_policy_document",
      "name": "ecs_assume_role",
      "provider": "provider[\"registry.terraform.io/hashicorp/aws\"]",
      "instances": [
        {
          "schema_version": 0,
          "attributes": {
            "id": "1077804475",
            "json": "{\n  \"Version\": \"2012-10-17\",\n  \"Statement\": [\n    {\n      \"Effect\": \"Allow\",\n      \"Action\": \"sts:AssumeRole\",\n      \"Principal\": {\n        \"Service\": \"ecs-tasks.amazonaws.com\"\n      }\n    }\n  ]\n}",
            "minified_json": "{\"Version\":\"2012-10-17\",\"Statement\":[{\"Effect\":\"Allow\",\"Action\":\"sts:AssumeRole\",\"Principal\":{\"Service\":\"ecs-tasks.amazonaws.com\"}}]}",
            "override_json": null,
            "override_policy_documents": null,
            "policy_id": null,
            "source_json": null,
            "source_policy_documents": null,
            "statement": [
              {
                "actions": [
                  "sts:AssumeRole"
                ],
                "condition": [],
                "effect": "Allow",
                "not_actions": [],
                "not_principals": [],
                "not_resources": [],
                "principals": [
                  {
                    "identifiers": [
                      "ecs-tasks.amazonaws.com"
                    ],
                    "type": "Service"
                  }
                ],
                "resources": [],
                "sid": ""
              }
            ],
            "version": "2012-10-17"
          },
          "sensitive_attributes": [],
          "identity_schema_version": 0
        }
      ]
    },
    {
      "module": "module.iam",
      "mode": "managed",
      "type": "aws_iam_instance_profile",
      "name": "ecs_node_profile",
      "provider": "provider[\"registry.terraform.io/hashicorp/aws\"]",
      "instances": [
        {
          "schema_version": 0,
          "attributes": {
            "arn": "arn:aws:iam::750702272407:instance-profile/ecsNodeProfile-prod",
            "create_date": "2026-04-05T20:06:26Z",
            "id": "ecsNodeProfile-prod",
            "name": "ecsNodeProfile-prod",
            "name_prefix": "",
            "path": "/",
            "role": "ecsNodeRole-prod",
            "tags": {},
            "tags_all": {},
            "unique_id": "AIPA25SKXT6L62A4XV77I"
          },
          "sensitive_attributes": [],
          "identity_schema_version": 0,
          "private": "bnVsbA==",
          "dependencies": [
            "module.iam.aws_iam_role.ecs_node_role",
            "module.iam.data.aws_iam_policy_document.ec2_assume_role"
          ]
        }
      ]
    },
    {
      "module": "module.iam",
      "mode": "managed",
      "type": "aws_iam_policy",
      "name": "ecs_exec_policy",
      "provider": "provider[\"registry.terraform.io/hashicorp/aws\"]",
      "instances": [
        {
          "schema_version": 0,
          "attributes": {
            "arn": "arn:aws:iam::750702272407:policy/lirw-ecs-exec-policy-prod",
            "attachment_count": 1,
            "delay_after_policy_creation_in_ms": null,
            "description": "",
            "id": "arn:aws:iam::750702272407:policy/lirw-ecs-exec-policy-prod",
            "name": "lirw-ecs-exec-policy-prod",
            "name_prefix": "",
            "path": "/",
            "policy": "{\"Statement\":[{\"Action\":[\"ssmmessages:CreateControlChannel\",\"ssmmessages:CreateDataChannel\",\"ssmmessages:OpenControlChannel\",\"ssmmessages:OpenDataChannel\"],\"Effect\":\"Allow\",\"Resource\":\"*\"},{\"Action\":[\"logs:CreateLogStream\",\"logs:DescribeLogGroups\",\"logs:DescribeLogStreams\",\"logs:PutLogEvents\"],\"Effect\":\"Allow\",\"Resource\":\"arn:aws:logs:us-east-2:750702272407:log-group:/ecs/execute-command/lirw-ecs-cluster-prod:*\"}],\"Version\":\"2012-10-17\"}",
            "policy_id": "ANPA25SKXT6L3ULAUBSSR",
            "tags": {},
            "tags_all": {}
          },
          "sensitive_attributes": [],
          "identity_schema_version": 0,
          "identity": {
            "arn": "arn:aws:iam::750702272407:policy/lirw-ecs-exec-policy-prod"
          },
          "private": "bnVsbA==",
          "dependencies": [
            "module.cw_logs.aws_cloudwatch_log_group.ecs_exec_logs"
          ]
        }
      ]
    },
    {
      "module": "module.iam",
      "mode": "managed",
      "type": "aws_iam_policy",
      "name": "ecs_metadata_policy",
      "provider": "provider[\"registry.terraform.io/hashicorp/aws\"]",
      "instances": [
        {
          "schema_version": 0,
          "attributes": {
            "arn": "arn:aws:iam::750702272407:policy/ECSMetadataAccessPolicy-prod",
            "attachment_count": 2,
            "delay_after_policy_creation_in_ms": null,
            "description": "Allows the Express app to describe tasks and container instances",
            "id": "arn:aws:iam::750702272407:policy/ECSMetadataAccessPolicy-prod",
            "name": "ECSMetadataAccessPolicy-prod",
            "name_prefix": "",
            "path": "/",
            "policy": "{\"Statement\":[{\"Action\":[\"ecs:DescribeTasks\",\"ecs:DescribeContainerInstances\"],\"Effect\":\"Allow\",\"Resource\":[\"arn:aws:ecs:us-east-2:750702272407:task/lirw-ecs-cluster-prod/*\",\"arn:aws:ecs:us-east-2:750702272407:container-instance/lirw-ecs-cluster-prod/*\"]}],\"Version\":\"2012-10-17\"}",
            "policy_id": "ANPA25SKXT6LXG73XOVUT",
            "tags": {},
            "tags_all": {}
          },
          "sensitive_attributes": [],
          "identity_schema_version": 0,
          "identity": {
            "arn": "arn:aws:iam::750702272407:policy/ECSMetadataAccessPolicy-prod"
          },
          "private": "bnVsbA=="
        }
      ]
    },
    {
      "module": "module.iam",
      "mode": "managed",
      "type": "aws_iam_policy",
      "name": "ecs_task_secrets_policy",
      "provider": "provider[\"registry.terraform.io/hashicorp/aws\"]",
      "instances": [
        {
          "schema_version": 0,
          "attributes": {
            "arn": "arn:aws:iam::750702272407:policy/ecsTaskSecretsPolicy-prod",
            "attachment_count": 1,
            "delay_after_policy_creation_in_ms": null,
            "description": "",
            "id": "arn:aws:iam::750702272407:policy/ecsTaskSecretsPolicy-prod",
            "name": "ecsTaskSecretsPolicy-prod",
            "name_prefix": "",
            "path": "/",
            "policy": "{\"Statement\":[{\"Action\":[\"secretsmanager:GetSecretValue\",\"secretsmanager:PutSecretValue\",\"secretsmanager:DescribeSecret\"],\"Effect\":\"Allow\",\"Resource\":[\"arn:aws:secretsmanager:us-east-2:750702272407:secret:/lirw-ecs/prod/rds-root-password-zs07Xf\"],\"Sid\":\"AllowReadingSecretsManager\"},{\"Action\":[\"ssm:GetParameters\",\"ssm:GetParameter\"],\"Effect\":\"Allow\",\"Resource\":[\"arn:aws:ssm:us-east-2:750702272407:parameter/lirw-ecs/prod/rds_db_address\"],\"Sid\":\"AllowReadingSSMParameters\"}],\"Version\":\"2012-10-17\"}",
            "policy_id": "ANPA25SKXT6LRPUEVSNWM",
            "tags": {},
            "tags_all": {}
          },
          "sensitive_attributes": [],
          "identity_schema_version": 0,
          "identity": {
            "arn": "arn:aws:iam::750702272407:policy/ecsTaskSecretsPolicy-prod"
          },
          "private": "bnVsbA==",
          "dependencies": [
            "module.rds.aws_db_instance.mysql_db",
            "module.rds.aws_db_subnet_group.main",
            "module.rds.random_password.db_password",
            "module.secrets.aws_secretsmanager_secret.rdsdb_root_password",
            "module.sg.aws_security_group.backend_alb_sg",
            "module.sg.aws_security_group.ecs_node_backend_sg",
            "module.sg.aws_security_group.ecs_node_frontend_sg",
            "module.sg.aws_security_group.ecs_node_rds_sg",
            "module.sg.aws_security_group.frontend_alb_sg",
            "module.ssm.aws_ssm_parameter.rds_db_address",
            "module.vpc.aws_subnet.pri_sub_5a",
            "module.vpc.aws_subnet.pri_sub_6b",
            "module.vpc.aws_vpc.vpc",
            "module.vpc.data.aws_availability_zones.available_zones"
          ]
        }
      ]
    },
    {
      "module": "module.iam",
      "mode": "managed",
      "type": "aws_iam_role",
      "name": "ecs_node_role",
      "provider": "provider[\"registry.terraform.io/hashicorp/aws\"]",
      "instances": [
        {
          "schema_version": 0,
          "attributes": {
            "arn": "arn:aws:iam::750702272407:role/ecsNodeRole-prod",
            "assume_role_policy": "{\"Statement\":[{\"Action\":\"sts:AssumeRole\",\"Effect\":\"Allow\",\"Principal\":{\"Service\":\"ec2.amazonaws.com\"}}],\"Version\":\"2012-10-17\"}",
            "create_date": "2026-04-05T20:06:25Z",
            "description": "",
            "force_detach_policies": false,
            "id": "ecsNodeRole-prod",
            "inline_policy": [],
            "managed_policy_arns": [
              "arn:aws:iam::aws:policy/AmazonSSMManagedInstanceCore",
              "arn:aws:iam::aws:policy/CloudWatchLogsFullAccess",
              "arn:aws:iam::aws:policy/service-role/AmazonEC2ContainerServiceforEC2Role",
              "arn:aws:iam::aws:policy/service-role/AmazonECSTaskExecutionRolePolicy"
            ],
            "max_session_duration": 3600,
            "name": "ecsNodeRole-prod",
            "name_prefix": "",
            "path": "/",
            "permissions_boundary": "",
            "tags": {
              "Environment": "prod",
              "ManagedBy": "Terraform",
              "Name": "ECS-Node-EC2-role",
              "Project": "lirw-ecs",
              "Purpose": "Instance profile role for ECS container instances hosting EC2-backed tasks"
            },
            "tags_all": {
              "Environment": "prod",
              "ManagedBy": "Terraform",
              "Name": "ECS-Node-EC2-role",
              "Project": "lirw-ecs",
              "Purpose": "Instance profile role for ECS container instances hosting EC2-backed tasks"
            },
            "unique_id": "AROA25SKXT6LS3SQ3D3PW"
          },
          "sensitive_attributes": [],
          "identity_schema_version": 0,
          "identity": {
            "account_id": "750702272407",
            "name": "ecsNodeRole-prod"
          },
          "private": "bnVsbA==",
          "dependencies": [
            "module.iam.data.aws_iam_policy_document.ec2_assume_role"
          ]
        }
      ]
    },
    {
      "module": "module.iam",
      "mode": "managed",
      "type": "aws_iam_role",
      "name": "ecs_task_execution_role",
      "provider": "provider[\"registry.terraform.io/hashicorp/aws\"]",
      "instances": [
        {
          "schema_version": 0,
          "attributes": {
            "arn": "arn:aws:iam::750702272407:role/ecsTaskExecutionRole-prod",
            "assume_role_policy": "{\"Statement\":[{\"Action\":\"sts:AssumeRole\",\"Effect\":\"Allow\",\"Principal\":{\"Service\":\"ecs-tasks.amazonaws.com\"}}],\"Version\":\"2012-10-17\"}",
            "create_date": "2026-04-05T20:06:25Z",
            "description": "",
            "force_detach_policies": false,
            "id": "ecsTaskExecutionRole-prod",
            "inline_policy": [],
            "managed_policy_arns": [
              "arn:aws:iam::750702272407:policy/ECSMetadataAccessPolicy-prod",
              "arn:aws:iam::750702272407:policy/ecsTaskSecretsPolicy-prod",
              "arn:aws:iam::aws:policy/service-role/AmazonECSTaskExecutionRolePolicy"
            ],
            "max_session_duration": 3600,
            "name": "ecsTaskExecutionRole-prod",
            "name_prefix": "",
            "path": "/",
            "permissions_boundary": "",
            "tags": {
              "Environment": "prod",
              "ManagedBy": "Terraform",
              "Name": "ECS-task-execution-role",
              "Project": "lirw-ecs",
              "Purpose": "Used by ECS agent to pull container images and write logs and fetch runtime secrets"
            },
            "tags_all": {
              "Environment": "prod",
              "ManagedBy": "Terraform",
              "Name": "ECS-task-execution-role",
              "Project": "lirw-ecs",
              "Purpose": "Used by ECS agent to pull container images and write logs and fetch runtime secrets"
            },
            "unique_id": "AROA25SKXT6L4X5IA5OQI"
          },
          "sensitive_attributes": [],
          "identity_schema_version": 0,
          "identity": {
            "account_id": "750702272407",
            "name": "ecsTaskExecutionRole-prod"
          },
          "private": "bnVsbA==",
          "dependencies": [
            "module.iam.data.aws_iam_policy_document.ecs_assume_role"
          ]
        }
      ]
    },
    {
      "module": "module.iam",
      "mode": "managed",
      "type": "aws_iam_role",
      "name": "ecs_task_role",
      "provider": "provider[\"registry.terraform.io/hashicorp/aws\"]",
      "instances": [
        {
          "schema_version": 0,
          "attributes": {
            "arn": "arn:aws:iam::750702272407:role/ecsTaskRole-prod",
            "assume_role_policy": "{\"Statement\":[{\"Action\":\"sts:AssumeRole\",\"Effect\":\"Allow\",\"Principal\":{\"Service\":\"ecs-tasks.amazonaws.com\"}}],\"Version\":\"2012-10-17\"}",
            "create_date": "2026-04-05T20:06:25Z",
            "description": "",
            "force_detach_policies": false,
            "id": "ecsTaskRole-prod",
            "inline_policy": [],
            "managed_policy_arns": [
              "arn:aws:iam::750702272407:policy/ECSMetadataAccessPolicy-prod",
              "arn:aws:iam::750702272407:policy/lirw-ecs-exec-policy-prod"
            ],
            "max_session_duration": 3600,
            "name": "ecsTaskRole-prod",
            "name_prefix": "",
            "path": "/",
            "permissions_boundary": "",
            "tags": {
              "Environment": "prod",
              "ManagedBy": "Terraform",
              "Name": "ECS-task-role",
              "Project": "lirw-ecs",
              "Purpose": "Application runtime role assumed by ECS tasks to access AWS APIs"
            },
            "tags_all": {
              "Environment": "prod",
              "ManagedBy": "Terraform",
              "Name": "ECS-task-role",
              "Project": "lirw-ecs",
              "Purpose": "Application runtime role assumed by ECS tasks to access AWS APIs"
            },
            "unique_id": "AROA25SKXT6L3OYPRR2PP"
          },
          "sensitive_attributes": [],
          "identity_schema_version": 0,
          "identity": {
            "account_id": "750702272407",
            "name": "ecsTaskRole-prod"
          },
          "private": "bnVsbA==",
          "dependencies": [
            "module.iam.data.aws_iam_policy_document.ecs_assume_role"
          ]
        }
      ]
    },
    {
      "module": "module.iam",
      "mode": "managed",
      "type": "aws_iam_role_policy_attachment",
      "name": "ecs_exec_attachment",
      "provider": "provider[\"registry.terraform.io/hashicorp/aws\"]",
      "instances": [
        {
          "schema_version": 0,
          "attributes": {
            "id": "ecsTaskRole-prod/arn:aws:iam::750702272407:policy/lirw-ecs-exec-policy-prod",
            "policy_arn": "arn:aws:iam::750702272407:policy/lirw-ecs-exec-policy-prod",
            "role": "ecsTaskRole-prod"
          },
          "sensitive_attributes": [],
          "identity_schema_version": 0,
          "identity": {
            "account_id": "750702272407",
            "policy_arn": "arn:aws:iam::750702272407:policy/lirw-ecs-exec-policy-prod",
            "role": "ecsTaskRole-prod"
          },
          "private": "bnVsbA==",
          "dependencies": [
            "module.cw_logs.aws_cloudwatch_log_group.ecs_exec_logs",
            "module.iam.aws_iam_policy.ecs_exec_policy",
            "module.iam.aws_iam_role.ecs_task_role",
            "module.iam.data.aws_iam_policy_document.ecs_assume_role"
          ]
        }
      ]
    },
    {
      "module": "module.iam",
      "mode": "managed",
      "type": "aws_iam_role_policy_attachment",
      "name": "ecs_metadata_attach",
      "provider": "provider[\"registry.terraform.io/hashicorp/aws\"]",
      "instances": [
        {
          "schema_version": 0,
          "attributes": {
            "id": "ecsTaskRole-prod/arn:aws:iam::750702272407:policy/ECSMetadataAccessPolicy-prod",
            "policy_arn": "arn:aws:iam::750702272407:policy/ECSMetadataAccessPolicy-prod",
            "role": "ecsTaskRole-prod"
          },
          "sensitive_attributes": [],
          "identity_schema_version": 0,
          "identity": {
            "account_id": "750702272407",
            "policy_arn": "arn:aws:iam::750702272407:policy/ECSMetadataAccessPolicy-prod",
            "role": "ecsTaskRole-prod"
          },
          "private": "bnVsbA==",
          "dependencies": [
            "module.iam.aws_iam_policy.ecs_metadata_policy",
            "module.iam.aws_iam_role.ecs_task_role",
            "module.iam.data.aws_iam_policy_document.ecs_assume_role"
          ]
        }
      ]
    },
    {
      "module": "module.iam",
      "mode": "managed",
      "type": "aws_iam_role_policy_attachment",
      "name": "ecs_metadata_attach_exec",
      "provider": "provider[\"registry.terraform.io/hashicorp/aws\"]",
      "instances": [
        {
          "schema_version": 0,
          "attributes": {
            "id": "ecsTaskExecutionRole-prod/arn:aws:iam::750702272407:policy/ECSMetadataAccessPolicy-prod",
            "policy_arn": "arn:aws:iam::750702272407:policy/ECSMetadataAccessPolicy-prod",
            "role": "ecsTaskExecutionRole-prod"
          },
          "sensitive_attributes": [],
          "identity_schema_version": 0,
          "identity": {
            "account_id": "750702272407",
            "policy_arn": "arn:aws:iam::750702272407:policy/ECSMetadataAccessPolicy-prod",
            "role": "ecsTaskExecutionRole-prod"
          },
          "private": "bnVsbA==",
          "dependencies": [
            "module.iam.aws_iam_policy.ecs_metadata_policy",
            "module.iam.aws_iam_role.ecs_task_execution_role",
            "module.iam.data.aws_iam_policy_document.ecs_assume_role"
          ]
        }
      ]
    },
    {
      "module": "module.iam",
      "mode": "managed",
      "type": "aws_iam_role_policy_attachment",
      "name": "ecs_node_role_cw",
      "provider": "provider[\"registry.terraform.io/hashicorp/aws\"]",
      "instances": [
        {
          "schema_version": 0,
          "attributes": {
            "id": "ecsNodeRole-prod/arn:aws:iam::aws:policy/CloudWatchLogsFullAccess",
            "policy_arn": "arn:aws:iam::aws:policy/CloudWatchLogsFullAccess",
            "role": "ecsNodeRole-prod"
          },
          "sensitive_attributes": [],
          "identity_schema_version": 0,
          "identity": {
            "account_id": "750702272407",
            "policy_arn": "arn:aws:iam::aws:policy/CloudWatchLogsFullAccess",
            "role": "ecsNodeRole-prod"
          },
          "private": "bnVsbA==",
          "dependencies": [
            "module.iam.aws_iam_role.ecs_node_role",
            "module.iam.data.aws_iam_policy_document.ec2_assume_role"
          ]
        }
      ]
    },
    {
      "module": "module.iam",
      "mode": "managed",
      "type": "aws_iam_role_policy_attachment",
      "name": "ecs_node_role_ec2",
      "provider": "provider[\"registry.terraform.io/hashicorp/aws\"]",
      "instances": [
        {
          "schema_version": 0,
          "attributes": {
            "id": "ecsNodeRole-prod/arn:aws:iam::aws:policy/service-role/AmazonEC2ContainerServiceforEC2Role",
            "policy_arn": "arn:aws:iam::aws:policy/service-role/AmazonEC2ContainerServiceforEC2Role",
            "role": "ecsNodeRole-prod"
          },
          "sensitive_attributes": [],
          "identity_schema_version": 0,
          "identity": {
            "account_id": "750702272407",
            "policy_arn": "arn:aws:iam::aws:policy/service-role/AmazonEC2ContainerServiceforEC2Role",
            "role": "ecsNodeRole-prod"
          },
          "private": "bnVsbA==",
          "dependencies": [
            "module.iam.aws_iam_role.ecs_node_role",
            "module.iam.data.aws_iam_policy_document.ec2_assume_role"
          ]
        }
      ]
    },
    {
      "module": "module.iam",
      "mode": "managed",
      "type": "aws_iam_role_policy_attachment",
      "name": "ecs_node_role_exec",
      "provider": "provider[\"registry.terraform.io/hashicorp/aws\"]",
      "instances": [
        {
          "schema_version": 0,
          "attributes": {
            "id": "ecsNodeRole-prod/arn:aws:iam::aws:policy/service-role/AmazonECSTaskExecutionRolePolicy",
            "policy_arn": "arn:aws:iam::aws:policy/service-role/AmazonECSTaskExecutionRolePolicy",
            "role": "ecsNodeRole-prod"
          },
          "sensitive_attributes": [],
          "identity_schema_version": 0,
          "identity": {
            "account_id": "750702272407",
            "policy_arn": "arn:aws:iam::aws:policy/service-role/AmazonECSTaskExecutionRolePolicy",
            "role": "ecsNodeRole-prod"
          },
          "private": "bnVsbA==",
          "dependencies": [
            "module.iam.aws_iam_role.ecs_node_role",
            "module.iam.data.aws_iam_policy_document.ec2_assume_role"
          ]
        }
      ]
    },
    {
      "module": "module.iam",
      "mode": "managed",
      "type": "aws_iam_role_policy_attachment",
      "name": "ecs_task_execution_role_policy",
      "provider": "provider[\"registry.terraform.io/hashicorp/aws\"]",
      "instances": [
        {
          "schema_version": 0,
          "attributes": {
            "id": "ecsTaskExecutionRole-prod/arn:aws:iam::aws:policy/service-role/AmazonECSTaskExecutionRolePolicy",
            "policy_arn": "arn:aws:iam::aws:policy/service-role/AmazonECSTaskExecutionRolePolicy",
            "role": "ecsTaskExecutionRole-prod"
          },
          "sensitive_attributes": [],
          "identity_schema_version": 0,
          "identity": {
            "account_id": "750702272407",
            "policy_arn": "arn:aws:iam::aws:policy/service-role/AmazonECSTaskExecutionRolePolicy",
            "role": "ecsTaskExecutionRole-prod"
          },
          "private": "bnVsbA==",
          "dependencies": [
            "module.iam.aws_iam_role.ecs_task_execution_role",
            "module.iam.data.aws_iam_policy_document.ecs_assume_role"
          ]
        }
      ]
    },
    {
      "module": "module.iam",
      "mode": "managed",
      "type": "aws_iam_role_policy_attachment",
      "name": "ecs_task_secrets_attach",
      "provider": "provider[\"registry.terraform.io/hashicorp/aws\"]",
      "instances": [
        {
          "schema_version": 0,
          "attributes": {
            "id": "ecsTaskExecutionRole-prod/arn:aws:iam::750702272407:policy/ecsTaskSecretsPolicy-prod",
            "policy_arn": "arn:aws:iam::750702272407:policy/ecsTaskSecretsPolicy-prod",
            "role": "ecsTaskExecutionRole-prod"
          },
          "sensitive_attributes": [],
          "identity_schema_version": 0,
          "identity": {
            "account_id": "750702272407",
            "policy_arn": "arn:aws:iam::750702272407:policy/ecsTaskSecretsPolicy-prod",
            "role": "ecsTaskExecutionRole-prod"
          },
          "private": "bnVsbA==",
          "dependencies": [
            "module.iam.aws_iam_policy.ecs_task_secrets_policy",
            "module.iam.aws_iam_role.ecs_task_execution_role",
            "module.iam.data.aws_iam_policy_document.ecs_assume_role",
            "module.rds.aws_db_instance.mysql_db",
            "module.rds.aws_db_subnet_group.main",
            "module.rds.random_password.db_password",
            "module.secrets.aws_secretsmanager_secret.rdsdb_root_password",
            "module.sg.aws_security_group.backend_alb_sg",
            "module.sg.aws_security_group.ecs_node_backend_sg",
            "module.sg.aws_security_group.ecs_node_frontend_sg",
            "module.sg.aws_security_group.ecs_node_rds_sg",
            "module.sg.aws_security_group.frontend_alb_sg",
            "module.ssm.aws_ssm_parameter.rds_db_address",
            "module.vpc.aws_subnet.pri_sub_5a",
            "module.vpc.aws_subnet.pri_sub_6b",
            "module.vpc.aws_vpc.vpc",
            "module.vpc.data.aws_availability_zones.available_zones"
          ]
        }
      ]
    },
    {
      "module": "module.iam",
      "mode": "managed",
      "type": "aws_iam_role_policy_attachment",
      "name": "ssm_core_attach",
      "provider": "provider[\"registry.terraform.io/hashicorp/aws\"]",
      "instances": [
        {
          "schema_version": 0,
          "attributes": {
            "id": "ecsNodeRole-prod/arn:aws:iam::aws:policy/AmazonSSMManagedInstanceCore",
            "policy_arn": "arn:aws:iam::aws:policy/AmazonSSMManagedInstanceCore",
            "role": "ecsNodeRole-prod"
          },
          "sensitive_attributes": [],
          "identity_schema_version": 0,
          "identity": {
            "account_id": "750702272407",
            "policy_arn": "arn:aws:iam::aws:policy/AmazonSSMManagedInstanceCore",
            "role": "ecsNodeRole-prod"
          },
          "private": "bnVsbA==",
          "dependencies": [
            "module.iam.aws_iam_role.ecs_node_role",
            "module.iam.data.aws_iam_policy_document.ec2_assume_role"
          ]
        }
      ]
    },
    {
      "module": "module.lb",
      "mode": "managed",
      "type": "aws_lb",
      "name": "backend_alb",
      "provider": "provider[\"registry.terraform.io/hashicorp/aws\"]",
      "instances": [
        {
          "schema_version": 0,
          "attributes": {
            "access_logs": [
              {
                "bucket": "",
                "enabled": false,
                "prefix": ""
              }
            ],
            "arn": "arn:aws:elasticloadbalancing:us-east-2:750702272407:loadbalancer/app/backend-internal-alb-prod/b25dedc554b69fd2",
            "arn_suffix": "app/backend-internal-alb-prod/b25dedc554b69fd2",
            "client_keep_alive": 3600,
            "connection_logs": [
              {
                "bucket": "",
                "enabled": false,
                "prefix": ""
              }
            ],
            "customer_owned_ipv4_pool": "",
            "desync_mitigation_mode": "defensive",
            "dns_name": "internal-backend-internal-alb-prod-570645990.us-east-2.elb.amazonaws.com",
            "dns_record_client_routing_policy": null,
            "drop_invalid_header_fields": false,
            "enable_cross_zone_load_balancing": true,
            "enable_deletion_protection": false,
            "enable_http2": true,
            "enable_tls_version_and_cipher_suite_headers": false,
            "enable_waf_fail_open": false,
            "enable_xff_client_port": false,
            "enable_zonal_shift": false,
            "enforce_security_group_inbound_rules_on_private_link_traffic": "",
            "health_check_logs": [
              {
                "bucket": "",
                "enabled": false,
                "prefix": ""
              }
            ],
            "id": "arn:aws:elasticloadbalancing:us-east-2:750702272407:loadbalancer/app/backend-internal-alb-prod/b25dedc554b69fd2",
            "idle_timeout": 60,
            "internal": true,
            "ip_address_type": "ipv4",
            "ipam_pools": [],
            "load_balancer_type": "application",
            "minimum_load_balancer_capacity": [],
            "name": "backend-internal-alb-prod",
            "name_prefix": "",
            "preserve_host_header": false,
            "region": "us-east-2",
            "secondary_ips_auto_assigned_per_subnet": null,
            "security_groups": [
              "sg-01e20c3809616911f"
            ],
            "subnet_mapping": [
              {
                "allocation_id": "",
                "ipv6_address": "",
                "outpost_id": "",
                "private_ipv4_address": "",
                "subnet_id": "subnet-00c33c6cdd20960ac"
              },
              {
                "allocation_id": "",
                "ipv6_address": "",
                "outpost_id": "",
                "private_ipv4_address": "",
                "subnet_id": "subnet-0a012c972b2919b1f"
              }
            ],
            "subnets": [
              "subnet-00c33c6cdd20960ac",
              "subnet-0a012c972b2919b1f"
            ],
            "tags": {},
            "tags_all": {},
            "timeouts": null,
            "vpc_id": "vpc-01dbad302026dea56",
            "xff_header_processing_mode": "append",
            "zone_id": "Z3AADJGX6KTTL2"
          },
          "sensitive_attributes": [],
          "identity_schema_version": 0,
          "identity": {
            "arn": "arn:aws:elasticloadbalancing:us-east-2:750702272407:loadbalancer/app/backend-internal-alb-prod/b25dedc554b69fd2"
          },
          "private": "eyJlMmJmYjczMC1lY2FhLTExZTYtOGY4OC0zNDM2M2JjN2M0YzAiOnsiY3JlYXRlIjo2MDAwMDAwMDAwMDAsImRlbGV0ZSI6NjAwMDAwMDAwMDAwLCJ1cGRhdGUiOjYwMDAwMDAwMDAwMH19",
          "dependencies": [
            "module.nat_instance.aws_subnet.pri_sub_3a",
            "module.nat_instance.aws_subnet.pri_sub_4b",
            "module.nat_instance.data.aws_availability_zones.available_zones",
            "module.sg.aws_security_group.backend_alb_sg",
            "module.sg.aws_security_group.ecs_node_frontend_sg",
            "module.sg.aws_security_group.frontend_alb_sg",
            "module.vpc.aws_vpc.vpc"
          ]
        }
      ]
    },
    {
      "module": "module.lb",
      "mode": "managed",
      "type": "aws_lb",
      "name": "frontend_alb",
      "provider": "provider[\"registry.terraform.io/hashicorp/aws\"]",
      "instances": [
        {
          "schema_version": 0,
          "attributes": {
            "access_logs": [
              {
                "bucket": "",
                "enabled": false,
                "prefix": ""
              }
            ],
            "arn": "arn:aws:elasticloadbalancing:us-east-2:750702272407:loadbalancer/app/frontend-public-alb-prod/e864e38bfea807f4",
            "arn_suffix": "app/frontend-public-alb-prod/e864e38bfea807f4",
            "client_keep_alive": 3600,
            "connection_logs": [
              {
                "bucket": "",
                "enabled": false,
                "prefix": ""
              }
            ],
            "customer_owned_ipv4_pool": "",
            "desync_mitigation_mode": "defensive",
            "dns_name": "frontend-public-alb-prod-1820980427.us-east-2.elb.amazonaws.com",
            "dns_record_client_routing_policy": null,
            "drop_invalid_header_fields": false,
            "enable_cross_zone_load_balancing": true,
            "enable_deletion_protection": false,
            "enable_http2": true,
            "enable_tls_version_and_cipher_suite_headers": false,
            "enable_waf_fail_open": false,
            "enable_xff_client_port": false,
            "enable_zonal_shift": false,
            "enforce_security_group_inbound_rules_on_private_link_traffic": "",
            "health_check_logs": [
              {
                "bucket": "",
                "enabled": false,
                "prefix": ""
              }
            ],
            "id": "arn:aws:elasticloadbalancing:us-east-2:750702272407:loadbalancer/app/frontend-public-alb-prod/e864e38bfea807f4",
            "idle_timeout": 60,
            "internal": false,
            "ip_address_type": "ipv4",
            "ipam_pools": [],
            "load_balancer_type": "application",
            "minimum_load_balancer_capacity": [],
            "name": "frontend-public-alb-prod",
            "name_prefix": "",
            "preserve_host_header": false,
            "region": "us-east-2",
            "secondary_ips_auto_assigned_per_subnet": null,
            "security_groups": [
              "sg-062bd6c2aac41a64d"
            ],
            "subnet_mapping": [
              {
                "allocation_id": "",
                "ipv6_address": "",
                "outpost_id": "",
                "private_ipv4_address": "",
                "subnet_id": "subnet-05eaada8696ed0c94"
              },
              {
                "allocation_id": "",
                "ipv6_address": "",
                "outpost_id": "",
                "private_ipv4_address": "",
                "subnet_id": "subnet-09a361a765812c177"
              }
            ],
            "subnets": [
              "subnet-05eaada8696ed0c94",
              "subnet-09a361a765812c177"
            ],
            "tags": {},
            "tags_all": {},
            "timeouts": null,
            "vpc_id": "vpc-01dbad302026dea56",
            "xff_header_processing_mode": "append",
            "zone_id": "Z3AADJGX6KTTL2"
          },
          "sensitive_attributes": [],
          "identity_schema_version": 0,
          "identity": {
            "arn": "arn:aws:elasticloadbalancing:us-east-2:750702272407:loadbalancer/app/frontend-public-alb-prod/e864e38bfea807f4"
          },
          "private": "eyJlMmJmYjczMC1lY2FhLTExZTYtOGY4OC0zNDM2M2JjN2M0YzAiOnsiY3JlYXRlIjo2MDAwMDAwMDAwMDAsImRlbGV0ZSI6NjAwMDAwMDAwMDAwLCJ1cGRhdGUiOjYwMDAwMDAwMDAwMH19",
          "dependencies": [
            "module.sg.aws_security_group.frontend_alb_sg",
            "module.vpc.aws_subnet.pub_sub_1a",
            "module.vpc.aws_subnet.pub_sub_2b",
            "module.vpc.aws_vpc.vpc",
            "module.vpc.data.aws_availability_zones.available_zones"
          ]
        }
      ]
    },
    {
      "module": "module.lb",
      "mode": "managed",
      "type": "aws_lb_listener",
      "name": "app_listener_https_secure",
      "provider": "provider[\"registry.terraform.io/hashicorp/aws\"]",
      "instances": [
        {
          "schema_version": 0,
          "attributes": {
            "alpn_policy": null,
            "arn": "arn:aws:elasticloadbalancing:us-east-2:750702272407:listener/app/frontend-public-alb-prod/e864e38bfea807f4/81d4cbf6a16cc7a4",
            "certificate_arn": "arn:aws:acm:us-east-2:750702272407:certificate/8b21764f-5f86-486d-929c-b2247aab9099",
            "default_action": [
              {
                "authenticate_cognito": [],
                "authenticate_oidc": [],
                "fixed_response": [],
                "forward": [],
                "jwt_validation": [],
                "order": 1,
                "redirect": [],
                "target_group_arn": "arn:aws:elasticloadbalancing:us-east-2:750702272407:targetgroup/frontend-public-tg/7cd686bfa2a39a1c",
                "type": "forward"
              }
            ],
            "id": "arn:aws:elasticloadbalancing:us-east-2:750702272407:listener/app/frontend-public-alb-prod/e864e38bfea807f4/81d4cbf6a16cc7a4",
            "load_balancer_arn": "arn:aws:elasticloadbalancing:us-east-2:750702272407:loadbalancer/app/frontend-public-alb-prod/e864e38bfea807f4",
            "mutual_authentication": [
              {
                "advertise_trust_store_ca_names": "",
                "ignore_client_certificate_expiry": false,
                "mode": "off",
                "trust_store_arn": ""
              }
            ],
            "port": 443,
            "protocol": "HTTPS",
            "region": "us-east-2",
            "routing_http_request_x_amzn_mtls_clientcert_header_name": "",
            "routing_http_request_x_amzn_mtls_clientcert_issuer_header_name": "",
            "routing_http_request_x_amzn_mtls_clientcert_leaf_header_name": "",
            "routing_http_request_x_amzn_mtls_clientcert_serial_number_header_name": "",
            "routing_http_request_x_amzn_mtls_clientcert_subject_header_name": "",
            "routing_http_request_x_amzn_mtls_clientcert_validity_header_name": "",
            "routing_http_request_x_amzn_tls_cipher_suite_header_name": "",
            "routing_http_request_x_amzn_tls_version_header_name": "",
            "routing_http_response_access_control_allow_credentials_header_value": "",
            "routing_http_response_access_control_allow_headers_header_value": "",
            "routing_http_response_access_control_allow_methods_header_value": "",
            "routing_http_response_access_control_allow_origin_header_value": "",
            "routing_http_response_access_control_expose_headers_header_value": "",
            "routing_http_response_access_control_max_age_header_value": "",
            "routing_http_response_content_security_policy_header_value": "",
            "routing_http_response_server_enabled": true,
            "routing_http_response_strict_transport_security_header_value": "",
            "routing_http_response_x_content_type_options_header_value": "",
            "routing_http_response_x_frame_options_header_value": "",
            "ssl_policy": "ELBSecurityPolicy-2016-08",
            "tags": {},
            "tags_all": {},
            "tcp_idle_timeout_seconds": null,
            "timeouts": null
          },
          "sensitive_attributes": [],
          "identity_schema_version": 0,
          "identity": {
            "arn": "arn:aws:elasticloadbalancing:us-east-2:750702272407:listener/app/frontend-public-alb-prod/e864e38bfea807f4/81d4cbf6a16cc7a4"
          },
          "private": "eyJlMmJmYjczMC1lY2FhLTExZTYtOGY4OC0zNDM2M2JjN2M0YzAiOnsiY3JlYXRlIjozMDAwMDAwMDAwMDAsInVwZGF0ZSI6MzAwMDAwMDAwMDAwfX0=",
          "dependencies": [
            "module.acm.aws_acm_certificate.app_cert",
            "module.acm.aws_acm_certificate_validation.app_cert_wait",
            "module.acm.aws_route53_record.cert_validation",
            "module.acm.data.aws_route53_zone.main",
            "module.lb.aws_lb.frontend_alb",
            "module.lb.aws_lb_target_group.frontend_tg",
            "module.sg.aws_security_group.frontend_alb_sg",
            "module.vpc.aws_subnet.pub_sub_1a",
            "module.vpc.aws_subnet.pub_sub_2b",
            "module.vpc.aws_vpc.vpc",
            "module.vpc.data.aws_availability_zones.available_zones"
          ]
        }
      ]
    },
    {
      "module": "module.lb",
      "mode": "managed",
      "type": "aws_lb_listener",
      "name": "backend_listener",
      "provider": "provider[\"registry.terraform.io/hashicorp/aws\"]",
      "instances": [
        {
          "schema_version": 0,
          "attributes": {
            "alpn_policy": null,
            "arn": "arn:aws:elasticloadbalancing:us-east-2:750702272407:listener/app/backend-internal-alb-prod/b25dedc554b69fd2/599303021c642612",
            "certificate_arn": null,
            "default_action": [
              {
                "authenticate_cognito": [],
                "authenticate_oidc": [],
                "fixed_response": [],
                "forward": [],
                "jwt_validation": [],
                "order": 1,
                "redirect": [],
                "target_group_arn": "arn:aws:elasticloadbalancing:us-east-2:750702272407:targetgroup/backend-internal-tg/cc8027749f3d98f8",
                "type": "forward"
              }
            ],
            "id": "arn:aws:elasticloadbalancing:us-east-2:750702272407:listener/app/backend-internal-alb-prod/b25dedc554b69fd2/599303021c642612",
            "load_balancer_arn": "arn:aws:elasticloadbalancing:us-east-2:750702272407:loadbalancer/app/backend-internal-alb-prod/b25dedc554b69fd2",
            "mutual_authentication": [],
            "port": 80,
            "protocol": "HTTP",
            "region": "us-east-2",
            "routing_http_request_x_amzn_mtls_clientcert_header_name": null,
            "routing_http_request_x_amzn_mtls_clientcert_issuer_header_name": null,
            "routing_http_request_x_amzn_mtls_clientcert_leaf_header_name": null,
            "routing_http_request_x_amzn_mtls_clientcert_serial_number_header_name": null,
            "routing_http_request_x_amzn_mtls_clientcert_subject_header_name": null,
            "routing_http_request_x_amzn_mtls_clientcert_validity_header_name": null,
            "routing_http_request_x_amzn_tls_cipher_suite_header_name": null,
            "routing_http_request_x_amzn_tls_version_header_name": null,
            "routing_http_response_access_control_allow_credentials_header_value": "",
            "routing_http_response_access_control_allow_headers_header_value": "",
            "routing_http_response_access_control_allow_methods_header_value": "",
            "routing_http_response_access_control_allow_origin_header_value": "",
            "routing_http_response_access_control_expose_headers_header_value": "",
            "routing_http_response_access_control_max_age_header_value": "",
            "routing_http_response_content_security_policy_header_value": "",
            "routing_http_response_server_enabled": true,
            "routing_http_response_strict_transport_security_header_value": "",
            "routing_http_response_x_content_type_options_header_value": "",
            "routing_http_response_x_frame_options_header_value": "",
            "ssl_policy": "",
            "tags": {},
            "tags_all": {},
            "tcp_idle_timeout_seconds": null,
            "timeouts": null
          },
          "sensitive_attributes": [],
          "identity_schema_version": 0,
          "identity": {
            "arn": "arn:aws:elasticloadbalancing:us-east-2:750702272407:listener/app/backend-internal-alb-prod/b25dedc554b69fd2/599303021c642612"
          },
          "private": "eyJlMmJmYjczMC1lY2FhLTExZTYtOGY4OC0zNDM2M2JjN2M0YzAiOnsiY3JlYXRlIjozMDAwMDAwMDAwMDAsInVwZGF0ZSI6MzAwMDAwMDAwMDAwfX0=",
          "dependencies": [
            "module.lb.aws_lb.backend_alb",
            "module.lb.aws_lb_target_group.backend_tg",
            "module.nat_instance.aws_subnet.pri_sub_3a",
            "module.nat_instance.aws_subnet.pri_sub_4b",
            "module.nat_instance.data.aws_availability_zones.available_zones",
            "module.sg.aws_security_group.backend_alb_sg",
            "module.sg.aws_security_group.ecs_node_frontend_sg",
            "module.sg.aws_security_group.frontend_alb_sg",
            "module.vpc.aws_vpc.vpc"
          ]
        }
      ]
    },
    {
      "module": "module.lb",
      "mode": "managed",
      "type": "aws_lb_listener",
      "name": "http_redirect",
      "provider": "provider[\"registry.terraform.io/hashicorp/aws\"]",
      "instances": [
        {
          "schema_version": 0,
          "attributes": {
            "alpn_policy": null,
            "arn": "arn:aws:elasticloadbalancing:us-east-2:750702272407:listener/app/frontend-public-alb-prod/e864e38bfea807f4/07e0458dcb09c56e",
            "certificate_arn": null,
            "default_action": [
              {
                "authenticate_cognito": [],
                "authenticate_oidc": [],
                "fixed_response": [],
                "forward": [],
                "jwt_validation": [],
                "order": 1,
                "redirect": [
                  {
                    "host": "#{host}",
                    "path": "/#{path}",
                    "port": "443",
                    "protocol": "HTTPS",
                    "query": "#{query}",
                    "status_code": "HTTP_301"
                  }
                ],
                "target_group_arn": "",
                "type": "redirect"
              }
            ],
            "id": "arn:aws:elasticloadbalancing:us-east-2:750702272407:listener/app/frontend-public-alb-prod/e864e38bfea807f4/07e0458dcb09c56e",
            "load_balancer_arn": "arn:aws:elasticloadbalancing:us-east-2:750702272407:loadbalancer/app/frontend-public-alb-prod/e864e38bfea807f4",
            "mutual_authentication": [],
            "port": 80,
            "protocol": "HTTP",
            "region": "us-east-2",
            "routing_http_request_x_amzn_mtls_clientcert_header_name": null,
            "routing_http_request_x_amzn_mtls_clientcert_issuer_header_name": null,
            "routing_http_request_x_amzn_mtls_clientcert_leaf_header_name": null,
            "routing_http_request_x_amzn_mtls_clientcert_serial_number_header_name": null,
            "routing_http_request_x_amzn_mtls_clientcert_subject_header_name": null,
            "routing_http_request_x_amzn_mtls_clientcert_validity_header_name": null,
            "routing_http_request_x_amzn_tls_cipher_suite_header_name": null,
            "routing_http_request_x_amzn_tls_version_header_name": null,
            "routing_http_response_access_control_allow_credentials_header_value": "",
            "routing_http_response_access_control_allow_headers_header_value": "",
            "routing_http_response_access_control_allow_methods_header_value": "",
            "routing_http_response_access_control_allow_origin_header_value": "",
            "routing_http_response_access_control_expose_headers_header_value": "",
            "routing_http_response_access_control_max_age_header_value": "",
            "routing_http_response_content_security_policy_header_value": "",
            "routing_http_response_server_enabled": true,
            "routing_http_response_strict_transport_security_header_value": "",
            "routing_http_response_x_content_type_options_header_value": "",
            "routing_http_response_x_frame_options_header_value": "",
            "ssl_policy": "",
            "tags": {},
            "tags_all": {},
            "tcp_idle_timeout_seconds": null,
            "timeouts": null
          },
          "sensitive_attributes": [],
          "identity_schema_version": 0,
          "identity": {
            "arn": "arn:aws:elasticloadbalancing:us-east-2:750702272407:listener/app/frontend-public-alb-prod/e864e38bfea807f4/07e0458dcb09c56e"
          },
          "private": "eyJlMmJmYjczMC1lY2FhLTExZTYtOGY4OC0zNDM2M2JjN2M0YzAiOnsiY3JlYXRlIjozMDAwMDAwMDAwMDAsInVwZGF0ZSI6MzAwMDAwMDAwMDAwfX0=",
          "dependencies": [
            "module.lb.aws_lb.frontend_alb",
            "module.sg.aws_security_group.frontend_alb_sg",
            "module.vpc.aws_subnet.pub_sub_1a",
            "module.vpc.aws_subnet.pub_sub_2b",
            "module.vpc.aws_vpc.vpc",
            "module.vpc.data.aws_availability_zones.available_zones"
          ]
        }
      ]
    },
    {
      "module": "module.lb",
      "mode": "managed",
      "type": "aws_lb_target_group",
      "name": "backend_tg",
      "provider": "provider[\"registry.terraform.io/hashicorp/aws\"]",
      "instances": [
        {
          "schema_version": 0,
          "attributes": {
            "arn": "arn:aws:elasticloadbalancing:us-east-2:750702272407:targetgroup/backend-internal-tg/cc8027749f3d98f8",
            "arn_suffix": "targetgroup/backend-internal-tg/cc8027749f3d98f8",
            "connection_termination": null,
            "deregistration_delay": "30",
            "health_check": [
              {
                "enabled": true,
                "healthy_threshold": 3,
                "interval": 10,
                "matcher": "200",
                "path": "/health",
                "port": "traffic-port",
                "protocol": "HTTP",
                "timeout": 5,
                "unhealthy_threshold": 3
              }
            ],
            "id": "arn:aws:elasticloadbalancing:us-east-2:750702272407:targetgroup/backend-internal-tg/cc8027749f3d98f8",
            "ip_address_type": "ipv4",
            "lambda_multi_value_headers_enabled": false,
            "load_balancer_arns": [
              "arn:aws:elasticloadbalancing:us-east-2:750702272407:loadbalancer/app/backend-internal-alb-prod/b25dedc554b69fd2"
            ],
            "load_balancing_algorithm_type": "round_robin",
            "load_balancing_anomaly_mitigation": "off",
            "load_balancing_cross_zone_enabled": "use_load_balancer_configuration",
            "name": "backend-internal-tg",
            "name_prefix": "",
            "port": 3200,
            "preserve_client_ip": null,
            "protocol": "HTTP",
            "protocol_version": "HTTP1",
            "proxy_protocol_v2": false,
            "region": "us-east-2",
            "slow_start": 0,
            "stickiness": [
              {
                "cookie_duration": 86400,
                "cookie_name": "",
                "enabled": false,
                "type": "lb_cookie"
              }
            ],
            "tags": {},
            "tags_all": {},
            "target_control_port": 0,
            "target_failover": [
              {
                "on_deregistration": null,
                "on_unhealthy": null
              }
            ],
            "target_group_health": [
              {
                "dns_failover": [
                  {
                    "minimum_healthy_targets_count": "1",
                    "minimum_healthy_targets_percentage": "off"
                  }
                ],
                "unhealthy_state_routing": [
                  {
                    "minimum_healthy_targets_count": 1,
                    "minimum_healthy_targets_percentage": "off"
                  }
                ]
              }
            ],
            "target_health_state": [
              {
                "enable_unhealthy_connection_termination": null,
                "unhealthy_draining_interval": null
              }
            ],
            "target_type": "instance",
            "vpc_id": "vpc-01dbad302026dea56"
          },
          "sensitive_attributes": [],
          "identity_schema_version": 0,
          "identity": {
            "arn": "arn:aws:elasticloadbalancing:us-east-2:750702272407:targetgroup/backend-internal-tg/cc8027749f3d98f8"
          },
          "private": "bnVsbA==",
          "dependencies": [
            "module.vpc.aws_vpc.vpc"
          ]
        }
      ]
    },
    {
      "module": "module.lb",
      "mode": "managed",
      "type": "aws_lb_target_group",
      "name": "frontend_tg",
      "provider": "provider[\"registry.terraform.io/hashicorp/aws\"]",
      "instances": [
        {
          "schema_version": 0,
          "attributes": {
            "arn": "arn:aws:elasticloadbalancing:us-east-2:750702272407:targetgroup/frontend-public-tg/7cd686bfa2a39a1c",
            "arn_suffix": "targetgroup/frontend-public-tg/7cd686bfa2a39a1c",
            "connection_termination": null,
            "deregistration_delay": "30",
            "health_check": [
              {
                "enabled": true,
                "healthy_threshold": 5,
                "interval": 30,
                "matcher": "200-399",
                "path": "/health",
                "port": "traffic-port",
                "protocol": "HTTP",
                "timeout": 15,
                "unhealthy_threshold": 3
              }
            ],
            "id": "arn:aws:elasticloadbalancing:us-east-2:750702272407:targetgroup/frontend-public-tg/7cd686bfa2a39a1c",
            "ip_address_type": "ipv4",
            "lambda_multi_value_headers_enabled": false,
            "load_balancer_arns": [
              "arn:aws:elasticloadbalancing:us-east-2:750702272407:loadbalancer/app/frontend-public-alb-prod/e864e38bfea807f4"
            ],
            "load_balancing_algorithm_type": "round_robin",
            "load_balancing_anomaly_mitigation": "off",
            "load_balancing_cross_zone_enabled": "use_load_balancer_configuration",
            "name": "frontend-public-tg",
            "name_prefix": "",
            "port": 80,
            "preserve_client_ip": null,
            "protocol": "HTTP",
            "protocol_version": "HTTP1",
            "proxy_protocol_v2": false,
            "region": "us-east-2",
            "slow_start": 0,
            "stickiness": [
              {
                "cookie_duration": 86400,
                "cookie_name": "",
                "enabled": false,
                "type": "lb_cookie"
              }
            ],
            "tags": {},
            "tags_all": {},
            "target_control_port": 0,
            "target_failover": [
              {
                "on_deregistration": null,
                "on_unhealthy": null
              }
            ],
            "target_group_health": [
              {
                "dns_failover": [
                  {
                    "minimum_healthy_targets_count": "1",
                    "minimum_healthy_targets_percentage": "off"
                  }
                ],
                "unhealthy_state_routing": [
                  {
                    "minimum_healthy_targets_count": 1,
                    "minimum_healthy_targets_percentage": "off"
                  }
                ]
              }
            ],
            "target_health_state": [
              {
                "enable_unhealthy_connection_termination": null,
                "unhealthy_draining_interval": null
              }
            ],
            "target_type": "instance",
            "vpc_id": "vpc-01dbad302026dea56"
          },
          "sensitive_attributes": [],
          "identity_schema_version": 0,
          "identity": {
            "arn": "arn:aws:elasticloadbalancing:us-east-2:750702272407:targetgroup/frontend-public-tg/7cd686bfa2a39a1c"
          },
          "private": "bnVsbA==",
          "dependencies": [
            "module.vpc.aws_vpc.vpc"
          ]
        }
      ]
    },
    {
      "module": "module.nat_instance",
      "mode": "data",
      "type": "aws_ami",
      "name": "latest_amazon_linux",
      "provider": "provider[\"registry.terraform.io/hashicorp/aws\"]",
      "instances": [
        {
          "schema_version": 0,
          "attributes": {
            "allow_unsafe_filter": null,
            "architecture": "arm64",
            "arn": "arn:aws:ec2:us-east-2::image/ami-003f75d2390ee71d8",
            "block_device_mappings": [
              {
                "device_name": "/dev/xvda",
                "ebs": {
                  "delete_on_termination": "true",
                  "encrypted": "false",
                  "iops": "3000",
                  "snapshot_id": "snap-0612857477369bfda",
                  "throughput": "125",
                  "volume_initialization_rate": "0",
                  "volume_size": "8",
                  "volume_type": "gp3"
                },
                "no_device": "",
                "virtual_name": ""
              }
            ],
            "boot_mode": "uefi",
            "creation_date": "2026-03-30T20:13:40.000Z",
            "deprecation_time": "2026-06-28T20:19:00.000Z",
            "description": "Amazon Linux 2023 AMI 2023.10.20260330.0 arm64 HVM kernel-6.18",
            "ena_support": true,
            "executable_users": null,
            "filter": [
              {
                "name": "name",
                "values": [
                  "al2023-ami-2023.*-arm64"
                ]
              },
              {
                "name": "virtualization-type",
                "values": [
                  "hvm"
                ]
              }
            ],
            "hypervisor": "xen",
            "id": "ami-003f75d2390ee71d8",
            "image_id": "ami-003f75d2390ee71d8",
            "image_location": "amazon/al2023-ami-2023.10.20260330.0-kernel-6.18-arm64",
            "image_owner_alias": "amazon",
            "image_type": "machine",
            "imds_support": "v2.0",
            "include_deprecated": false,
            "kernel_id": "",
            "last_launched_time": "",
            "most_recent": true,
            "name": "al2023-ami-2023.10.20260330.0-kernel-6.18-arm64",
            "name_regex": null,
            "owner_id": "137112412989",
            "owners": [
              "amazon"
            ],
            "platform": "",
            "platform_details": "Linux/UNIX",
            "product_codes": [],
            "public": true,
            "ramdisk_id": "",
            "region": "us-east-2",
            "root_device_name": "/dev/xvda",
            "root_device_type": "ebs",
            "root_snapshot_id": "snap-0612857477369bfda",
            "sriov_net_support": "simple",
            "state": "available",
            "state_reason": {
              "code": "UNSET",
              "message": "UNSET"
            },
            "tags": {},
            "timeouts": null,
            "tpm_support": "",
            "uefi_data": null,
            "usage_operation": "RunInstances",
            "virtualization_type": "hvm"
          },
          "sensitive_attributes": [],
          "identity_schema_version": 0
        }
      ]
    },
    {
      "module": "module.nat_instance",
      "mode": "data",
      "type": "aws_availability_zones",
      "name": "available_zones",
      "provider": "provider[\"registry.terraform.io/hashicorp/aws\"]",
      "instances": [
        {
          "schema_version": 0,
          "attributes": {
            "all_availability_zones": null,
            "exclude_names": null,
            "exclude_zone_ids": null,
            "filter": null,
            "group_names": [
              "us-east-2-zg-1"
            ],
            "id": "us-east-2",
            "names": [
              "us-east-2a",
              "us-east-2b",
              "us-east-2c"
            ],
            "region": "us-east-2",
            "state": null,
            "timeouts": null,
            "zone_ids": [
              "use2-az1",
              "use2-az2",
              "use2-az3"
            ]
          },
          "sensitive_attributes": [],
          "identity_schema_version": 0
        }
      ]
    },
    {
      "module": "module.nat_instance",
      "mode": "managed",
      "type": "aws_instance",
      "name": "nat_ec2_instance",
      "provider": "provider[\"registry.terraform.io/hashicorp/aws\"]",
      "instances": [
        {
          "schema_version": 2,
          "attributes": {
            "ami": "ami-003f75d2390ee71d8",
            "arn": "arn:aws:ec2:us-east-2:750702272407:instance/i-0cb733d2967fe7251",
            "associate_public_ip_address": true,
            "availability_zone": "us-east-2a",
            "capacity_reservation_specification": [
              {
                "capacity_reservation_preference": "open",
                "capacity_reservation_target": []
              }
            ],
            "cpu_options": [
              {
                "amd_sev_snp": "",
                "core_count": 2,
                "nested_virtualization": "",
                "threads_per_core": 1
              }
            ],
            "credit_specification": [
              {
                "cpu_credits": "unlimited"
              }
            ],
            "disable_api_stop": false,
            "disable_api_termination": false,
            "ebs_block_device": [],
            "ebs_optimized": false,
            "enable_primary_ipv6": null,
            "enclave_options": [
              {
                "enabled": false
              }
            ],
            "ephemeral_block_device": [],
            "force_destroy": false,
            "get_password_data": false,
            "hibernation": false,
            "host_id": "",
            "host_resource_group_arn": null,
            "iam_instance_profile": "ecsNodeProfile-prod",
            "id": "i-0cb733d2967fe7251",
            "instance_initiated_shutdown_behavior": "stop",
            "instance_lifecycle": "",
            "instance_market_options": [],
            "instance_state": "running",
            "instance_type": "t4g.small",
            "ipv6_address_count": 0,
            "ipv6_addresses": [],
            "key_name": "",
            "launch_template": [],
            "maintenance_options": [
              {
                "auto_recovery": "default"
              }
            ],
            "metadata_options": [
              {
                "http_endpoint": "enabled",
                "http_protocol_ipv6": "disabled",
                "http_put_response_hop_limit": 2,
                "http_tokens": "required",
                "instance_metadata_tags": "disabled"
              }
            ],
            "monitoring": false,
            "network_interface": [],
            "outpost_arn": "",
            "password_data": "",
            "placement_group": "",
            "placement_group_id": "",
            "placement_partition_number": 0,
            "primary_network_interface": [
              {
                "delete_on_termination": true,
                "network_interface_id": "eni-095e2c9fa4ae50392"
              }
            ],
            "primary_network_interface_id": "eni-095e2c9fa4ae50392",
            "private_dns": "ip-15-0-1-210.us-east-2.compute.internal",
            "private_dns_name_options": [
              {
                "enable_resource_name_dns_a_record": false,
                "enable_resource_name_dns_aaaa_record": false,
                "hostname_type": "ip-name"
              }
            ],
            "private_ip": "15.0.1.210",
            "public_dns": "ec2-52-14-219-1.us-east-2.compute.amazonaws.com",
            "public_ip": "52.14.219.1",
            "region": "us-east-2",
            "root_block_device": [
              {
                "delete_on_termination": true,
                "device_name": "/dev/xvda",
                "encrypted": false,
                "iops": 0,
                "kms_key_id": "",
                "tags": {},
                "tags_all": {},
                "throughput": 0,
                "volume_id": "vol-020090eff30e88404",
                "volume_size": 8,
                "volume_type": "standard"
              }
            ],
            "secondary_network_interface": [],
            "secondary_private_ips": [],
            "security_groups": [],
            "source_dest_check": false,
            "spot_instance_request_id": "",
            "subnet_id": "subnet-09a361a765812c177",
            "tags": {
              "Environment": "dev",
              "ManagedBy": "Terraform",
              "Name": "self-managed-nat-ec2-instance",
              "Project": "lirw-ecs",
              "Terraform": "true"
            },
            "tags_all": {
              "Environment": "dev",
              "ManagedBy": "Terraform",
              "Name": "self-managed-nat-ec2-instance",
              "Project": "lirw-ecs",
              "Terraform": "true"
            },
            "tenancy": "default",
            "timeouts": null,
            "user_data": "#!/bin/bash\nsudo yum install iptables-services -y\nsudo systemctl enable iptables\nsudo systemctl start iptables\necho \"net.ipv4.ip_forward=1\" \u003e /etc/sysctl.d/custom-ip-forwarding.conf\nsudo sysctl -p /etc/sysctl.d/custom-ip-forwarding.conf\nsudo /sbin/iptables -t nat -A POSTROUTING -o ens5 -j MASQUERADE\nsudo /sbin/iptables -F FORWARD\nsudo service iptables save",
            "user_data_base64": null,
            "user_data_replace_on_change": false,
            "volume_tags": null,
            "vpc_security_group_ids": [
              "sg-058912e59de0eb1fd"
            ]
          },
          "sensitive_attributes": [],
          "identity_schema_version": 0,
          "identity": {
            "account_id": "750702272407",
            "id": "i-0cb733d2967fe7251",
            "region": "us-east-2"
          },
          "private": "eyJlMmJmYjczMC1lY2FhLTExZTYtOGY4OC0zNDM2M2JjN2M0YzAiOnsiY3JlYXRlIjo2MDAwMDAwMDAwMDAsImRlbGV0ZSI6MTIwMDAwMDAwMDAwMCwicmVhZCI6OTAwMDAwMDAwMDAwLCJ1cGRhdGUiOjYwMDAwMDAwMDAwMH0sInNjaGVtYV92ZXJzaW9uIjoiMiJ9",
          "dependencies": [
            "module.iam.aws_iam_instance_profile.ecs_node_profile",
            "module.iam.aws_iam_role.ecs_node_role",
            "module.iam.data.aws_iam_policy_document.ec2_assume_role",
            "module.nat_instance.aws_security_group.nat_ec2_sg",
            "module.nat_instance.data.aws_ami.latest_amazon_linux",
            "module.vpc.aws_subnet.pub_sub_1a",
            "module.vpc.aws_vpc.vpc",
            "module.vpc.data.aws_availability_zones.available_zones"
          ]
        }
      ]
    },
    {
      "module": "module.nat_instance",
      "mode": "managed",
      "type": "aws_route_table",
      "name": "pri-rt-a",
      "provider": "provider[\"registry.terraform.io/hashicorp/aws\"]",
      "instances": [
        {
          "schema_version": 0,
          "attributes": {
            "arn": "arn:aws:ec2:us-east-2:750702272407:route-table/rtb-0b1e1c229993f06d8",
            "id": "rtb-0b1e1c229993f06d8",
            "owner_id": "750702272407",
            "propagating_vgws": [],
            "region": "us-east-2",
            "route": [
              {
                "carrier_gateway_id": "",
                "cidr_block": "0.0.0.0/0",
                "core_network_arn": "",
                "destination_prefix_list_id": "",
                "egress_only_gateway_id": "",
                "gateway_id": "",
                "ipv6_cidr_block": "",
                "local_gateway_id": "",
                "nat_gateway_id": "",
                "network_interface_id": "eni-095e2c9fa4ae50392",
                "transit_gateway_id": "",
                "vpc_endpoint_id": "",
                "vpc_peering_connection_id": ""
              }
            ],
            "tags": {
              "Environment": "prod",
              "ManagedBy": "Terraform",
              "Name": "Pri-rt-a",
              "Project": "lirw-ecs"
            },
            "tags_all": {
              "Environment": "prod",
              "ManagedBy": "Terraform",
              "Name": "Pri-rt-a",
              "Project": "lirw-ecs"
            },
            "timeouts": null,
            "vpc_id": "vpc-01dbad302026dea56"
          },
          "sensitive_attributes": [],
          "identity_schema_version": 0,
          "identity": {
            "account_id": "750702272407",
            "id": "rtb-0b1e1c229993f06d8",
            "region": "us-east-2"
          },
          "private": "eyJlMmJmYjczMC1lY2FhLTExZTYtOGY4OC0zNDM2M2JjN2M0YzAiOnsiY3JlYXRlIjozMDAwMDAwMDAwMDAsImRlbGV0ZSI6MzAwMDAwMDAwMDAwLCJ1cGRhdGUiOjEyMDAwMDAwMDAwMH19",
          "dependencies": [
            "module.iam.aws_iam_instance_profile.ecs_node_profile",
            "module.iam.aws_iam_role.ecs_node_role",
            "module.iam.data.aws_iam_policy_document.ec2_assume_role",
            "module.nat_instance.aws_instance.nat_ec2_instance",
            "module.nat_instance.aws_security_group.nat_ec2_sg",
            "module.nat_instance.data.aws_ami.latest_amazon_linux",
            "module.vpc.aws_subnet.pub_sub_1a",
            "module.vpc.aws_vpc.vpc",
            "module.vpc.data.aws_availability_zones.available_zones"
          ]
        }
      ]
    },
    {
      "module": "module.nat_instance",
      "mode": "managed",
      "type": "aws_route_table_association",
      "name": "pri-sub-3a-with-Pri-rt-a",
      "provider": "provider[\"registry.terraform.io/hashicorp/aws\"]",
      "instances": [
        {
          "schema_version": 0,
          "attributes": {
            "gateway_id": "",
            "id": "rtbassoc-05da9ef2144bd8121",
            "region": "us-east-2",
            "route_table_id": "rtb-0b1e1c229993f06d8",
            "subnet_id": "subnet-00c33c6cdd20960ac",
            "timeouts": null
          },
          "sensitive_attributes": [],
          "identity_schema_version": 0,
          "private": "eyJlMmJmYjczMC1lY2FhLTExZTYtOGY4OC0zNDM2M2JjN2M0YzAiOnsiY3JlYXRlIjozMDAwMDAwMDAwMDAsImRlbGV0ZSI6MzAwMDAwMDAwMDAwLCJ1cGRhdGUiOjEyMDAwMDAwMDAwMH19",
          "dependencies": [
            "module.iam.aws_iam_instance_profile.ecs_node_profile",
            "module.iam.aws_iam_role.ecs_node_role",
            "module.iam.data.aws_iam_policy_document.ec2_assume_role",
            "module.nat_instance.aws_instance.nat_ec2_instance",
            "module.nat_instance.aws_route_table.pri-rt-a",
            "module.nat_instance.aws_security_group.nat_ec2_sg",
            "module.nat_instance.aws_subnet.pri_sub_3a",
            "module.nat_instance.data.aws_ami.latest_amazon_linux",
            "module.nat_instance.data.aws_availability_zones.available_zones",
            "module.vpc.aws_subnet.pub_sub_1a",
            "module.vpc.aws_vpc.vpc",
            "module.vpc.data.aws_availability_zones.available_zones"
          ]
        }
      ]
    },
    {
      "module": "module.nat_instance",
      "mode": "managed",
      "type": "aws_route_table_association",
      "name": "pri-sub-4b-with-Pri-rt-b",
      "provider": "provider[\"registry.terraform.io/hashicorp/aws\"]",
      "instances": [
        {
          "schema_version": 0,
          "attributes": {
            "gateway_id": "",
            "id": "rtbassoc-094e241065332575f",
            "region": "us-east-2",
            "route_table_id": "rtb-0b1e1c229993f06d8",
            "subnet_id": "subnet-0a012c972b2919b1f",
            "timeouts": null
          },
          "sensitive_attributes": [],
          "identity_schema_version": 0,
          "private": "eyJlMmJmYjczMC1lY2FhLTExZTYtOGY4OC0zNDM2M2JjN2M0YzAiOnsiY3JlYXRlIjozMDAwMDAwMDAwMDAsImRlbGV0ZSI6MzAwMDAwMDAwMDAwLCJ1cGRhdGUiOjEyMDAwMDAwMDAwMH19",
          "dependencies": [
            "module.iam.aws_iam_instance_profile.ecs_node_profile",
            "module.iam.aws_iam_role.ecs_node_role",
            "module.iam.data.aws_iam_policy_document.ec2_assume_role",
            "module.nat_instance.aws_instance.nat_ec2_instance",
            "module.nat_instance.aws_route_table.pri-rt-a",
            "module.nat_instance.aws_security_group.nat_ec2_sg",
            "module.nat_instance.aws_subnet.pri_sub_4b",
            "module.nat_instance.data.aws_ami.latest_amazon_linux",
            "module.nat_instance.data.aws_availability_zones.available_zones",
            "module.vpc.aws_subnet.pub_sub_1a",
            "module.vpc.aws_vpc.vpc",
            "module.vpc.data.aws_availability_zones.available_zones"
          ]
        }
      ]
    },
    {
      "module": "module.nat_instance",
      "mode": "managed",
      "type": "aws_security_group",
      "name": "nat_ec2_sg",
      "provider": "provider[\"registry.terraform.io/hashicorp/aws\"]",
      "instances": [
        {
          "schema_version": 1,
          "attributes": {
            "arn": "arn:aws:ec2:us-east-2:750702272407:security-group/sg-058912e59de0eb1fd",
            "description": "Security group of Self-Managed NAT EC2 Instance",
            "egress": [
              {
                "cidr_blocks": [
                  "0.0.0.0/0"
                ],
                "description": "Allow all outbound traffic",
                "from_port": 0,
                "ipv6_cidr_blocks": [],
                "prefix_list_ids": [],
                "protocol": "-1",
                "security_groups": [],
                "self": false,
                "to_port": 0
              }
            ],
            "id": "sg-058912e59de0eb1fd",
            "ingress": [
              {
                "cidr_blocks": [
                  "15.0.0.0/16"
                ],
                "description": "Allow all TCP traffic from VPC CIDR",
                "from_port": 0,
                "ipv6_cidr_blocks": [],
                "prefix_list_ids": [],
                "protocol": "tcp",
                "security_groups": [],
                "self": false,
                "to_port": 65535
              }
            ],
            "name": "self-managed-nat-ec2-sg",
            "name_prefix": "",
            "owner_id": "750702272407",
            "region": "us-east-2",
            "revoke_rules_on_delete": false,
            "tags": {
              "Environment": "dev",
              "ManagedBy": "Terraform",
              "Name": "self-managed-nat-ec2-instance-sg",
              "Project": "lirw-ecs",
              "Terraform": "true"
            },
            "tags_all": {
              "Environment": "dev",
              "ManagedBy": "Terraform",
              "Name": "self-managed-nat-ec2-instance-sg",
              "Project": "lirw-ecs",
              "Terraform": "true"
            },
            "timeouts": null,
            "vpc_id": "vpc-01dbad302026dea56"
          },
          "sensitive_attributes": [],
          "identity_schema_version": 0,
          "identity": {
            "account_id": "750702272407",
            "id": "sg-058912e59de0eb1fd",
            "region": "us-east-2"
          },
          "private": "eyJlMmJmYjczMC1lY2FhLTExZTYtOGY4OC0zNDM2M2JjN2M0YzAiOnsiY3JlYXRlIjo2MDAwMDAwMDAwMDAsImRlbGV0ZSI6OTAwMDAwMDAwMDAwfSwic2NoZW1hX3ZlcnNpb24iOiIxIn0=",
          "dependencies": [
            "module.vpc.aws_vpc.vpc"
          ]
        }
      ]
    },
    {
      "module": "module.nat_instance",
      "mode": "managed",
      "type": "aws_subnet",
      "name": "pri_sub_3a",
      "provider": "provider[\"registry.terraform.io/hashicorp/aws\"]",
      "instances": [
        {
          "schema_version": 1,
          "attributes": {
            "arn": "arn:aws:ec2:us-east-2:750702272407:subnet/subnet-00c33c6cdd20960ac",
            "assign_ipv6_address_on_creation": false,
            "availability_zone": "us-east-2a",
            "availability_zone_id": "use2-az1",
            "cidr_block": "15.0.3.0/24",
            "customer_owned_ipv4_pool": "",
            "enable_dns64": false,
            "enable_lni_at_device_index": 0,
            "enable_resource_name_dns_a_record_on_launch": false,
            "enable_resource_name_dns_aaaa_record_on_launch": false,
            "id": "subnet-00c33c6cdd20960ac",
            "ipv4_ipam_pool_id": null,
            "ipv4_netmask_length": null,
            "ipv6_cidr_block": "",
            "ipv6_cidr_block_association_id": "",
            "ipv6_ipam_pool_id": null,
            "ipv6_native": false,
            "ipv6_netmask_length": null,
            "map_customer_owned_ip_on_launch": false,
            "map_public_ip_on_launch": false,
            "outpost_arn": "",
            "owner_id": "750702272407",
            "private_dns_hostname_type_on_launch": "ip-name",
            "region": "us-east-2",
            "tags": {
              "Environment": "prod",
              "ManagedBy": "Terraform",
              "Name": "pri-sub-3a",
              "Project": "lirw-ecs"
            },
            "tags_all": {
              "Environment": "prod",
              "ManagedBy": "Terraform",
              "Name": "pri-sub-3a",
              "Project": "lirw-ecs"
            },
            "timeouts": null,
            "vpc_id": "vpc-01dbad302026dea56"
          },
          "sensitive_attributes": [],
          "identity_schema_version": 0,
          "identity": {
            "account_id": "750702272407",
            "id": "subnet-00c33c6cdd20960ac",
            "region": "us-east-2"
          },
          "private": "eyJlMmJmYjczMC1lY2FhLTExZTYtOGY4OC0zNDM2M2JjN2M0YzAiOnsiY3JlYXRlIjo2MDAwMDAwMDAwMDAsImRlbGV0ZSI6MTIwMDAwMDAwMDAwMH0sInNjaGVtYV92ZXJzaW9uIjoiMSJ9",
          "dependencies": [
            "module.nat_instance.data.aws_availability_zones.available_zones",
            "module.vpc.aws_vpc.vpc"
          ]
        }
      ]
    },
    {
      "module": "module.nat_instance",
      "mode": "managed",
      "type": "aws_subnet",
      "name": "pri_sub_4b",
      "provider": "provider[\"registry.terraform.io/hashicorp/aws\"]",
      "instances": [
        {
          "schema_version": 1,
          "attributes": {
            "arn": "arn:aws:ec2:us-east-2:750702272407:subnet/subnet-0a012c972b2919b1f",
            "assign_ipv6_address_on_creation": false,
            "availability_zone": "us-east-2b",
            "availability_zone_id": "use2-az2",
            "cidr_block": "15.0.4.0/24",
            "customer_owned_ipv4_pool": "",
            "enable_dns64": false,
            "enable_lni_at_device_index": 0,
            "enable_resource_name_dns_a_record_on_launch": false,
            "enable_resource_name_dns_aaaa_record_on_launch": false,
            "id": "subnet-0a012c972b2919b1f",
            "ipv4_ipam_pool_id": null,
            "ipv4_netmask_length": null,
            "ipv6_cidr_block": "",
            "ipv6_cidr_block_association_id": "",
            "ipv6_ipam_pool_id": null,
            "ipv6_native": false,
            "ipv6_netmask_length": null,
            "map_customer_owned_ip_on_launch": false,
            "map_public_ip_on_launch": false,
            "outpost_arn": "",
            "owner_id": "750702272407",
            "private_dns_hostname_type_on_launch": "ip-name",
            "region": "us-east-2",
            "tags": {
              "Environment": "prod",
              "ManagedBy": "Terraform",
              "Name": "pri-sub-4b",
              "Project": "lirw-ecs"
            },
            "tags_all": {
              "Environment": "prod",
              "ManagedBy": "Terraform",
              "Name": "pri-sub-4b",
              "Project": "lirw-ecs"
            },
            "timeouts": null,
            "vpc_id": "vpc-01dbad302026dea56"
          },
          "sensitive_attributes": [],
          "identity_schema_version": 0,
          "identity": {
            "account_id": "750702272407",
            "id": "subnet-0a012c972b2919b1f",
            "region": "us-east-2"
          },
          "private": "eyJlMmJmYjczMC1lY2FhLTExZTYtOGY4OC0zNDM2M2JjN2M0YzAiOnsiY3JlYXRlIjo2MDAwMDAwMDAwMDAsImRlbGV0ZSI6MTIwMDAwMDAwMDAwMH0sInNjaGVtYV92ZXJzaW9uIjoiMSJ9",
          "dependencies": [
            "module.nat_instance.data.aws_availability_zones.available_zones",
            "module.vpc.aws_vpc.vpc"
          ]
        }
      ]
    },
    {
      "module": "module.rds",
      "mode": "managed",
      "type": "aws_db_instance",
      "name": "mysql_db",
      "provider": "provider[\"registry.terraform.io/hashicorp/aws\"]",
      "instances": [
        {
          "schema_version": 2,
          "attributes": {
            "address": "lirw-ecs-db-prod.cvm62c24o6ge.us-east-2.rds.amazonaws.com",
            "allocated_storage": 20,
            "allow_major_version_upgrade": null,
            "apply_immediately": false,
            "arn": "arn:aws:rds:us-east-2:750702272407:db:lirw-ecs-db-prod",
            "auto_minor_version_upgrade": true,
            "availability_zone": "us-east-2b",
            "backup_retention_period": 0,
            "backup_target": "region",
            "backup_window": "08:45-09:15",
            "blue_green_update": [],
            "ca_cert_identifier": "rds-ca-rsa2048-g1",
            "character_set_name": "",
            "copy_tags_to_snapshot": false,
            "custom_iam_instance_profile": "",
            "customer_owned_ip_enabled": false,
            "database_insights_mode": "standard",
            "db_name": "lirwECSDB",
            "db_subnet_group_name": "rds-subnet-group-prod",
            "dedicated_log_volume": false,
            "delete_automated_backups": true,
            "deletion_protection": false,
            "domain": "",
            "domain_auth_secret_arn": "",
            "domain_dns_ips": [],
            "domain_fqdn": "",
            "domain_iam_role_name": "",
            "domain_ou": "",
            "enabled_cloudwatch_logs_exports": [],
            "endpoint": "lirw-ecs-db-prod.cvm62c24o6ge.us-east-2.rds.amazonaws.com:3306",
            "engine": "mysql",
            "engine_lifecycle_support": "open-source-rds-extended-support",
            "engine_version": "8.0",
            "engine_version_actual": "8.0.45",
            "final_snapshot_identifier": null,
            "hosted_zone_id": "Z2XHWR1WZ565X2",
            "iam_database_authentication_enabled": false,
            "id": "db-PAQ4FLNHYV3AAWH65S5PNGTERI",
            "identifier": "lirw-ecs-db-prod",
            "identifier_prefix": "",
            "instance_class": "db.t3.micro",
            "iops": 3000,
            "kms_key_id": "",
            "latest_restorable_time": "",
            "license_model": "general-public-license",
            "listener_endpoint": [],
            "maintenance_window": "sun:03:27-sun:03:57",
            "manage_master_user_password": null,
            "master_user_secret": [],
            "master_user_secret_kms_key_id": null,
            "max_allocated_storage": 0,
            "monitoring_interval": 0,
            "monitoring_role_arn": "",
            "multi_az": false,
            "nchar_character_set_name": "",
            "network_type": "IPV4",
            "option_group_name": "default:mysql-8-0",
            "parameter_group_name": "default.mysql8.0",
            "password": "okqm9O7cbuuL2e1z",
            "password_wo": null,
            "password_wo_version": null,
            "performance_insights_enabled": false,
            "performance_insights_kms_key_id": "",
            "performance_insights_retention_period": 0,
            "port": 3306,
            "publicly_accessible": false,
            "region": "us-east-2",
            "replica_mode": "",
            "replicas": [],
            "replicate_source_db": "",
            "resource_id": "db-PAQ4FLNHYV3AAWH65S5PNGTERI",
            "restore_to_point_in_time": [],
            "s3_import": [],
            "skip_final_snapshot": true,
            "snapshot_identifier": null,
            "status": "available",
            "storage_encrypted": false,
            "storage_throughput": 125,
            "storage_type": "gp3",
            "tags": {},
            "tags_all": {},
            "timeouts": null,
            "timezone": "",
            "upgrade_rollout_order": "second",
            "upgrade_storage_config": null,
            "username": "admin123",
            "vpc_security_group_ids": [
              "sg-0a374ec3974b282af"
            ]
          },
          "sensitive_attributes": [
            [
              {
                "type": "get_attr",
                "value": "password"
              }
            ],
            [
              {
                "type": "get_attr",
                "value": "password_wo"
              }
            ]
          ],
          "identity_schema_version": 0,
          "private": "eyJlMmJmYjczMC1lY2FhLTExZTYtOGY4OC0zNDM2M2JjN2M0YzAiOnsiY3JlYXRlIjozMDAwMDAwMDAwMDAwLCJkZWxldGUiOjM2MDAwMDAwMDAwMDAsInVwZGF0ZSI6NDgwMDAwMDAwMDAwMH0sInNjaGVtYV92ZXJzaW9uIjoiMiJ9",
          "dependencies": [
            "module.rds.aws_db_subnet_group.main",
            "module.rds.random_password.db_password",
            "module.sg.aws_security_group.backend_alb_sg",
            "module.sg.aws_security_group.ecs_node_backend_sg",
            "module.sg.aws_security_group.ecs_node_frontend_sg",
            "module.sg.aws_security_group.ecs_node_rds_sg",
            "module.sg.aws_security_group.frontend_alb_sg",
            "module.vpc.aws_subnet.pri_sub_5a",
            "module.vpc.aws_subnet.pri_sub_6b",
            "module.vpc.aws_vpc.vpc",
            "module.vpc.data.aws_availability_zones.available_zones"
          ]
        }
      ]
    },
    {
      "module": "module.rds",
      "mode": "managed",
      "type": "aws_db_subnet_group",
      "name": "main",
      "provider": "provider[\"registry.terraform.io/hashicorp/aws\"]",
      "instances": [
        {
          "schema_version": 0,
          "attributes": {
            "arn": "arn:aws:rds:us-east-2:750702272407:subgrp:rds-subnet-group-prod",
            "description": "Managed by Terraform",
            "id": "rds-subnet-group-prod",
            "name": "rds-subnet-group-prod",
            "name_prefix": "",
            "region": "us-east-2",
            "subnet_ids": [
              "subnet-062f38897528572e3",
              "subnet-0b1446e2dae000e8d"
            ],
            "supported_network_types": [
              "IPV4"
            ],
            "tags": {
              "Name": "Main DB Subnet Group"
            },
            "tags_all": {
              "Name": "Main DB Subnet Group"
            },
            "vpc_id": "vpc-01dbad302026dea56"
          },
          "sensitive_attributes": [],
          "identity_schema_version": 0,
          "private": "bnVsbA==",
          "dependencies": [
            "module.vpc.aws_subnet.pri_sub_5a",
            "module.vpc.aws_subnet.pri_sub_6b",
            "module.vpc.aws_vpc.vpc",
            "module.vpc.data.aws_availability_zones.available_zones"
          ]
        }
      ]
    },
    {
      "module": "module.rds",
      "mode": "managed",
      "type": "random_password",
      "name": "db_password",
      "provider": "provider[\"registry.terraform.io/hashicorp/random\"]",
      "instances": [
        {
          "schema_version": 3,
          "attributes": {
            "bcrypt_hash": "$2a$10$D81swmxLaLbiyOi2GZuumu.Asok4dhU12OdGDLl0B0Z0zt5AqST4e",
            "id": "none",
            "keepers": null,
            "length": 16,
            "lower": true,
            "min_lower": 0,
            "min_numeric": 0,
            "min_special": 0,
            "min_upper": 0,
            "number": true,
            "numeric": true,
            "override_special": null,
            "result": "okqm9O7cbuuL2e1z",
            "special": false,
            "upper": true
          },
          "sensitive_attributes": [
            [
              {
                "type": "get_attr",
                "value": "bcrypt_hash"
              }
            ],
            [
              {
                "type": "get_attr",
                "value": "result"
              }
            ]
          ],
          "identity_schema_version": 0
        }
      ]
    },
    {
      "module": "module.route53",
      "mode": "data",
      "type": "aws_route53_zone",
      "name": "main",
      "provider": "provider[\"registry.terraform.io/hashicorp/aws\"]",
      "instances": [
        {
          "schema_version": 0,
          "attributes": {
            "arn": "arn:aws:route53:::hostedzone/Z03734561H6VSTITHNQXJ",
            "caller_reference": "24069738-bd71-4c15-a34c-706d67b5c281",
            "comment": "personal use",
            "enable_accelerated_recovery": false,
            "id": "Z03734561H6VSTITHNQXJ",
            "linked_service_description": null,
            "linked_service_principal": null,
            "name": "devsandbox.space",
            "name_servers": [
              "ns-187.awsdns-23.com",
              "ns-676.awsdns-20.net",
              "ns-1208.awsdns-23.org",
              "ns-2026.awsdns-61.co.uk"
            ],
            "primary_name_server": "ns-187.awsdns-23.com",
            "private_zone": false,
            "resource_record_set_count": 10,
            "tags": {},
            "vpc_id": null,
            "zone_id": "Z03734561H6VSTITHNQXJ"
          },
          "sensitive_attributes": [],
          "identity_schema_version": 0
        }
      ]
    },
    {
      "module": "module.route53",
      "mode": "managed",
      "type": "aws_route53_record",
      "name": "api_alias",
      "provider": "provider[\"registry.terraform.io/hashicorp/aws\"]",
      "instances": [
        {
          "schema_version": 2,
          "attributes": {
            "alias": [
              {
                "evaluate_target_health": true,
                "name": "internal-backend-internal-alb-prod-570645990.us-east-2.elb.amazonaws.com",
                "zone_id": "Z3AADJGX6KTTL2"
              }
            ],
            "allow_overwrite": null,
            "cidr_routing_policy": [],
            "failover_routing_policy": [],
            "fqdn": "api-prod.devsandbox.space",
            "geolocation_routing_policy": [],
            "geoproximity_routing_policy": [],
            "health_check_id": "",
            "id": "Z03734561H6VSTITHNQXJ_api-prod.devsandbox.space_A",
            "latency_routing_policy": [],
            "multivalue_answer_routing_policy": false,
            "name": "api-prod.devsandbox.space",
            "records": [],
            "set_identifier": "",
            "timeouts": null,
            "ttl": 0,
            "type": "A",
            "weighted_routing_policy": [],
            "zone_id": "Z03734561H6VSTITHNQXJ"
          },
          "sensitive_attributes": [],
          "identity_schema_version": 0,
          "identity": {
            "account_id": "750702272407",
            "name": "api-prod.devsandbox.space",
            "set_identifier": null,
            "type": "A",
            "zone_id": "Z03734561H6VSTITHNQXJ"
          },
          "private": "eyJlMmJmYjczMC1lY2FhLTExZTYtOGY4OC0zNDM2M2JjN2M0YzAiOnsiY3JlYXRlIjoxODAwMDAwMDAwMDAwLCJkZWxldGUiOjE4MDAwMDAwMDAwMDAsInVwZGF0ZSI6MTgwMDAwMDAwMDAwMH0sInNjaGVtYV92ZXJzaW9uIjoiMiJ9",
          "dependencies": [
            "module.lb.aws_lb.backend_alb",
            "module.nat_instance.aws_subnet.pri_sub_3a",
            "module.nat_instance.aws_subnet.pri_sub_4b",
            "module.nat_instance.data.aws_availability_zones.available_zones",
            "module.route53.data.aws_route53_zone.main",
            "module.sg.aws_security_group.backend_alb_sg",
            "module.sg.aws_security_group.ecs_node_frontend_sg",
            "module.sg.aws_security_group.frontend_alb_sg",
            "module.vpc.aws_vpc.vpc"
          ]
        }
      ]
    },
    {
      "module": "module.route53",
      "mode": "managed",
      "type": "aws_route53_record",
      "name": "env_alias",
      "provider": "provider[\"registry.terraform.io/hashicorp/aws\"]",
      "instances": [
        {
          "schema_version": 2,
          "attributes": {
            "alias": [
              {
                "evaluate_target_health": true,
                "name": "frontend-public-alb-prod-1820980427.us-east-2.elb.amazonaws.com",
                "zone_id": "Z3AADJGX6KTTL2"
              }
            ],
            "allow_overwrite": null,
            "cidr_routing_policy": [],
            "failover_routing_policy": [],
            "fqdn": "prod.devsandbox.space",
            "geolocation_routing_policy": [],
            "geoproximity_routing_policy": [],
            "health_check_id": "",
            "id": "Z03734561H6VSTITHNQXJ_prod.devsandbox.space_A",
            "latency_routing_policy": [],
            "multivalue_answer_routing_policy": false,
            "name": "prod.devsandbox.space",
            "records": [],
            "set_identifier": "",
            "timeouts": null,
            "ttl": 0,
            "type": "A",
            "weighted_routing_policy": [],
            "zone_id": "Z03734561H6VSTITHNQXJ"
          },
          "sensitive_attributes": [],
          "identity_schema_version": 0,
          "identity": {
            "account_id": "750702272407",
            "name": "prod.devsandbox.space",
            "set_identifier": null,
            "type": "A",
            "zone_id": "Z03734561H6VSTITHNQXJ"
          },
          "private": "eyJlMmJmYjczMC1lY2FhLTExZTYtOGY4OC0zNDM2M2JjN2M0YzAiOnsiY3JlYXRlIjoxODAwMDAwMDAwMDAwLCJkZWxldGUiOjE4MDAwMDAwMDAwMDAsInVwZGF0ZSI6MTgwMDAwMDAwMDAwMH0sInNjaGVtYV92ZXJzaW9uIjoiMiJ9",
          "dependencies": [
            "module.lb.aws_lb.frontend_alb",
            "module.route53.data.aws_route53_zone.main",
            "module.sg.aws_security_group.frontend_alb_sg",
            "module.vpc.aws_subnet.pub_sub_1a",
            "module.vpc.aws_subnet.pub_sub_2b",
            "module.vpc.aws_vpc.vpc",
            "module.vpc.data.aws_availability_zones.available_zones"
          ]
        }
      ]
    },
    {
      "module": "module.secrets",
      "mode": "managed",
      "type": "aws_secretsmanager_secret",
      "name": "rdsdb_root_password",
      "provider": "provider[\"registry.terraform.io/hashicorp/aws\"]",
      "instances": [
        {
          "schema_version": 0,
          "attributes": {
            "arn": "arn:aws:secretsmanager:us-east-2:750702272407:secret:/lirw-ecs/prod/rds-root-password-zs07Xf",
            "description": "Root password for the rds container",
            "force_overwrite_replica_secret": false,
            "id": "arn:aws:secretsmanager:us-east-2:750702272407:secret:/lirw-ecs/prod/rds-root-password-zs07Xf",
            "kms_key_id": "",
            "name": "/lirw-ecs/prod/rds-root-password",
            "name_prefix": "",
            "policy": "",
            "recovery_window_in_days": 0,
            "region": "us-east-2",
            "replica": [],
            "tags": {
              "Environment": "prod",
              "ManagedBy": "Terraform",
              "Name": "lirw-ecs-rdsdb-password-secret",
              "Project": "lirw-ecs"
            },
            "tags_all": {
              "Environment": "prod",
              "ManagedBy": "Terraform",
              "Name": "lirw-ecs-rdsdb-password-secret",
              "Project": "lirw-ecs"
            }
          },
          "sensitive_attributes": [],
          "identity_schema_version": 0,
          "identity": {
            "arn": "arn:aws:secretsmanager:us-east-2:750702272407:secret:/lirw-ecs/prod/rds-root-password-zs07Xf"
          },
          "private": "bnVsbA=="
        }
      ]
    },
    {
      "module": "module.secrets",
      "mode": "managed",
      "type": "aws_secretsmanager_secret_version",
      "name": "rdsdb_root_password_val",
      "provider": "provider[\"registry.terraform.io/hashicorp/aws\"]",
      "instances": [
        {
          "schema_version": 0,
          "attributes": {
            "arn": "arn:aws:secretsmanager:us-east-2:750702272407:secret:/lirw-ecs/prod/rds-root-password-zs07Xf",
            "has_secret_string_wo": null,
            "id": "arn:aws:secretsmanager:us-east-2:750702272407:secret:/lirw-ecs/prod/rds-root-password-zs07Xf|terraform-20260405203101992700000001",
            "region": "us-east-2",
            "secret_binary": "",
            "secret_id": "arn:aws:secretsmanager:us-east-2:750702272407:secret:/lirw-ecs/prod/rds-root-password-zs07Xf",
            "secret_string": "okqm9O7cbuuL2e1z",
            "secret_string_wo": null,
            "secret_string_wo_version": null,
            "version_id": "terraform-20260405203101992700000001",
            "version_stages": [
              "AWSCURRENT"
            ]
          },
          "sensitive_attributes": [
            [
              {
                "type": "get_attr",
                "value": "secret_binary"
              }
            ],
            [
              {
                "type": "get_attr",
                "value": "secret_string"
              }
            ],
            [
              {
                "type": "get_attr",
                "value": "secret_string_wo"
              }
            ]
          ],
          "identity_schema_version": 0,
          "identity": {
            "account_id": "750702272407",
            "region": "us-east-2",
            "secret_id": "arn:aws:secretsmanager:us-east-2:750702272407:secret:/lirw-ecs/prod/rds-root-password-zs07Xf",
            "version_id": "terraform-20260405203101992700000001"
          },
          "private": "bnVsbA==",
          "dependencies": [
            "module.rds.aws_db_instance.mysql_db",
            "module.rds.aws_db_subnet_group.main",
            "module.rds.random_password.db_password",
            "module.secrets.aws_secretsmanager_secret.rdsdb_root_password",
            "module.sg.aws_security_group.backend_alb_sg",
            "module.sg.aws_security_group.ecs_node_backend_sg",
            "module.sg.aws_security_group.ecs_node_frontend_sg",
            "module.sg.aws_security_group.ecs_node_rds_sg",
            "module.sg.aws_security_group.frontend_alb_sg",
            "module.vpc.aws_subnet.pri_sub_5a",
            "module.vpc.aws_subnet.pri_sub_6b",
            "module.vpc.aws_vpc.vpc",
            "module.vpc.data.aws_availability_zones.available_zones"
          ]
        }
      ]
    },
    {
      "module": "module.sg",
      "mode": "managed",
      "type": "aws_security_group",
      "name": "backend_alb_sg",
      "provider": "provider[\"registry.terraform.io/hashicorp/aws\"]",
      "instances": [
        {
          "schema_version": 1,
          "attributes": {
            "arn": "arn:aws:ec2:us-east-2:750702272407:security-group/sg-01e20c3809616911f",
            "description": "enable http/https access on port 80/443",
            "egress": [
              {
                "cidr_blocks": [
                  "0.0.0.0/0"
                ],
                "description": "",
                "from_port": 0,
                "ipv6_cidr_blocks": [],
                "prefix_list_ids": [],
                "protocol": "-1",
                "security_groups": [],
                "self": false,
                "to_port": 0
              }
            ],
            "id": "sg-01e20c3809616911f",
            "ingress": [
              {
                "cidr_blocks": [],
                "description": "http access",
                "from_port": 80,
                "ipv6_cidr_blocks": [],
                "prefix_list_ids": [],
                "protocol": "tcp",
                "security_groups": [
                  "sg-0c8b30c92e02deade"
                ],
                "self": false,
                "to_port": 80
              }
            ],
            "name": "internal alb security group",
            "name_prefix": "",
            "owner_id": "750702272407",
            "region": "us-east-2",
            "revoke_rules_on_delete": false,
            "tags": {
              "Environment": "prod",
              "ManagedBy": "Terraform",
              "Name": "backend_alb_sg",
              "Project": "lirw-ecs"
            },
            "tags_all": {
              "Environment": "prod",
              "ManagedBy": "Terraform",
              "Name": "backend_alb_sg",
              "Project": "lirw-ecs"
            },
            "timeouts": null,
            "vpc_id": "vpc-01dbad302026dea56"
          },
          "sensitive_attributes": [],
          "identity_schema_version": 0,
          "identity": {
            "account_id": "750702272407",
            "id": "sg-01e20c3809616911f",
            "region": "us-east-2"
          },
          "private": "eyJlMmJmYjczMC1lY2FhLTExZTYtOGY4OC0zNDM2M2JjN2M0YzAiOnsiY3JlYXRlIjo2MDAwMDAwMDAwMDAsImRlbGV0ZSI6OTAwMDAwMDAwMDAwfSwic2NoZW1hX3ZlcnNpb24iOiIxIn0=",
          "dependencies": [
            "module.sg.aws_security_group.ecs_node_frontend_sg",
            "module.sg.aws_security_group.frontend_alb_sg",
            "module.vpc.aws_vpc.vpc"
          ]
        }
      ]
    },
    {
      "module": "module.sg",
      "mode": "managed",
      "type": "aws_security_group",
      "name": "ecs_node_backend_sg",
      "provider": "provider[\"registry.terraform.io/hashicorp/aws\"]",
      "instances": [
        {
          "schema_version": 1,
          "attributes": {
            "arn": "arn:aws:ec2:us-east-2:750702272407:security-group/sg-0bba2c0958ed3c913",
            "description": "SG for ECS EC2 nodes backend",
            "egress": [
              {
                "cidr_blocks": [
                  "0.0.0.0/0"
                ],
                "description": "",
                "from_port": 0,
                "ipv6_cidr_blocks": [],
                "prefix_list_ids": [],
                "protocol": "-1",
                "security_groups": [],
                "self": false,
                "to_port": 0
              }
            ],
            "id": "sg-0bba2c0958ed3c913",
            "ingress": [
              {
                "cidr_blocks": [],
                "description": "node port access",
                "from_port": 3200,
                "ipv6_cidr_blocks": [],
                "prefix_list_ids": [],
                "protocol": "tcp",
                "security_groups": [
                  "sg-01e20c3809616911f"
                ],
                "self": false,
                "to_port": 3200
              }
            ],
            "name": "ecs-node-backend-sg-prod",
            "name_prefix": "",
            "owner_id": "750702272407",
            "region": "us-east-2",
            "revoke_rules_on_delete": false,
            "tags": {},
            "tags_all": {},
            "timeouts": null,
            "vpc_id": "vpc-01dbad302026dea56"
          },
          "sensitive_attributes": [],
          "identity_schema_version": 0,
          "identity": {
            "account_id": "750702272407",
            "id": "sg-0bba2c0958ed3c913",
            "region": "us-east-2"
          },
          "private": "eyJlMmJmYjczMC1lY2FhLTExZTYtOGY4OC0zNDM2M2JjN2M0YzAiOnsiY3JlYXRlIjo2MDAwMDAwMDAwMDAsImRlbGV0ZSI6OTAwMDAwMDAwMDAwfSwic2NoZW1hX3ZlcnNpb24iOiIxIn0=",
          "dependencies": [
            "module.sg.aws_security_group.backend_alb_sg",
            "module.sg.aws_security_group.ecs_node_frontend_sg",
            "module.sg.aws_security_group.frontend_alb_sg",
            "module.vpc.aws_vpc.vpc"
          ]
        }
      ]
    },
    {
      "module": "module.sg",
      "mode": "managed",
      "type": "aws_security_group",
      "name": "ecs_node_frontend_sg",
      "provider": "provider[\"registry.terraform.io/hashicorp/aws\"]",
      "instances": [
        {
          "schema_version": 1,
          "attributes": {
            "arn": "arn:aws:ec2:us-east-2:750702272407:security-group/sg-0c8b30c92e02deade",
            "description": "SG for ECS EC2 nodes frontend",
            "egress": [
              {
                "cidr_blocks": [
                  "0.0.0.0/0"
                ],
                "description": "",
                "from_port": 0,
                "ipv6_cidr_blocks": [],
                "prefix_list_ids": [],
                "protocol": "-1",
                "security_groups": [],
                "self": false,
                "to_port": 0
              }
            ],
            "id": "sg-0c8b30c92e02deade",
            "ingress": [
              {
                "cidr_blocks": [],
                "description": "node port access",
                "from_port": 80,
                "ipv6_cidr_blocks": [],
                "prefix_list_ids": [],
                "protocol": "tcp",
                "security_groups": [
                  "sg-062bd6c2aac41a64d"
                ],
                "self": false,
                "to_port": 80
              }
            ],
            "name": "ecs-node-frontend-sg-prod",
            "name_prefix": "",
            "owner_id": "750702272407",
            "region": "us-east-2",
            "revoke_rules_on_delete": false,
            "tags": {},
            "tags_all": {},
            "timeouts": null,
            "vpc_id": "vpc-01dbad302026dea56"
          },
          "sensitive_attributes": [],
          "identity_schema_version": 0,
          "identity": {
            "account_id": "750702272407",
            "id": "sg-0c8b30c92e02deade",
            "region": "us-east-2"
          },
          "private": "eyJlMmJmYjczMC1lY2FhLTExZTYtOGY4OC0zNDM2M2JjN2M0YzAiOnsiY3JlYXRlIjo2MDAwMDAwMDAwMDAsImRlbGV0ZSI6OTAwMDAwMDAwMDAwfSwic2NoZW1hX3ZlcnNpb24iOiIxIn0=",
          "dependencies": [
            "module.sg.aws_security_group.frontend_alb_sg",
            "module.vpc.aws_vpc.vpc"
          ]
        }
      ]
    },
    {
      "module": "module.sg",
      "mode": "managed",
      "type": "aws_security_group",
      "name": "ecs_node_rds_sg",
      "provider": "provider[\"registry.terraform.io/hashicorp/aws\"]",
      "instances": [
        {
          "schema_version": 1,
          "attributes": {
            "arn": "arn:aws:ec2:us-east-2:750702272407:security-group/sg-0a374ec3974b282af",
            "description": "SG for ECS EC2 nodes rds",
            "egress": [
              {
                "cidr_blocks": [
                  "0.0.0.0/0"
                ],
                "description": "",
                "from_port": 0,
                "ipv6_cidr_blocks": [],
                "prefix_list_ids": [],
                "protocol": "-1",
                "security_groups": [],
                "self": false,
                "to_port": 0
              }
            ],
            "id": "sg-0a374ec3974b282af",
            "ingress": [
              {
                "cidr_blocks": [],
                "description": "db port access",
                "from_port": 3306,
                "ipv6_cidr_blocks": [],
                "prefix_list_ids": [],
                "protocol": "tcp",
                "security_groups": [
                  "sg-0bba2c0958ed3c913"
                ],
                "self": false,
                "to_port": 3306
              },
              {
                "cidr_blocks": [],
                "description": "db port access",
                "from_port": 3306,
                "ipv6_cidr_blocks": [],
                "prefix_list_ids": [],
                "protocol": "tcp",
                "security_groups": [
                  "sg-0c8b30c92e02deade"
                ],
                "self": false,
                "to_port": 3306
              }
            ],
            "name": "ecs-node-rds-sg-prod",
            "name_prefix": "",
            "owner_id": "750702272407",
            "region": "us-east-2",
            "revoke_rules_on_delete": false,
            "tags": {},
            "tags_all": {},
            "timeouts": null,
            "vpc_id": "vpc-01dbad302026dea56"
          },
          "sensitive_attributes": [],
          "identity_schema_version": 0,
          "identity": {
            "account_id": "750702272407",
            "id": "sg-0a374ec3974b282af",
            "region": "us-east-2"
          },
          "private": "eyJlMmJmYjczMC1lY2FhLTExZTYtOGY4OC0zNDM2M2JjN2M0YzAiOnsiY3JlYXRlIjo2MDAwMDAwMDAwMDAsImRlbGV0ZSI6OTAwMDAwMDAwMDAwfSwic2NoZW1hX3ZlcnNpb24iOiIxIn0=",
          "dependencies": [
            "module.sg.aws_security_group.backend_alb_sg",
            "module.sg.aws_security_group.ecs_node_backend_sg",
            "module.sg.aws_security_group.ecs_node_frontend_sg",
            "module.sg.aws_security_group.frontend_alb_sg",
            "module.vpc.aws_vpc.vpc"
          ]
        }
      ]
    },
    {
      "module": "module.sg",
      "mode": "managed",
      "type": "aws_security_group",
      "name": "frontend_alb_sg",
      "provider": "provider[\"registry.terraform.io/hashicorp/aws\"]",
      "instances": [
        {
          "schema_version": 1,
          "attributes": {
            "arn": "arn:aws:ec2:us-east-2:750702272407:security-group/sg-062bd6c2aac41a64d",
            "description": "enable http/https access on port 80/443",
            "egress": [
              {
                "cidr_blocks": [
                  "0.0.0.0/0"
                ],
                "description": "",
                "from_port": 0,
                "ipv6_cidr_blocks": [],
                "prefix_list_ids": [],
                "protocol": "-1",
                "security_groups": [],
                "self": false,
                "to_port": 0
              }
            ],
            "id": "sg-062bd6c2aac41a64d",
            "ingress": [
              {
                "cidr_blocks": [
                  "0.0.0.0/0"
                ],
                "description": "http access",
                "from_port": 80,
                "ipv6_cidr_blocks": [],
                "prefix_list_ids": [],
                "protocol": "tcp",
                "security_groups": [],
                "self": false,
                "to_port": 80
              },
              {
                "cidr_blocks": [
                  "0.0.0.0/0"
                ],
                "description": "https access",
                "from_port": 443,
                "ipv6_cidr_blocks": [],
                "prefix_list_ids": [],
                "protocol": "tcp",
                "security_groups": [],
                "self": false,
                "to_port": 443
              }
            ],
            "name": "alb security group",
            "name_prefix": "",
            "owner_id": "750702272407",
            "region": "us-east-2",
            "revoke_rules_on_delete": false,
            "tags": {
              "Environment": "prod",
              "ManagedBy": "Terraform",
              "Name": "frontend_alb_sg",
              "Project": "lirw-ecs"
            },
            "tags_all": {
              "Environment": "prod",
              "ManagedBy": "Terraform",
              "Name": "frontend_alb_sg",
              "Project": "lirw-ecs"
            },
            "timeouts": null,
            "vpc_id": "vpc-01dbad302026dea56"
          },
          "sensitive_attributes": [],
          "identity_schema_version": 0,
          "identity": {
            "account_id": "750702272407",
            "id": "sg-062bd6c2aac41a64d",
            "region": "us-east-2"
          },
          "private": "eyJlMmJmYjczMC1lY2FhLTExZTYtOGY4OC0zNDM2M2JjN2M0YzAiOnsiY3JlYXRlIjo2MDAwMDAwMDAwMDAsImRlbGV0ZSI6OTAwMDAwMDAwMDAwfSwic2NoZW1hX3ZlcnNpb24iOiIxIn0=",
          "dependencies": [
            "module.vpc.aws_vpc.vpc"
          ]
        }
      ]
    },
    {
      "module": "module.ssm",
      "mode": "managed",
      "type": "aws_ssm_parameter",
      "name": "rds_db_address",
      "provider": "provider[\"registry.terraform.io/hashicorp/aws\"]",
      "instances": [
        {
          "schema_version": 0,
          "attributes": {
            "allowed_pattern": "",
            "arn": "arn:aws:ssm:us-east-2:750702272407:parameter/lirw-ecs/prod/rds_db_address",
            "data_type": "text",
            "description": "database dns address",
            "has_value_wo": false,
            "id": "/lirw-ecs/prod/rds_db_address",
            "insecure_value": null,
            "key_id": "alias/aws/ssm",
            "name": "/lirw-ecs/prod/rds_db_address",
            "overwrite": null,
            "region": "us-east-2",
            "tags": {},
            "tags_all": {},
            "tier": "Standard",
            "type": "SecureString",
            "value": "lirw-ecs-db-prod.cvm62c24o6ge.us-east-2.rds.amazonaws.com",
            "value_wo": null,
            "value_wo_version": null,
            "version": 1
          },
          "sensitive_attributes": [
            [
              {
                "type": "get_attr",
                "value": "value"
              }
            ],
            [
              {
                "type": "get_attr",
                "value": "value_wo"
              }
            ]
          ],
          "identity_schema_version": 0,
          "identity": {
            "account_id": "750702272407",
            "name": "/lirw-ecs/prod/rds_db_address",
            "region": "us-east-2"
          },
          "private": "bnVsbA==",
          "dependencies": [
            "module.rds.aws_db_instance.mysql_db",
            "module.rds.aws_db_subnet_group.main",
            "module.rds.random_password.db_password",
            "module.sg.aws_security_group.backend_alb_sg",
            "module.sg.aws_security_group.ecs_node_backend_sg",
            "module.sg.aws_security_group.ecs_node_frontend_sg",
            "module.sg.aws_security_group.ecs_node_rds_sg",
            "module.sg.aws_security_group.frontend_alb_sg",
            "module.vpc.aws_subnet.pri_sub_5a",
            "module.vpc.aws_subnet.pri_sub_6b",
            "module.vpc.aws_vpc.vpc",
            "module.vpc.data.aws_availability_zones.available_zones"
          ]
        }
      ]
    },
    {
      "module": "module.vpc",
      "mode": "data",
      "type": "aws_availability_zones",
      "name": "available_zones",
      "provider": "provider[\"registry.terraform.io/hashicorp/aws\"]",
      "instances": [
        {
          "schema_version": 0,
          "attributes": {
            "all_availability_zones": null,
            "exclude_names": null,
            "exclude_zone_ids": null,
            "filter": null,
            "group_names": [
              "us-east-2-zg-1"
            ],
            "id": "us-east-2",
            "names": [
              "us-east-2a",
              "us-east-2b",
              "us-east-2c"
            ],
            "region": "us-east-2",
            "state": null,
            "timeouts": null,
            "zone_ids": [
              "use2-az1",
              "use2-az2",
              "use2-az3"
            ]
          },
          "sensitive_attributes": [],
          "identity_schema_version": 0
        }
      ]
    },
    {
      "module": "module.vpc",
      "mode": "managed",
      "type": "aws_internet_gateway",
      "name": "internet_gateway",
      "provider": "provider[\"registry.terraform.io/hashicorp/aws\"]",
      "instances": [
        {
          "schema_version": 0,
          "attributes": {
            "arn": "arn:aws:ec2:us-east-2:750702272407:internet-gateway/igw-00f62a0099d2ed454",
            "id": "igw-00f62a0099d2ed454",
            "owner_id": "750702272407",
            "region": "us-east-2",
            "tags": {
              "Environment": "prod",
              "ManagedBy": "Terraform",
              "Name": "lirw-ecs-igw",
              "Project": "lirw-ecs"
            },
            "tags_all": {
              "Environment": "prod",
              "ManagedBy": "Terraform",
              "Name": "lirw-ecs-igw",
              "Project": "lirw-ecs"
            },
            "timeouts": {
              "create": null,
              "delete": "5m",
              "update": null
            },
            "vpc_id": "vpc-01dbad302026dea56"
          },
          "sensitive_attributes": [],
          "identity_schema_version": 0,
          "private": "eyJlMmJmYjczMC1lY2FhLTExZTYtOGY4OC0zNDM2M2JjN2M0YzAiOnsiY3JlYXRlIjoxMjAwMDAwMDAwMDAwLCJkZWxldGUiOjMwMDAwMDAwMDAwMCwidXBkYXRlIjoxMjAwMDAwMDAwMDAwfX0=",
          "dependencies": [
            "module.vpc.aws_vpc.vpc"
          ]
        }
      ]
    },
    {
      "module": "module.vpc",
      "mode": "managed",
      "type": "aws_route_table",
      "name": "public_route_table",
      "provider": "provider[\"registry.terraform.io/hashicorp/aws\"]",
      "instances": [
        {
          "schema_version": 0,
          "attributes": {
            "arn": "arn:aws:ec2:us-east-2:750702272407:route-table/rtb-0321f78b127a09b3a",
            "id": "rtb-0321f78b127a09b3a",
            "owner_id": "750702272407",
            "propagating_vgws": [],
            "region": "us-east-2",
            "route": [
              {
                "carrier_gateway_id": "",
                "cidr_block": "0.0.0.0/0",
                "core_network_arn": "",
                "destination_prefix_list_id": "",
                "egress_only_gateway_id": "",
                "gateway_id": "igw-00f62a0099d2ed454",
                "ipv6_cidr_block": "",
                "local_gateway_id": "",
                "nat_gateway_id": "",
                "network_interface_id": "",
                "transit_gateway_id": "",
                "vpc_endpoint_id": "",
                "vpc_peering_connection_id": ""
              }
            ],
            "tags": {
              "Environment": "prod",
              "ManagedBy": "Terraform",
              "Name": "Public-rt",
              "Project": "lirw-ecs"
            },
            "tags_all": {
              "Environment": "prod",
              "ManagedBy": "Terraform",
              "Name": "Public-rt",
              "Project": "lirw-ecs"
            },
            "timeouts": null,
            "vpc_id": "vpc-01dbad302026dea56"
          },
          "sensitive_attributes": [],
          "identity_schema_version": 0,
          "identity": {
            "account_id": "750702272407",
            "id": "rtb-0321f78b127a09b3a",
            "region": "us-east-2"
          },
          "private": "eyJlMmJmYjczMC1lY2FhLTExZTYtOGY4OC0zNDM2M2JjN2M0YzAiOnsiY3JlYXRlIjozMDAwMDAwMDAwMDAsImRlbGV0ZSI6MzAwMDAwMDAwMDAwLCJ1cGRhdGUiOjEyMDAwMDAwMDAwMH19",
          "dependencies": [
            "module.vpc.aws_internet_gateway.internet_gateway",
            "module.vpc.aws_vpc.vpc"
          ]
        }
      ]
    },
    {
      "module": "module.vpc",
      "mode": "managed",
      "type": "aws_route_table_association",
      "name": "pub-sub-1a_route_table_association",
      "provider": "provider[\"registry.terraform.io/hashicorp/aws\"]",
      "instances": [
        {
          "schema_version": 0,
          "attributes": {
            "gateway_id": "",
            "id": "rtbassoc-00f59c77877c3575f",
            "region": "us-east-2",
            "route_table_id": "rtb-0321f78b127a09b3a",
            "subnet_id": "subnet-09a361a765812c177",
            "timeouts": null
          },
          "sensitive_attributes": [],
          "identity_schema_version": 0,
          "private": "eyJlMmJmYjczMC1lY2FhLTExZTYtOGY4OC0zNDM2M2JjN2M0YzAiOnsiY3JlYXRlIjozMDAwMDAwMDAwMDAsImRlbGV0ZSI6MzAwMDAwMDAwMDAwLCJ1cGRhdGUiOjEyMDAwMDAwMDAwMH19",
          "dependencies": [
            "module.vpc.aws_internet_gateway.internet_gateway",
            "module.vpc.aws_route_table.public_route_table",
            "module.vpc.aws_subnet.pub_sub_1a",
            "module.vpc.aws_vpc.vpc",
            "module.vpc.data.aws_availability_zones.available_zones"
          ]
        }
      ]
    },
    {
      "module": "module.vpc",
      "mode": "managed",
      "type": "aws_route_table_association",
      "name": "pub-sub-2-b_route_table_association",
      "provider": "provider[\"registry.terraform.io/hashicorp/aws\"]",
      "instances": [
        {
          "schema_version": 0,
          "attributes": {
            "gateway_id": "",
            "id": "rtbassoc-0e15a25873cf5f963",
            "region": "us-east-2",
            "route_table_id": "rtb-0321f78b127a09b3a",
            "subnet_id": "subnet-05eaada8696ed0c94",
            "timeouts": null
          },
          "sensitive_attributes": [],
          "identity_schema_version": 0,
          "private": "eyJlMmJmYjczMC1lY2FhLTExZTYtOGY4OC0zNDM2M2JjN2M0YzAiOnsiY3JlYXRlIjozMDAwMDAwMDAwMDAsImRlbGV0ZSI6MzAwMDAwMDAwMDAwLCJ1cGRhdGUiOjEyMDAwMDAwMDAwMH19",
          "dependencies": [
            "module.vpc.aws_internet_gateway.internet_gateway",
            "module.vpc.aws_route_table.public_route_table",
            "module.vpc.aws_subnet.pub_sub_2b",
            "module.vpc.aws_vpc.vpc",
            "module.vpc.data.aws_availability_zones.available_zones"
          ]
        }
      ]
    },
    {
      "module": "module.vpc",
      "mode": "managed",
      "type": "aws_subnet",
      "name": "pri_sub_5a",
      "provider": "provider[\"registry.terraform.io/hashicorp/aws\"]",
      "instances": [
        {
          "schema_version": 1,
          "attributes": {
            "arn": "arn:aws:ec2:us-east-2:750702272407:subnet/subnet-0b1446e2dae000e8d",
            "assign_ipv6_address_on_creation": false,
            "availability_zone": "us-east-2a",
            "availability_zone_id": "use2-az1",
            "cidr_block": "15.0.5.0/24",
            "customer_owned_ipv4_pool": "",
            "enable_dns64": false,
            "enable_lni_at_device_index": 0,
            "enable_resource_name_dns_a_record_on_launch": false,
            "enable_resource_name_dns_aaaa_record_on_launch": false,
            "id": "subnet-0b1446e2dae000e8d",
            "ipv4_ipam_pool_id": null,
            "ipv4_netmask_length": null,
            "ipv6_cidr_block": "",
            "ipv6_cidr_block_association_id": "",
            "ipv6_ipam_pool_id": null,
            "ipv6_native": false,
            "ipv6_netmask_length": null,
            "map_customer_owned_ip_on_launch": false,
            "map_public_ip_on_launch": false,
            "outpost_arn": "",
            "owner_id": "750702272407",
            "private_dns_hostname_type_on_launch": "ip-name",
            "region": "us-east-2",
            "tags": {
              "Environment": "prod",
              "ManagedBy": "Terraform",
              "Name": "pri-sub-5a",
              "Project": "lirw-ecs"
            },
            "tags_all": {
              "Environment": "prod",
              "ManagedBy": "Terraform",
              "Name": "pri-sub-5a",
              "Project": "lirw-ecs"
            },
            "timeouts": null,
            "vpc_id": "vpc-01dbad302026dea56"
          },
          "sensitive_attributes": [],
          "identity_schema_version": 0,
          "identity": {
            "account_id": "750702272407",
            "id": "subnet-0b1446e2dae000e8d",
            "region": "us-east-2"
          },
          "private": "eyJlMmJmYjczMC1lY2FhLTExZTYtOGY4OC0zNDM2M2JjN2M0YzAiOnsiY3JlYXRlIjo2MDAwMDAwMDAwMDAsImRlbGV0ZSI6MTIwMDAwMDAwMDAwMH0sInNjaGVtYV92ZXJzaW9uIjoiMSJ9",
          "dependencies": [
            "module.vpc.aws_vpc.vpc",
            "module.vpc.data.aws_availability_zones.available_zones"
          ]
        }
      ]
    },
    {
      "module": "module.vpc",
      "mode": "managed",
      "type": "aws_subnet",
      "name": "pri_sub_6b",
      "provider": "provider[\"registry.terraform.io/hashicorp/aws\"]",
      "instances": [
        {
          "schema_version": 1,
          "attributes": {
            "arn": "arn:aws:ec2:us-east-2:750702272407:subnet/subnet-062f38897528572e3",
            "assign_ipv6_address_on_creation": false,
            "availability_zone": "us-east-2b",
            "availability_zone_id": "use2-az2",
            "cidr_block": "15.0.6.0/24",
            "customer_owned_ipv4_pool": "",
            "enable_dns64": false,
            "enable_lni_at_device_index": 0,
            "enable_resource_name_dns_a_record_on_launch": false,
            "enable_resource_name_dns_aaaa_record_on_launch": false,
            "id": "subnet-062f38897528572e3",
            "ipv4_ipam_pool_id": null,
            "ipv4_netmask_length": null,
            "ipv6_cidr_block": "",
            "ipv6_cidr_block_association_id": "",
            "ipv6_ipam_pool_id": null,
            "ipv6_native": false,
            "ipv6_netmask_length": null,
            "map_customer_owned_ip_on_launch": false,
            "map_public_ip_on_launch": false,
            "outpost_arn": "",
            "owner_id": "750702272407",
            "private_dns_hostname_type_on_launch": "ip-name",
            "region": "us-east-2",
            "tags": {
              "Environment": "prod",
              "ManagedBy": "Terraform",
              "Name": "pri-sub-6b",
              "Project": "lirw-ecs"
            },
            "tags_all": {
              "Environment": "prod",
              "ManagedBy": "Terraform",
              "Name": "pri-sub-6b",
              "Project": "lirw-ecs"
            },
            "timeouts": null,
            "vpc_id": "vpc-01dbad302026dea56"
          },
          "sensitive_attributes": [],
          "identity_schema_version": 0,
          "identity": {
            "account_id": "750702272407",
            "id": "subnet-062f38897528572e3",
            "region": "us-east-2"
          },
          "private": "eyJlMmJmYjczMC1lY2FhLTExZTYtOGY4OC0zNDM2M2JjN2M0YzAiOnsiY3JlYXRlIjo2MDAwMDAwMDAwMDAsImRlbGV0ZSI6MTIwMDAwMDAwMDAwMH0sInNjaGVtYV92ZXJzaW9uIjoiMSJ9",
          "dependencies": [
            "module.vpc.aws_vpc.vpc",
            "module.vpc.data.aws_availability_zones.available_zones"
          ]
        }
      ]
    },
    {
      "module": "module.vpc",
      "mode": "managed",
      "type": "aws_subnet",
      "name": "pub_sub_1a",
      "provider": "provider[\"registry.terraform.io/hashicorp/aws\"]",
      "instances": [
        {
          "schema_version": 1,
          "attributes": {
            "arn": "arn:aws:ec2:us-east-2:750702272407:subnet/subnet-09a361a765812c177",
            "assign_ipv6_address_on_creation": false,
            "availability_zone": "us-east-2a",
            "availability_zone_id": "use2-az1",
            "cidr_block": "15.0.1.0/24",
            "customer_owned_ipv4_pool": "",
            "enable_dns64": false,
            "enable_lni_at_device_index": 0,
            "enable_resource_name_dns_a_record_on_launch": false,
            "enable_resource_name_dns_aaaa_record_on_launch": false,
            "id": "subnet-09a361a765812c177",
            "ipv4_ipam_pool_id": null,
            "ipv4_netmask_length": null,
            "ipv6_cidr_block": "",
            "ipv6_cidr_block_association_id": "",
            "ipv6_ipam_pool_id": null,
            "ipv6_native": false,
            "ipv6_netmask_length": null,
            "map_customer_owned_ip_on_launch": false,
            "map_public_ip_on_launch": true,
            "outpost_arn": "",
            "owner_id": "750702272407",
            "private_dns_hostname_type_on_launch": "ip-name",
            "region": "us-east-2",
            "tags": {
              "Environment": "prod",
              "ManagedBy": "Terraform",
              "Name": "pub_sub_1a",
              "Project": "lirw-ecs"
            },
            "tags_all": {
              "Environment": "prod",
              "ManagedBy": "Terraform",
              "Name": "pub_sub_1a",
              "Project": "lirw-ecs"
            },
            "timeouts": null,
            "vpc_id": "vpc-01dbad302026dea56"
          },
          "sensitive_attributes": [],
          "identity_schema_version": 0,
          "identity": {
            "account_id": "750702272407",
            "id": "subnet-09a361a765812c177",
            "region": "us-east-2"
          },
          "private": "eyJlMmJmYjczMC1lY2FhLTExZTYtOGY4OC0zNDM2M2JjN2M0YzAiOnsiY3JlYXRlIjo2MDAwMDAwMDAwMDAsImRlbGV0ZSI6MTIwMDAwMDAwMDAwMH0sInNjaGVtYV92ZXJzaW9uIjoiMSJ9",
          "dependencies": [
            "module.vpc.aws_vpc.vpc",
            "module.vpc.data.aws_availability_zones.available_zones"
          ]
        }
      ]
    },
    {
      "module": "module.vpc",
      "mode": "managed",
      "type": "aws_subnet",
      "name": "pub_sub_2b",
      "provider": "provider[\"registry.terraform.io/hashicorp/aws\"]",
      "instances": [
        {
          "schema_version": 1,
          "attributes": {
            "arn": "arn:aws:ec2:us-east-2:750702272407:subnet/subnet-05eaada8696ed0c94",
            "assign_ipv6_address_on_creation": false,
            "availability_zone": "us-east-2b",
            "availability_zone_id": "use2-az2",
            "cidr_block": "15.0.2.0/24",
            "customer_owned_ipv4_pool": "",
            "enable_dns64": false,
            "enable_lni_at_device_index": 0,
            "enable_resource_name_dns_a_record_on_launch": false,
            "enable_resource_name_dns_aaaa_record_on_launch": false,
            "id": "subnet-05eaada8696ed0c94",
            "ipv4_ipam_pool_id": null,
            "ipv4_netmask_length": null,
            "ipv6_cidr_block": "",
            "ipv6_cidr_block_association_id": "",
            "ipv6_ipam_pool_id": null,
            "ipv6_native": false,
            "ipv6_netmask_length": null,
            "map_customer_owned_ip_on_launch": false,
            "map_public_ip_on_launch": true,
            "outpost_arn": "",
            "owner_id": "750702272407",
            "private_dns_hostname_type_on_launch": "ip-name",
            "region": "us-east-2",
            "tags": {
              "Environment": "prod",
              "ManagedBy": "Terraform",
              "Name": "pub_sub_2b",
              "Project": "lirw-ecs"
            },
            "tags_all": {
              "Environment": "prod",
              "ManagedBy": "Terraform",
              "Name": "pub_sub_2b",
              "Project": "lirw-ecs"
            },
            "timeouts": null,
            "vpc_id": "vpc-01dbad302026dea56"
          },
          "sensitive_attributes": [],
          "identity_schema_version": 0,
          "identity": {
            "account_id": "750702272407",
            "id": "subnet-05eaada8696ed0c94",
            "region": "us-east-2"
          },
          "private": "eyJlMmJmYjczMC1lY2FhLTExZTYtOGY4OC0zNDM2M2JjN2M0YzAiOnsiY3JlYXRlIjo2MDAwMDAwMDAwMDAsImRlbGV0ZSI6MTIwMDAwMDAwMDAwMH0sInNjaGVtYV92ZXJzaW9uIjoiMSJ9",
          "dependencies": [
            "module.vpc.aws_vpc.vpc",
            "module.vpc.data.aws_availability_zones.available_zones"
          ]
        }
      ]
    },
    {
      "module": "module.vpc",
      "mode": "managed",
      "type": "aws_vpc",
      "name": "vpc",
      "provider": "provider[\"registry.terraform.io/hashicorp/aws\"]",
      "instances": [
        {
          "schema_version": 1,
          "attributes": {
            "arn": "arn:aws:ec2:us-east-2:750702272407:vpc/vpc-01dbad302026dea56",
            "assign_generated_ipv6_cidr_block": false,
            "cidr_block": "15.0.0.0/16",
            "default_network_acl_id": "acl-07b6438c738919cdf",
            "default_route_table_id": "rtb-0ffd24a0596903dd6",
            "default_security_group_id": "sg-07357116403c93e11",
            "dhcp_options_id": "dopt-0a5a32b99e5908d2a",
            "enable_dns_hostnames": true,
            "enable_dns_support": true,
            "enable_network_address_usage_metrics": false,
            "id": "vpc-01dbad302026dea56",
            "instance_tenancy": "default",
            "ipv4_ipam_pool_id": null,
            "ipv4_netmask_length": null,
            "ipv6_association_id": "",
            "ipv6_cidr_block": "",
            "ipv6_cidr_block_network_border_group": "",
            "ipv6_ipam_pool_id": "",
            "ipv6_netmask_length": 0,
            "main_route_table_id": "rtb-0ffd24a0596903dd6",
            "owner_id": "750702272407",
            "region": "us-east-2",
            "tags": {
              "Environment": "prod",
              "ManagedBy": "Terraform",
              "Name": "lirw-ecs-vpc",
              "Project": "lirw-ecs"
            },
            "tags_all": {
              "Environment": "prod",
              "ManagedBy": "Terraform",
              "Name": "lirw-ecs-vpc",
              "Project": "lirw-ecs"
            }
          },
          "sensitive_attributes": [],
          "identity_schema_version": 0,
          "identity": {
            "account_id": "750702272407",
            "id": "vpc-01dbad302026dea56",
            "region": "us-east-2"
          },
          "private": "eyJzY2hlbWFfdmVyc2lvbiI6IjEifQ=="
        }
      ]
    }
  ],
  "check_results": null
}
